
Microsoft Visual Studio Solution File, Format Version 12.00
# Visual Studio Version 17
VisualStudioVersion = 17.0.31903.59
MinimumVisualStudioVersion = 10.0.40219.1
Project("{2150E333-8FDC-42A3-9474-1A3956D46DE8}") = "src", "src", "{827E0CD3-B72D-47B6-A68D-7590B98EB39B}"
EndProject
Project("{FAE04EC0-301F-11D3-BF4B-00C04F79EFBC}") = "SaveState.Core", "src\SaveState.Core\SaveState.Core.csproj", "{E7FD0F2D-A4AF-4293-BBD9-C95D4AF3E7FA}"
EndProject
Project("{FAE04EC0-301F-11D3-BF4B-00C04F79EFBC}") = "SaveState.Application", "src\SaveState.Application\SaveState.Application.csproj", "{D7B42C9C-A9A3-4B95-83B1-DB36A8104F83}"
EndProject
Project("{FAE04EC0-301F-11D3-BF4B-00C04F79EFBC}") = "SaveState.Infrastructure", "src\SaveState.Infrastructure\SaveState.Infrastructure.csproj", "{1F24A2BF-723E-49FF-8FB9-7C27DF934BC3}"
EndProject
Project("{FAE04EC0-301F-11D3-BF4B-00C04F79EFBC}") = "SaveState.Presentation", "src\SaveState.Presentation\SaveState.Presentation.csproj", "{2CBF533F-B0DC-432B-812D-F54C5F67FDA0}"
EndProject
Project("{2150E333-8FDC-42A3-9474-1A3956D46DE8}") = "tests", "tests", "{0AB3BF05-4346-4AA6-1389-037BE0695223}"
EndProject
Project("{FAE04EC0-301F-11D3-BF4B-00C04F79EFBC}") = "SaveState.Core.Tests", "tests\SaveState.Core.Tests\SaveState.Core.Tests.csproj", "{255EDA0C-12C5-4D23-A8CB-8CC9DC024BB9}"
EndProject
Project("{FAE04EC0-301F-11D3-BF4B-00C04F79EFBC}") = "SaveState.Application.Tests", "tests\SaveState.Application.Tests\SaveState.Application.Tests.csproj", "{3CE9F647-FB1C-4725-AB9B-8C7F6DE932C8}"
EndProject
Project("{FAE04EC0-301F-11D3-BF4B-00C04F79EFBC}") = "SaveState.IntegrationTests", "tests\SaveState.IntegrationTests\SaveState.IntegrationTests.csproj", "{16F17D5E-46BF-4A79-AF18-545DBD3EE272}"
EndProject
Project("{FAE04EC0-301F-11D3-BF4B-00C04F79EFBC}") = "SaveState.EndToEndTests", "tests\SaveState.EndToEndTests\SaveState.EndToEndTests.csproj", "{E7DF775D-BA30-4A7E-8239-216E491CBC07}"
EndProject
Project("{2150E333-8FDC-42A3-9474-1A3956D46DE8}") = "tools", "tools", "{07C2787E-EAC7-C090-1BA3-A61EC2A24D84}"
EndProject
Project("{FAE04EC0-301F-11D3-BF4B-00C04F79EFBC}") = "SaveState.Benchmarks", "tools\SaveState.Benchmarks\SaveState.Benchmarks.csproj", "{399DD99E-F5BF-41BB-BEF5-A6A4401CF00C}"
EndProject
Project("{FAE04EC0-301F-11D3-BF4B-00C04F79EFBC}") = "SaveState.Infrastructure.Tests", "tests\SaveState.Infrastructure.Tests\SaveState.Infrastructure.Tests.csproj", "{C4363CE2-5C7F-4124-BD82-46FD89512750}"
EndProject
Project("{FAE04EC0-301F-11D3-BF4B-00C04F79EFBC}") = "SaveState.Tests.Fakes", "tests\SaveState.Tests.Fakes\SaveState.Tests.Fakes.csproj", "{ABD47991-237D-4976-9A93-F282689901F8}"
EndProject
Project("{FAE04EC0-301F-11D3-BF4B-00C04F79EFBC}") = "SaveState.Presentation.Tests", "tests\SaveState.Presentation.Tests\SaveState.Presentation.Tests.csproj", "{D6A5C120-2AA4-4576-902A-33B52FA15328}"
EndProject
Project("{FAE04EC0-301F-11D3-BF4B-00C04F79EFBC}") = "SaveState.Presentation.UITests", "tests\SaveState.Presentation.UITests\SaveState.Presentation.UITests.csproj", "{C785C005-2A52-4D84-AAFF-0C9D5D8EC793}"
EndProject
Project("{FAE04EC0-301F-11D3-BF4B-00C04F79EFBC}") = "SaveState.LoadTests", "tests\SaveState.LoadTests\SaveState.LoadTests.csproj", "{FC153848-68F4-4794-8DD3-459267615312}"
EndProject
Project("{FAE04EC0-301F-11D3-BF4B-00C04F79EFBC}") = "SaveState.Configuration.Tests", "tests\SaveState.Configuration.Tests\SaveState.Configuration.Tests.csproj", "{902E1C40-5C79-4035-92AC-57DB7DDCC7E4}"
EndProject
Project("{FAE04EC0-301F-11D3-BF4B-00C04F79EFBC}") = "SaveState.Accessibility.Tests", "tests\SaveState.Accessibility.Tests\SaveState.Accessibility.Tests.csproj", "{30C996D6-60BA-4399-96AA-73541265E4DB}"
EndProject
Project("{FAE04EC0-301F-11D3-BF4B-00C04F79EFBC}") = "SaveState.CrossPlatform.Tests", "tests\SaveState.CrossPlatform.Tests\SaveState.CrossPlatform.Tests.csproj", "{852AE5F7-EE98-47FB-AFF6-D88809ED0675}"
EndProject
Project("{FAE04EC0-301F-11D3-BF4B-00C04F79EFBC}") = "SaveState.Monitoring.Tests", "tests\SaveState.Monitoring.Tests\SaveState.Monitoring.Tests.csproj", "{10F5C27C-8845-4A5C-9295-120A52F0B214}"
EndProject
Project("{FAE04EC0-301F-11D3-BF4B-00C04F79EFBC}") = "SaveState.Sdk", "src\SaveState.Sdk\SaveState.Sdk.csproj", "{732A99BD-8251-4CBC-AA0B-B6EA838EBA84}"
EndProject
Project("{FAE04EC0-301F-11D3-BF4B-00C04F79EFBC}") = "SaveState.CLI", "src\SaveState.CLI\SaveState.CLI.csproj", "{5A6B7C8D-9E0F-1A2B-3C4D-5E6F7A8B9C0D}"
EndProject
Project("{FAE04EC0-301F-11D3-BF4B-00C04F79EFBC}") = "SaveState.Tests.Infrastructure", "tests\SaveState.Tests.Infrastructure\SaveState.Tests.Infrastructure.csproj", "{1A2B3C4D-5E6F-7A8B-9C0D-1E2F3A4B5C6D}"
EndProject
Project("{FAE04EC0-301F-11D3-BF4B-00C04F79EFBC}") = "SaveState.Plugins.Accessibility", "src\SaveState.Plugins.Accessibility\SaveState.Plugins.Accessibility.csproj", "{D3D4CAC0-20C4-4E29-BF5F-C8079AF884B1}"
EndProject
Project("{FAE04EC0-301F-11D3-BF4B-00C04F79EFBC}") = "SaveState.Plugins.AiRecommender", "src\SaveState.Plugins.AiRecommender\SaveState.Plugins.AiRecommender.csproj", "{62060CF0-0534-44DC-B7DD-350D565C7846}"
EndProject
Project("{FAE04EC0-301F-11D3-BF4B-00C04F79EFBC}") = "SaveState.Plugins.BackloggdSync", "src\SaveState.Plugins.BackloggdSync\SaveState.Plugins.BackloggdSync.csproj", "{2BD7FEC4-3191-43F7-AF50-61E0923E322C}"
EndProject
Project("{FAE04EC0-301F-11D3-BF4B-00C04F79EFBC}") = "SaveState.Plugins.BacklogPrioritizer", "src\SaveState.Plugins.BacklogPrioritizer\SaveState.Plugins.BacklogPrioritizer.csproj", "{FA4DD920-C24D-4BA9-BCEC-66220C168BFE}"
EndProject
Project("{FAE04EC0-301F-11D3-BF4B-00C04F79EFBC}") = "SaveState.Plugins.BatterySaver", "src\SaveState.Plugins.BatterySaver\SaveState.Plugins.BatterySaver.csproj", "{E3DA08F9-2629-4051-A2E7-C3CBD4A1FAAA}"
EndProject
Project("{FAE04EC0-301F-11D3-BF4B-00C04F79EFBC}") = "SaveState.Plugins.BoxArtGenerator", "src\SaveState.Plugins.BoxArtGenerator\SaveState.Plugins.BoxArtGenerator.csproj", "{721EFDBE-B195-4256-8C23-529617D02420}"
EndProject
Project("{FAE04EC0-301F-11D3-BF4B-00C04F79EFBC}") = "SaveState.Plugins.CheatManager", "src\SaveState.Plugins.CheatManager\SaveState.Plugins.CheatManager.csproj", "{A1D6E599-14A7-4615-9585-B6FCCD00059A}"
EndProject
Project("{FAE04EC0-301F-11D3-BF4B-00C04F79EFBC}") = "SaveState.Plugins.CloudSync", "src\SaveState.Plugins.CloudSync\SaveState.Plugins.CloudSync.csproj", "{01F001F4-5947-447D-877C-6F3D003C93DC}"
EndProject
Project("{FAE04EC0-301F-11D3-BF4B-00C04F79EFBC}") = "SaveState.Plugins.ControllerRemapper", "src\SaveState.Plugins.ControllerRemapper\SaveState.Plugins.ControllerRemapper.csproj", "{CB0CD009-8496-4A9D-A3F2-39AC31FB56B2}"
EndProject
Project("{FAE04EC0-301F-11D3-BF4B-00C04F79EFBC}") = "SaveState.Plugins.DiscordRPC", "src\SaveState.Plugins.DiscordRPC\SaveState.Plugins.DiscordRPC.csproj", "{8BFC86D9-B7F9-4F06-86A6-46DF0CBA3179}"
EndProject
Project("{FAE04EC0-301F-11D3-BF4B-00C04F79EFBC}") = "SaveState.Plugins.Example", "src\SaveState.Plugins.Example\SaveState.Plugins.Example.csproj", "{08867DF1-631E-45D5-8812-694DFA426A99}"
EndProject
Project("{FAE04EC0-301F-11D3-BF4B-00C04F79EFBC}") = "SaveState.Plugins.FpsUnlocker", "src\SaveState.Plugins.FpsUnlocker\SaveState.Plugins.FpsUnlocker.csproj", "{D8DAC4D0-6A48-44BD-8EB8-D7AC92E1C5A0}"
EndProject
Project("{FAE04EC0-301F-11D3-BF4B-00C04F79EFBC}") = "SaveState.Plugins.GameBackupManager", "src\SaveState.Plugins.GameBackupManager\SaveState.Plugins.GameBackupManager.csproj", "{005B173A-CBA7-4FF6-AF57-30013E93D5F2}"
EndProject
Project("{FAE04EC0-301F-11D3-BF4B-00C04F79EFBC}") = "SaveState.Plugins.GameDetection", "src\SaveState.Plugins.GameDetection\SaveState.Plugins.GameDetection.csproj", "{AF3DD6BA-9102-47F3-95FE-88935601D825}"
EndProject
Project("{FAE04EC0-301F-11D3-BF4B-00C04F79EFBC}") = "SaveState.Plugins.GamePassAlert", "src\SaveState.Plugins.GamePassAlert\SaveState.Plugins.GamePassAlert.csproj", "{84028D15-870A-469E-B359-E33BA0D1BCD8}"
EndProject
Project("{FAE04EC0-301F-11D3-BF4B-00C04F79EFBC}") = "SaveState.Plugins.GameSummarizer", "src\SaveState.Plugins.GameSummarizer\SaveState.Plugins.GameSummarizer.csproj", "{B6284EA6-40AF-4F08-B941-2DD0BE3D82E0}"
EndProject
Project("{FAE04EC0-301F-11D3-BF4B-00C04F79EFBC}") = "SaveState.Plugins.GameTimer", "src\SaveState.Plugins.GameTimer\SaveState.Plugins.GameTimer.csproj", "{BE4D76BE-6E44-4D98-9F21-3CDBA2AFBAC3}"
EndProject
Project("{FAE04EC0-301F-11D3-BF4B-00C04F79EFBC}") = "SaveState.Plugins.GamingAnalytics", "src\SaveState.Plugins.GamingAnalytics\SaveState.Plugins.GamingAnalytics.csproj", "{670B155C-9B74-4931-9F0C-158E5817351C}"
EndProject
Project("{FAE04EC0-301F-11D3-BF4B-00C04F79EFBC}") = "SaveState.Plugins.GenreDeepDive", "src\SaveState.Plugins.GenreDeepDive\SaveState.Plugins.GenreDeepDive.csproj", "{B76D4FED-9170-461F-AD9C-46DA5087A5B3}"
EndProject
Project("{FAE04EC0-301F-11D3-BF4B-00C04F79EFBC}") = "SaveState.Plugins.GoogleDriveSync", "src\SaveState.Plugins.GoogleDriveSync\SaveState.Plugins.GoogleDriveSync.csproj", "{48BB9266-7D7C-4C73-8F4A-14242846363E}"
EndProject
Project("{FAE04EC0-301F-11D3-BF4B-00C04F79EFBC}") = "SaveState.Plugins.HealthWellness", "src\SaveState.Plugins.HealthWellness\SaveState.Plugins.HealthWellness.csproj", "{2E446C1C-29F7-4777-8207-E1C65488838C}"
EndProject
Project("{FAE04EC0-301F-11D3-BF4B-00C04F79EFBC}") = "SaveState.Plugins.HumbleBundle", "src\SaveState.Plugins.HumbleBundle\SaveState.Plugins.HumbleBundle.csproj", "{01858EA9-D73C-45F9-8C04-D9DEC3927FFC}"
EndProject
Project("{FAE04EC0-301F-11D3-BF4B-00C04F79EFBC}") = "SaveState.Plugins.Itch", "src\SaveState.Plugins.Itch\SaveState.Plugins.Itch.csproj", "{6DB9DA2B-9E2A-4521-B95C-B5560673C834}"
EndProject
Project("{FAE04EC0-301F-11D3-BF4B-00C04F79EFBC}") = "SaveState.Plugins.LaunchBoxImport", "src\SaveState.Plugins.LaunchBoxImport\SaveState.Plugins.LaunchBoxImport.csproj", "{DB1D39D7-D254-4676-B240-43E2940DD81D}"
EndProject
Project("{FAE04EC0-301F-11D3-BF4B-00C04F79EFBC}") = "SaveState.Plugins.LaunchOptimizer", "src\SaveState.Plugins.LaunchOptimizer\SaveState.Plugins.LaunchOptimizer.csproj", "{43B0951D-3322-4FE3-B466-F33F727F8CC6}"
EndProject
Project("{FAE04EC0-301F-11D3-BF4B-00C04F79EFBC}") = "SaveState.Plugins.Leaderboards", "src\SaveState.Plugins.Leaderboards\SaveState.Plugins.Leaderboards.csproj", "{EDB49714-BFC8-49D9-834C-2A7033FD9185}"
EndProject
Project("{FAE04EC0-301F-11D3-BF4B-00C04F79EFBC}") = "SaveState.Plugins.LiveStatsWidget", "src\SaveState.Plugins.LiveStatsWidget\SaveState.Plugins.LiveStatsWidget.csproj", "{ABBAB2EC-6BE9-481C-ADD1-F27F3F50C40B}"
EndProject
Project("{FAE04EC0-301F-11D3-BF4B-00C04F79EFBC}") = "SaveState.Plugins.ManualViewer", "src\SaveState.Plugins.ManualViewer\SaveState.Plugins.ManualViewer.csproj", "{6BE4FB6D-2ED1-48CE-97EC-3FD2F29851C2}"
EndProject
Project("{FAE04EC0-301F-11D3-BF4B-00C04F79EFBC}") = "SaveState.Plugins.MastodonShare", "src\SaveState.Plugins.MastodonShare\SaveState.Plugins.MastodonShare.csproj", "{04E9F116-FE61-448E-A2BB-BBBEAF7DA4AB}"
EndProject
Project("{FAE04EC0-301F-11D3-BF4B-00C04F79EFBC}") = "SaveState.Plugins.ModManagerPro", "src\SaveState.Plugins.ModManagerPro\SaveState.Plugins.ModManagerPro.csproj", "{ACD371DB-A94B-4405-8476-2D7DA39DC089}"
EndProject
Project("{FAE04EC0-301F-11D3-BF4B-00C04F79EFBC}") = "SaveState.Plugins.MugenAchievements", "src\SaveState.Plugins.MugenAchievements\SaveState.Plugins.MugenAchievements.csproj", "{9BD39109-E3AF-46B9-85EF-70FDDBFF8999}"
EndProject
Project("{FAE04EC0-301F-11D3-BF4B-00C04F79EFBC}") = "SaveState.Plugins.MugenFusion", "src\SaveState.Plugins.MugenFusion\SaveState.Plugins.MugenFusion.csproj", "{1D5D3333-C0A3-461C-B2F3-32F8099B17CE}"
EndProject
Project("{FAE04EC0-301F-11D3-BF4B-00C04F79EFBC}") = "SaveState.Plugins.MugenManager", "src\SaveState.Plugins.MugenManager\SaveState.Plugins.MugenManager.csproj", "{24F2A510-F01B-43CC-908B-B1E29ED75EF5}"
EndProject
Project("{FAE04EC0-301F-11D3-BF4B-00C04F79EFBC}") = "SaveState.Plugins.MugenNetwork", "src\SaveState.Plugins.MugenNetwork\SaveState.Plugins.MugenNetwork.csproj", "{927FA101-024D-41B1-8E6D-AF73AB077B66}"
EndProject
Project("{FAE04EC0-301F-11D3-BF4B-00C04F79EFBC}") = "SaveState.Plugins.MugenReplay", "src\SaveState.Plugins.MugenReplay\SaveState.Plugins.MugenReplay.csproj", "{2FBA88E6-044F-44AE-9DF0-C7F65A8F3A38}"
EndProject
Project("{FAE04EC0-301F-11D3-BF4B-00C04F79EFBC}") = "SaveState.Plugins.MugenTraining", "src\SaveState.Plugins.MugenTraining\SaveState.Plugins.MugenTraining.csproj", "{CDAC483C-76A8-4E3A-B637-854ED9992B0A}"
EndProject
Project("{FAE04EC0-301F-11D3-BF4B-00C04F79EFBC}") = "SaveState.Plugins.OBSIntegration", "src\SaveState.Plugins.OBSIntegration\SaveState.Plugins.OBSIntegration.csproj", "{C863364E-4DD3-44ED-823F-E55EA7970F12}"
EndProject
Project("{FAE04EC0-301F-11D3-BF4B-00C04F79EFBC}") = "SaveState.Plugins.PlayniteImport", "src\SaveState.Plugins.PlayniteImport\SaveState.Plugins.PlayniteImport.csproj", "{1F1A0D8A-9716-434F-BB2E-42017C758FB1}"
EndProject
Project("{FAE04EC0-301F-11D3-BF4B-00C04F79EFBC}") = "SaveState.Plugins.PrimeGaming", "src\SaveState.Plugins.PrimeGaming\SaveState.Plugins.PrimeGaming.csproj", "{38F02058-BAC8-4C78-A178-FE9FC77814E2}"
EndProject
Project("{FAE04EC0-301F-11D3-BF4B-00C04F79EFBC}") = "SaveState.Plugins.RawgIntegration", "src\SaveState.Plugins.RawgIntegration\SaveState.Plugins.RawgIntegration.csproj", "{1CA728FD-11AC-4134-AE25-2B33EE1101B1}"
EndProject
Project("{FAE04EC0-301F-11D3-BF4B-00C04F79EFBC}") = "SaveState.Plugins.RetroAchievements", "src\SaveState.Plugins.RetroAchievements\SaveState.Plugins.RetroAchievements.csproj", "{94B426D9-9C18-43F6-A8BD-439A1F199AF1}"
EndProject
Project("{FAE04EC0-301F-11D3-BF4B-00C04F79EFBC}") = "SaveState.Plugins.RetroCRTTheme", "src\SaveState.Plugins.RetroCRTTheme\SaveState.Plugins.RetroCRTTheme.csproj", "{C99CC22E-44D8-4C33-BB6F-ABDEEBACD6A0}"
EndProject
Project("{FAE04EC0-301F-11D3-BF4B-00C04F79EFBC}") = "SaveState.Plugins.RomHacks", "src\SaveState.Plugins.RomHacks\SaveState.Plugins.RomHacks.csproj", "{3445F96B-44F3-4D2A-AD00-1238549D46D7}"
EndProject
Project("{FAE04EC0-301F-11D3-BF4B-00C04F79EFBC}") = "SaveState.Plugins.ScreenshotCapture", "src\SaveState.Plugins.ScreenshotCapture\SaveState.Plugins.ScreenshotCapture.csproj", "{C072EF76-92C8-4D01-A1F5-FAA3C17E14EA}"
EndProject
Project("{FAE04EC0-301F-11D3-BF4B-00C04F79EFBC}") = "SaveState.Plugins.ScreenshotSorter", "src\SaveState.Plugins.ScreenshotSorter\SaveState.Plugins.ScreenshotSorter.csproj", "{8087AD97-9A3A-485D-B1FB-4BBC436A9137}"
EndProject
Project("{FAE04EC0-301F-11D3-BF4B-00C04F79EFBC}") = "SaveState.Plugins.SecondScreen", "src\SaveState.Plugins.SecondScreen\SaveState.Plugins.SecondScreen.csproj", "{772A3B5D-1000-4FA0-92BC-555D951117AA}"
EndProject
Project("{FAE04EC0-301F-11D3-BF4B-00C04F79EFBC}") = "SaveState.Plugins.ShaderPresets", "src\SaveState.Plugins.ShaderPresets\SaveState.Plugins.ShaderPresets.csproj", "{9FF3A215-6F19-4F2A-BFB1-1B17B56B519D}"
EndProject
Project("{FAE04EC0-301F-11D3-BF4B-00C04F79EFBC}") = "SaveState.Plugins.SmartPlaylists", "src\SaveState.Plugins.SmartPlaylists\SaveState.Plugins.SmartPlaylists.csproj", "{B202F41C-448B-421D-81F2-2F4ACF8CA2CA}"
EndProject
Project("{FAE04EC0-301F-11D3-BF4B-00C04F79EFBC}") = "SaveState.Plugins.SteamDeck", "src\SaveState.Plugins.SteamDeck\SaveState.Plugins.SteamDeck.csproj", "{BDE9A6ED-F82F-476F-8601-3CEEEA324101}"
EndProject
Project("{FAE04EC0-301F-11D3-BF4B-00C04F79EFBC}") = "SaveState.Plugins.Themes", "src\SaveState.Plugins.Themes\SaveState.Plugins.Themes.csproj", "{26654AC5-6A53-4184-89C6-AF2D16513BDD}"
EndProject
Project("{FAE04EC0-301F-11D3-BF4B-00C04F79EFBC}") = "SaveState.Plugins.TouchControls", "src\SaveState.Plugins.TouchControls\SaveState.Plugins.TouchControls.csproj", "{01D4DD1F-B024-44AE-B3E3-6AC92F415E03}"
EndProject
Project("{FAE04EC0-301F-11D3-BF4B-00C04F79EFBC}") = "SaveState.Plugins.TwitchDrops", "src\SaveState.Plugins.TwitchDrops\SaveState.Plugins.TwitchDrops.csproj", "{C8E08982-8821-48CC-BE1B-D5E58041A32D}"
EndProject
Project("{FAE04EC0-301F-11D3-BF4B-00C04F79EFBC}") = "SaveState.Plugins.TwitchStreaming", "src\SaveState.Plugins.TwitchStreaming\SaveState.Plugins.TwitchStreaming.csproj", "{9220F2BC-7640-4DB9-8BBF-887446CC7864}"
EndProject
Project("{FAE04EC0-301F-11D3-BF4B-00C04F79EFBC}") = "SaveState.Plugins.TwitterShare", "src\SaveState.Plugins.TwitterShare\SaveState.Plugins.TwitterShare.csproj", "{982E084D-106D-4A98-8140-89A54E4F465F}"
EndProject
Project("{FAE04EC0-301F-11D3-BF4B-00C04F79EFBC}") = "SaveState.Docs.Sync", "tools\SaveState.Docs.Sync\SaveState.Docs.Sync.csproj", "{D2485E1C-CC95-4279-BBFF-60F46B34D8FE}"
EndProject
Global
	GlobalSection(SolutionConfigurationPlatforms) = preSolution
		Debug|Any CPU = Debug|Any CPU
		Debug|x64 = Debug|x64
		Debug|x86 = Debug|x86
		Release|Any CPU = Release|Any CPU
		Release|x64 = Release|x64
		Release|x86 = Release|x86
	EndGlobalSection
	GlobalSection(ProjectConfigurationPlatforms) = postSolution
		{E7FD0F2D-A4AF-4293-BBD9-C95D4AF3E7FA}.Debug|Any CPU.ActiveCfg = Debug|Any CPU
		{E7FD0F2D-A4AF-4293-BBD9-C95D4AF3E7FA}.Debug|Any CPU.Build.0 = Debug|Any CPU
		{E7FD0F2D-A4AF-4293-BBD9-C95D4AF3E7FA}.Debug|x64.ActiveCfg = Debug|Any CPU
		{E7FD0F2D-A4AF-4293-BBD9-C95D4AF3E7FA}.Debug|x64.Build.0 = Debug|Any CPU
		{E7FD0F2D-A4AF-4293-BBD9-C95D4AF3E7FA}.Debug|x86.ActiveCfg = Debug|Any CPU
		{E7FD0F2D-A4AF-4293-BBD9-C95D4AF3E7FA}.Debug|x86.Build.0 = Debug|Any CPU
		{E7FD0F2D-A4AF-4293-BBD9-C95D4AF3E7FA}.Release|Any CPU.ActiveCfg = Release|Any CPU
		{E7FD0F2D-A4AF-4293-BBD9-C95D4AF3E7FA}.Release|Any CPU.Build.0 = Release|Any CPU
		{E7FD0F2D-A4AF-4293-BBD9-C95D4AF3E7FA}.Release|x64.ActiveCfg = Release|Any CPU
		{E7FD0F2D-A4AF-4293-BBD9-C95D4AF3E7FA}.Release|x64.Build.0 = Release|Any CPU
		{E7FD0F2D-A4AF-4293-BBD9-C95D4AF3E7FA}.Release|x86.ActiveCfg = Release|Any CPU
		{E7FD0F2D-A4AF-4293-BBD9-C95D4AF3E7FA}.Release|x86.Build.0 = Release|Any CPU
		{D7B42C9C-A9A3-4B95-83B1-DB36A8104F83}.Debug|Any CPU.ActiveCfg = Debug|Any CPU
		{D7B42C9C-A9A3-4B95-83B1-DB36A8104F83}.Debug|Any CPU.Build.0 = Debug|Any CPU
		{D7B42C9C-A9A3-4B95-83B1-DB36A8104F83}.Debug|x64.ActiveCfg = Debug|Any CPU
		{D7B42C9C-A9A3-4B95-83B1-DB36A8104F83}.Debug|x64.Build.0 = Debug|Any CPU
		{D7B42C9C-A9A3-4B95-83B1-DB36A8104F83}.Debug|x86.ActiveCfg = Debug|Any CPU
		{D7B42C9C-A9A3-4B95-83B1-DB36A8104F83}.Debug|x86.Build.0 = Debug|Any CPU
		{D7B42C9C-A9A3-4B95-83B1-DB36A8104F83}.Release|Any CPU.ActiveCfg = Release|Any CPU
		{D7B42C9C-A9A3-4B95-83B1-DB36A8104F83}.Release|Any CPU.Build.0 = Release|Any CPU
		{D7B42C9C-A9A3-4B95-83B1-DB36A8104F83}.Release|x64.ActiveCfg = Release|Any CPU
		{D7B42C9C-A9A3-4B95-83B1-DB36A8104F83}.Release|x64.Build.0 = Release|Any CPU
		{D7B42C9C-A9A3-4B95-83B1-DB36A8104F83}.Release|x86.ActiveCfg = Release|Any CPU
		{D7B42C9C-A9A3-4B95-83B1-DB36A8104F83}.Release|x86.Build.0 = Release|Any CPU
		{1F24A2BF-723E-49FF-8FB9-7C27DF934BC3}.Debug|Any CPU.ActiveCfg = Debug|Any CPU
		{1F24A2BF-723E-49FF-8FB9-7C27DF934BC3}.Debug|Any CPU.Build.0 = Debug|Any CPU
		{1F24A2BF-723E-49FF-8FB9-7C27DF934BC3}.Debug|x64.ActiveCfg = Debug|Any CPU
		{1F24A2BF-723E-49FF-8FB9-7C27DF934BC3}.Debug|x64.Build.0 = Debug|Any CPU
		{1F24A2BF-723E-49FF-8FB9-7C27DF934BC3}.Debug|x86.ActiveCfg = Debug|Any CPU
		{1F24A2BF-723E-49FF-8FB9-7C27DF934BC3}.Debug|x86.Build.0 = Debug|Any CPU
		{1F24A2BF-723E-49FF-8FB9-7C27DF934BC3}.Release|Any CPU.ActiveCfg = Release|Any CPU
		{1F24A2BF-723E-49FF-8FB9-7C27DF934BC3}.Release|Any CPU.Build.0 = Release|Any CPU
		{1F24A2BF-723E-49FF-8FB9-7C27DF934BC3}.Release|x64.ActiveCfg = Release|Any CPU
		{1F24A2BF-723E-49FF-8FB9-7C27DF934BC3}.Release|x64.Build.0 = Release|Any CPU
		{1F24A2BF-723E-49FF-8FB9-7C27DF934BC3}.Release|x86.ActiveCfg = Release|Any CPU
		{1F24A2BF-723E-49FF-8FB9-7C27DF934BC3}.Release|x86.Build.0 = Release|Any CPU
		{2CBF533F-B0DC-432B-812D-F54C5F67FDA0}.Debug|Any CPU.ActiveCfg = Debug|Any CPU
		{2CBF533F-B0DC-432B-812D-F54C5F67FDA0}.Debug|Any CPU.Build.0 = Debug|Any CPU
		{2CBF533F-B0DC-432B-812D-F54C5F67FDA0}.Debug|x64.ActiveCfg = Debug|Any CPU
		{2CBF533F-B0DC-432B-812D-F54C5F67FDA0}.Debug|x64.Build.0 = Debug|Any CPU
		{2CBF533F-B0DC-432B-812D-F54C5F67FDA0}.Debug|x86.ActiveCfg = Debug|Any CPU
		{2CBF533F-B0DC-432B-812D-F54C5F67FDA0}.Debug|x86.Build.0 = Debug|Any CPU
		{2CBF533F-B0DC-432B-812D-F54C5F67FDA0}.Release|Any CPU.ActiveCfg = Release|Any CPU
		{2CBF533F-B0DC-432B-812D-F54C5F67FDA0}.Release|Any CPU.Build.0 = Release|Any CPU
		{2CBF533F-B0DC-432B-812D-F54C5F67FDA0}.Release|x64.ActiveCfg = Release|Any CPU
		{2CBF533F-B0DC-432B-812D-F54C5F67FDA0}.Release|x64.Build.0 = Release|Any CPU
		{2CBF533F-B0DC-432B-812D-F54C5F67FDA0}.Release|x86.ActiveCfg = Release|Any CPU
		{2CBF533F-B0DC-432B-812D-F54C5F67FDA0}.Release|x86.Build.0 = Release|Any CPU
		{255EDA0C-12C5-4D23-A8CB-8CC9DC024BB9}.Debug|Any CPU.ActiveCfg = Debug|Any CPU
		{255EDA0C-12C5-4D23-A8CB-8CC9DC024BB9}.Debug|Any CPU.Build.0 = Debug|Any CPU
		{255EDA0C-12C5-4D23-A8CB-8CC9DC024BB9}.Debug|x64.ActiveCfg = Debug|Any CPU
		{255EDA0C-12C5-4D23-A8CB-8CC9DC024BB9}.Debug|x64.Build.0 = Debug|Any CPU
		{255EDA0C-12C5-4D23-A8CB-8CC9DC024BB9}.Debug|x86.ActiveCfg = Debug|Any CPU
		{255EDA0C-12C5-4D23-A8CB-8CC9DC024BB9}.Debug|x86.Build.0 = Debug|Any CPU
		{255EDA0C-12C5-4D23-A8CB-8CC9DC024BB9}.Release|Any CPU.ActiveCfg = Release|Any CPU
		{255EDA0C-12C5-4D23-A8CB-8CC9DC024BB9}.Release|Any CPU.Build.0 = Release|Any CPU
		{255EDA0C-12C5-4D23-A8CB-8CC9DC024BB9}.Release|x64.ActiveCfg = Release|Any CPU
		{255EDA0C-12C5-4D23-A8CB-8CC9DC024BB9}.Release|x64.Build.0 = Release|Any CPU
		{255EDA0C-12C5-4D23-A8CB-8CC9DC024BB9}.Release|x86.ActiveCfg = Release|Any CPU
		{255EDA0C-12C5-4D23-A8CB-8CC9DC024BB9}.Release|x86.Build.0 = Release|Any CPU
		{3CE9F647-FB1C-4725-AB9B-8C7F6DE932C8}.Debug|Any CPU.ActiveCfg = Debug|Any CPU
		{3CE9F647-FB1C-4725-AB9B-8C7F6DE932C8}.Debug|Any CPU.Build.0 = Debug|Any CPU
		{3CE9F647-FB1C-4725-AB9B-8C7F6DE932C8}.Debug|x64.ActiveCfg = Debug|Any CPU
		{3CE9F647-FB1C-4725-AB9B-8C7F6DE932C8}.Debug|x64.Build.0 = Debug|Any CPU
		{3CE9F647-FB1C-4725-AB9B-8C7F6DE932C8}.Debug|x86.ActiveCfg = Debug|Any CPU
		{3CE9F647-FB1C-4725-AB9B-8C7F6DE932C8}.Debug|x86.Build.0 = Debug|Any CPU
		{3CE9F647-FB1C-4725-AB9B-8C7F6DE932C8}.Release|Any CPU.ActiveCfg = Release|Any CPU
		{3CE9F647-FB1C-4725-AB9B-8C7F6DE932C8}.Release|Any CPU.Build.0 = Release|Any CPU
		{3CE9F647-FB1C-4725-AB9B-8C7F6DE932C8}.Release|x64.ActiveCfg = Release|Any CPU
		{3CE9F647-FB1C-4725-AB9B-8C7F6DE932C8}.Release|x64.Build.0 = Release|Any CPU
		{3CE9F647-FB1C-4725-AB9B-8C7F6DE932C8}.Release|x86.ActiveCfg = Release|Any CPU
		{3CE9F647-FB1C-4725-AB9B-8C7F6DE932C8}.Release|x86.Build.0 = Release|Any CPU
		{16F17D5E-46BF-4A79-AF18-545DBD3EE272}.Debug|Any CPU.ActiveCfg = Debug|Any CPU
		{16F17D5E-46BF-4A79-AF18-545DBD3EE272}.Debug|Any CPU.Build.0 = Debug|Any CPU
		{16F17D5E-46BF-4A79-AF18-545DBD3EE272}.Debug|x64.ActiveCfg = Debug|Any CPU
		{16F17D5E-46BF-4A79-AF18-545DBD3EE272}.Debug|x64.Build.0 = Debug|Any CPU
		{16F17D5E-46BF-4A79-AF18-545DBD3EE272}.Debug|x86.ActiveCfg = Debug|Any CPU
		{16F17D5E-46BF-4A79-AF18-545DBD3EE272}.Debug|x86.Build.0 = Debug|Any CPU
		{16F17D5E-46BF-4A79-AF18-545DBD3EE272}.Release|Any CPU.ActiveCfg = Release|Any CPU
		{16F17D5E-46BF-4A79-AF18-545DBD3EE272}.Release|Any CPU.Build.0 = Release|Any CPU
		{16F17D5E-46BF-4A79-AF18-545DBD3EE272}.Release|x64.ActiveCfg = Release|Any CPU
		{16F17D5E-46BF-4A79-AF18-545DBD3EE272}.Release|x64.Build.0 = Release|Any CPU
		{16F17D5E-46BF-4A79-AF18-545DBD3EE272}.Release|x86.ActiveCfg = Release|Any CPU
		{16F17D5E-46BF-4A79-AF18-545DBD3EE272}.Release|x86.Build.0 = Release|Any CPU
		{E7DF775D-BA30-4A7E-8239-216E491CBC07}.Debug|Any CPU.ActiveCfg = Debug|Any CPU
		{E7DF775D-BA30-4A7E-8239-216E491CBC07}.Debug|Any CPU.Build.0 = Debug|Any CPU
		{E7DF775D-BA30-4A7E-8239-216E491CBC07}.Debug|x64.ActiveCfg = Debug|Any CPU
		{E7DF775D-BA30-4A7E-8239-216E491CBC07}.Debug|x64.Build.0 = Debug|Any CPU
		{E7DF775D-BA30-4A7E-8239-216E491CBC07}.Debug|x86.ActiveCfg = Debug|Any CPU
		{E7DF775D-BA30-4A7E-8239-216E491CBC07}.Debug|x86.Build.0 = Debug|Any CPU
		{E7DF775D-BA30-4A7E-8239-216E491CBC07}.Release|Any CPU.ActiveCfg = Release|Any CPU
		{E7DF775D-BA30-4A7E-8239-216E491CBC07}.Release|Any CPU.Build.0 = Release|Any CPU
		{E7DF775D-BA30-4A7E-8239-216E491CBC07}.Release|x64.ActiveCfg = Release|Any CPU
		{E7DF775D-BA30-4A7E-8239-216E491CBC07}.Release|x64.Build.0 = Release|Any CPU
		{E7DF775D-BA30-4A7E-8239-216E491CBC07}.Release|x86.ActiveCfg = Release|Any CPU
		{E7DF775D-BA30-4A7E-8239-216E491CBC07}.Release|x86.Build.0 = Release|Any CPU
		{399DD99E-F5BF-41BB-BEF5-A6A4401CF00C}.Debug|Any CPU.ActiveCfg = Debug|Any CPU
		{399DD99E-F5BF-41BB-BEF5-A6A4401CF00C}.Debug|Any CPU.Build.0 = Debug|Any CPU
		{399DD99E-F5BF-41BB-BEF5-A6A4401CF00C}.Debug|x64.ActiveCfg = Debug|Any CPU
		{399DD99E-F5BF-41BB-BEF5-A6A4401CF00C}.Debug|x64.Build.0 = Debug|Any CPU
		{399DD99E-F5BF-41BB-BEF5-A6A4401CF00C}.Debug|x86.ActiveCfg = Debug|Any CPU
		{399DD99E-F5BF-41BB-BEF5-A6A4401CF00C}.Debug|x86.Build.0 = Debug|Any CPU
		{399DD99E-F5BF-41BB-BEF5-A6A4401CF00C}.Release|Any CPU.ActiveCfg = Release|Any CPU
		{399DD99E-F5BF-41BB-BEF5-A6A4401CF00C}.Release|Any CPU.Build.0 = Release|Any CPU
		{399DD99E-F5BF-41BB-BEF5-A6A4401CF00C}.Release|x64.ActiveCfg = Release|Any CPU
		{399DD99E-F5BF-41BB-BEF5-A6A4401CF00C}.Release|x64.Build.0 = Release|Any CPU
		{399DD99E-F5BF-41BB-BEF5-A6A4401CF00C}.Release|x86.ActiveCfg = Release|Any CPU
		{399DD99E-F5BF-41BB-BEF5-A6A4401CF00C}.Release|x86.Build.0 = Release|Any CPU
		{C4363CE2-5C7F-4124-BD82-46FD89512750}.Debug|Any CPU.ActiveCfg = Debug|Any CPU
		{C4363CE2-5C7F-4124-BD82-46FD89512750}.Debug|Any CPU.Build.0 = Debug|Any CPU
		{C4363CE2-5C7F-4124-BD82-46FD89512750}.Debug|x64.ActiveCfg = Debug|Any CPU
		{C4363CE2-5C7F-4124-BD82-46FD89512750}.Debug|x64.Build.0 = Debug|Any CPU
		{C4363CE2-5C7F-4124-BD82-46FD89512750}.Debug|x86.ActiveCfg = Debug|Any CPU
		{C4363CE2-5C7F-4124-BD82-46FD89512750}.Debug|x86.Build.0 = Debug|Any CPU
		{C4363CE2-5C7F-4124-BD82-46FD89512750}.Release|Any CPU.ActiveCfg = Release|Any CPU
		{C4363CE2-5C7F-4124-BD82-46FD89512750}.Release|Any CPU.Build.0 = Release|Any CPU
		{C4363CE2-5C7F-4124-BD82-46FD89512750}.Release|x64.ActiveCfg = Release|Any CPU
		{C4363CE2-5C7F-4124-BD82-46FD89512750}.Release|x64.Build.0 = Release|Any CPU
		{C4363CE2-5C7F-4124-BD82-46FD89512750}.Release|x86.ActiveCfg = Release|Any CPU
		{C4363CE2-5C7F-4124-BD82-46FD89512750}.Release|x86.Build.0 = Release|Any CPU
		{ABD47991-237D-4976-9A93-F282689901F8}.Debug|Any CPU.ActiveCfg = Debug|Any CPU
		{ABD47991-237D-4976-9A93-F282689901F8}.Debug|Any CPU.Build.0 = Debug|Any CPU
		{ABD47991-237D-4976-9A93-F282689901F8}.Debug|x64.ActiveCfg = Debug|Any CPU
		{ABD47991-237D-4976-9A93-F282689901F8}.Debug|x64.Build.0 = Debug|Any CPU
		{ABD47991-237D-4976-9A93-F282689901F8}.Debug|x86.ActiveCfg = Debug|Any CPU
		{ABD47991-237D-4976-9A93-F282689901F8}.Debug|x86.Build.0 = Debug|Any CPU
		{ABD47991-237D-4976-9A93-F282689901F8}.Release|Any CPU.ActiveCfg = Release|Any CPU
		{ABD47991-237D-4976-9A93-F282689901F8}.Release|Any CPU.Build.0 = Release|Any CPU
		{ABD47991-237D-4976-9A93-F282689901F8}.Release|x64.ActiveCfg = Release|Any CPU
		{ABD47991-237D-4976-9A93-F282689901F8}.Release|x64.Build.0 = Release|Any CPU
		{ABD47991-237D-4976-9A93-F282689901F8}.Release|x86.ActiveCfg = Release|Any CPU
		{ABD47991-237D-4976-9A93-F282689901F8}.Release|x86.Build.0 = Release|Any CPU
		{D6A5C120-2AA4-4576-902A-33B52FA15328}.Debug|Any CPU.ActiveCfg = Debug|Any CPU
		{D6A5C120-2AA4-4576-902A-33B52FA15328}.Debug|Any CPU.Build.0 = Debug|Any CPU
		{D6A5C120-2AA4-4576-902A-33B52FA15328}.Debug|x64.ActiveCfg = Debug|Any CPU
		{D6A5C120-2AA4-4576-902A-33B52FA15328}.Debug|x64.Build.0 = Debug|Any CPU
		{D6A5C120-2AA4-4576-902A-33B52FA15328}.Debug|x86.ActiveCfg = Debug|Any CPU
		{D6A5C120-2AA4-4576-902A-33B52FA15328}.Debug|x86.Build.0 = Debug|Any CPU
		{D6A5C120-2AA4-4576-902A-33B52FA15328}.Release|Any CPU.ActiveCfg = Release|Any CPU
		{D6A5C120-2AA4-4576-902A-33B52FA15328}.Release|Any CPU.Build.0 = Release|Any CPU
		{D6A5C120-2AA4-4576-902A-33B52FA15328}.Release|x64.ActiveCfg = Release|Any CPU
		{D6A5C120-2AA4-4576-902A-33B52FA15328}.Release|x64.Build.0 = Release|Any CPU
		{D6A5C120-2AA4-4576-902A-33B52FA15328}.Release|x86.ActiveCfg = Release|Any CPU
		{D6A5C120-2AA4-4576-902A-33B52FA15328}.Release|x86.Build.0 = Release|Any CPU
		{C785C005-2A52-4D84-AAFF-0C9D5D8EC793}.Debug|Any CPU.ActiveCfg = Debug|Any CPU
		{C785C005-2A52-4D84-AAFF-0C9D5D8EC793}.Debug|Any CPU.Build.0 = Debug|Any CPU
		{C785C005-2A52-4D84-AAFF-0C9D5D8EC793}.Debug|x64.ActiveCfg = Debug|Any CPU
		{C785C005-2A52-4D84-AAFF-0C9D5D8EC793}.Debug|x64.Build.0 = Debug|Any CPU
		{C785C005-2A52-4D84-AAFF-0C9D5D8EC793}.Debug|x86.ActiveCfg = Debug|Any CPU
		{C785C005-2A52-4D84-AAFF-0C9D5D8EC793}.Debug|x86.Build.0 = Debug|Any CPU
		{C785C005-2A52-4D84-AAFF-0C9D5D8EC793}.Release|Any CPU.ActiveCfg = Release|Any CPU
		{C785C005-2A52-4D84-AAFF-0C9D5D8EC793}.Release|Any CPU.Build.0 = Release|Any CPU
		{C785C005-2A52-4D84-AAFF-0C9D5D8EC793}.Release|x64.ActiveCfg = Release|Any CPU
		{C785C005-2A52-4D84-AAFF-0C9D5D8EC793}.Release|x64.Build.0 = Release|Any CPU
		{C785C005-2A52-4D84-AAFF-0C9D5D8EC793}.Release|x86.ActiveCfg = Release|Any CPU
		{C785C005-2A52-4D84-AAFF-0C9D5D8EC793}.Release|x86.Build.0 = Release|Any CPU
		{FC153848-68F4-4794-8DD3-459267615312}.Debug|Any CPU.ActiveCfg = Debug|Any CPU
		{FC153848-68F4-4794-8DD3-459267615312}.Debug|Any CPU.Build.0 = Debug|Any CPU
		{FC153848-68F4-4794-8DD3-459267615312}.Debug|x64.ActiveCfg = Debug|Any CPU
		{FC153848-68F4-4794-8DD3-459267615312}.Debug|x64.Build.0 = Debug|Any CPU
		{FC153848-68F4-4794-8DD3-459267615312}.Debug|x86.ActiveCfg = Debug|Any CPU
		{FC153848-68F4-4794-8DD3-459267615312}.Debug|x86.Build.0 = Debug|Any CPU
		{FC153848-68F4-4794-8DD3-459267615312}.Release|Any CPU.ActiveCfg = Release|Any CPU
		{FC153848-68F4-4794-8DD3-459267615312}.Release|Any CPU.Build.0 = Release|Any CPU
		{FC153848-68F4-4794-8DD3-459267615312}.Release|x64.ActiveCfg = Release|Any CPU
		{FC153848-68F4-4794-8DD3-459267615312}.Release|x64.Build.0 = Release|Any CPU
		{FC153848-68F4-4794-8DD3-459267615312}.Release|x86.ActiveCfg = Release|Any CPU
		{FC153848-68F4-4794-8DD3-459267615312}.Release|x86.Build.0 = Release|Any CPU
		{902E1C40-5C79-4035-92AC-57DB7DDCC7E4}.Debug|Any CPU.ActiveCfg = Debug|Any CPU
		{902E1C40-5C79-4035-92AC-57DB7DDCC7E4}.Debug|Any CPU.Build.0 = Debug|Any CPU
		{902E1C40-5C79-4035-92AC-57DB7DDCC7E4}.Debug|x64.ActiveCfg = Debug|Any CPU
		{902E1C40-5C79-4035-92AC-57DB7DDCC7E4}.Debug|x64.Build.0 = Debug|Any CPU
		{902E1C40-5C79-4035-92AC-57DB7DDCC7E4}.Debug|x86.ActiveCfg = Debug|Any CPU
		{902E1C40-5C79-4035-92AC-57DB7DDCC7E4}.Debug|x86.Build.0 = Debug|Any CPU
		{902E1C40-5C79-4035-92AC-57DB7DDCC7E4}.Release|Any CPU.ActiveCfg = Release|Any CPU
		{902E1C40-5C79-4035-92AC-57DB7DDCC7E4}.Release|Any CPU.Build.0 = Release|Any CPU
		{902E1C40-5C79-4035-92AC-57DB7DDCC7E4}.Release|x64.ActiveCfg = Release|Any CPU
		{902E1C40-5C79-4035-92AC-57DB7DDCC7E4}.Release|x64.Build.0 = Release|Any CPU
		{902E1C40-5C79-4035-92AC-57DB7DDCC7E4}.Release|x86.ActiveCfg = Release|Any CPU
		{902E1C40-5C79-4035-92AC-57DB7DDCC7E4}.Release|x86.Build.0 = Release|Any CPU
		{30C996D6-60BA-4399-96AA-73541265E4DB}.Debug|Any CPU.ActiveCfg = Debug|Any CPU
		{30C996D6-60BA-4399-96AA-73541265E4DB}.Debug|Any CPU.Build.0 = Debug|Any CPU
		{30C996D6-60BA-4399-96AA-73541265E4DB}.Debug|x64.ActiveCfg = Debug|Any CPU
		{30C996D6-60BA-4399-96AA-73541265E4DB}.Debug|x64.Build.0 = Debug|Any CPU
		{30C996D6-60BA-4399-96AA-73541265E4DB}.Debug|x86.ActiveCfg = Debug|Any CPU
		{30C996D6-60BA-4399-96AA-73541265E4DB}.Debug|x86.Build.0 = Debug|Any CPU
		{30C996D6-60BA-4399-96AA-73541265E4DB}.Release|Any CPU.ActiveCfg = Release|Any CPU
		{30C996D6-60BA-4399-96AA-73541265E4DB}.Release|Any CPU.Build.0 = Release|Any CPU
		{30C996D6-60BA-4399-96AA-73541265E4DB}.Release|x64.ActiveCfg = Release|Any CPU
		{30C996D6-60BA-4399-96AA-73541265E4DB}.Release|x64.Build.0 = Release|Any CPU
		{30C996D6-60BA-4399-96AA-73541265E4DB}.Release|x86.ActiveCfg = Release|Any CPU
		{30C996D6-60BA-4399-96AA-73541265E4DB}.Release|x86.Build.0 = Release|Any CPU
		{852AE5F7-EE98-47FB-AFF6-D88809ED0675}.Debug|Any CPU.ActiveCfg = Debug|Any CPU
		{852AE5F7-EE98-47FB-AFF6-D88809ED0675}.Debug|Any CPU.Build.0 = Debug|Any CPU
		{852AE5F7-EE98-47FB-AFF6-D88809ED0675}.Debug|x64.ActiveCfg = Debug|Any CPU
		{852AE5F7-EE98-47FB-AFF6-D88809ED0675}.Debug|x64.Build.0 = Debug|Any CPU
		{852AE5F7-EE98-47FB-AFF6-D88809ED0675}.Debug|x86.ActiveCfg = Debug|Any CPU
		{852AE5F7-EE98-47FB-AFF6-D88809ED0675}.Debug|x86.Build.0 = Debug|Any CPU
		{852AE5F7-EE98-47FB-AFF6-D88809ED0675}.Release|Any CPU.ActiveCfg = Release|Any CPU
		{852AE5F7-EE98-47FB-AFF6-D88809ED0675}.Release|Any CPU.Build.0 = Release|Any CPU
		{852AE5F7-EE98-47FB-AFF6-D88809ED0675}.Release|x64.ActiveCfg = Release|Any CPU
		{852AE5F7-EE98-47FB-AFF6-D88809ED0675}.Release|x64.Build.0 = Release|Any CPU
		{852AE5F7-EE98-47FB-AFF6-D88809ED0675}.Release|x86.ActiveCfg = Release|Any CPU
		{852AE5F7-EE98-47FB-AFF6-D88809ED0675}.Release|x86.Build.0 = Release|Any CPU
		{10F5C27C-8845-4A5C-9295-120A52F0B214}.Debug|Any CPU.ActiveCfg = Debug|Any CPU
		{10F5C27C-8845-4A5C-9295-120A52F0B214}.Debug|Any CPU.Build.0 = Debug|Any CPU
		{10F5C27C-8845-4A5C-9295-120A52F0B214}.Debug|x64.ActiveCfg = Debug|Any CPU
		{10F5C27C-8845-4A5C-9295-120A52F0B214}.Debug|x64.Build.0 = Debug|Any CPU
		{10F5C27C-8845-4A5C-9295-120A52F0B214}.Debug|x86.ActiveCfg = Debug|Any CPU
		{10F5C27C-8845-4A5C-9295-120A52F0B214}.Debug|x86.Build.0 = Debug|Any CPU
		{10F5C27C-8845-4A5C-9295-120A52F0B214}.Release|Any CPU.ActiveCfg = Release|Any CPU
		{10F5C27C-8845-4A5C-9295-120A52F0B214}.Release|Any CPU.Build.0 = Release|Any CPU
		{10F5C27C-8845-4A5C-9295-120A52F0B214}.Release|x64.ActiveCfg = Release|Any CPU
		{10F5C27C-8845-4A5C-9295-120A52F0B214}.Release|x64.Build.0 = Release|Any CPU
		{10F5C27C-8845-4A5C-9295-120A52F0B214}.Release|x86.ActiveCfg = Release|Any CPU
		{10F5C27C-8845-4A5C-9295-120A52F0B214}.Release|x86.Build.0 = Release|Any CPU
		{732A99BD-8251-4CBC-AA0B-B6EA838EBA84}.Debug|Any CPU.ActiveCfg = Debug|Any CPU
		{732A99BD-8251-4CBC-AA0B-B6EA838EBA84}.Debug|Any CPU.Build.0 = Debug|Any CPU
		{732A99BD-8251-4CBC-AA0B-B6EA838EBA84}.Debug|x64.ActiveCfg = Debug|Any CPU
		{732A99BD-8251-4CBC-AA0B-B6EA838EBA84}.Debug|x64.Build.0 = Debug|Any CPU
		{732A99BD-8251-4CBC-AA0B-B6EA838EBA84}.Debug|x86.ActiveCfg = Debug|Any CPU
		{732A99BD-8251-4CBC-AA0B-B6EA838EBA84}.Debug|x86.Build.0 = Debug|Any CPU
		{732A99BD-8251-4CBC-AA0B-B6EA838EBA84}.Release|Any CPU.ActiveCfg = Release|Any CPU
		{732A99BD-8251-4CBC-AA0B-B6EA838EBA84}.Release|Any CPU.Build.0 = Release|Any CPU
		{732A99BD-8251-4CBC-AA0B-B6EA838EBA84}.Release|x64.ActiveCfg = Release|Any CPU
		{732A99BD-8251-4CBC-AA0B-B6EA838EBA84}.Release|x64.Build.0 = Release|Any CPU
		{732A99BD-8251-4CBC-AA0B-B6EA838EBA84}.Release|x86.ActiveCfg = Release|Any CPU
		{732A99BD-8251-4CBC-AA0B-B6EA838EBA84}.Release|x86.Build.0 = Release|Any CPU
		{5A6B7C8D-9E0F-1A2B-3C4D-5E6F7A8B9C0D}.Debug|Any CPU.ActiveCfg = Debug|Any CPU
		{5A6B7C8D-9E0F-1A2B-3C4D-5E6F7A8B9C0D}.Debug|Any CPU.Build.0 = Debug|Any CPU
		{5A6B7C8D-9E0F-1A2B-3C4D-5E6F7A8B9C0D}.Debug|x64.ActiveCfg = Debug|Any CPU
		{5A6B7C8D-9E0F-1A2B-3C4D-5E6F7A8B9C0D}.Debug|x64.Build.0 = Debug|Any CPU
		{5A6B7C8D-9E0F-1A2B-3C4D-5E6F7A8B9C0D}.Debug|x86.ActiveCfg = Debug|Any CPU
		{5A6B7C8D-9E0F-1A2B-3C4D-5E6F7A8B9C0D}.Debug|x86.Build.0 = Debug|Any CPU
		{5A6B7C8D-9E0F-1A2B-3C4D-5E6F7A8B9C0D}.Release|Any CPU.ActiveCfg = Release|Any CPU
		{5A6B7C8D-9E0F-1A2B-3C4D-5E6F7A8B9C0D}.Release|Any CPU.Build.0 = Release|Any CPU
		{5A6B7C8D-9E0F-1A2B-3C4D-5E6F7A8B9C0D}.Release|x64.ActiveCfg = Release|Any CPU
		{5A6B7C8D-9E0F-1A2B-3C4D-5E6F7A8B9C0D}.Release|x64.Build.0 = Release|Any CPU
		{5A6B7C8D-9E0F-1A2B-3C4D-5E6F7A8B9C0D}.Release|x86.ActiveCfg = Release|Any CPU
		{5A6B7C8D-9E0F-1A2B-3C4D-5E6F7A8B9C0D}.Release|x86.Build.0 = Release|Any CPU
		{1A2B3C4D-5E6F-7A8B-9C0D-1E2F3A4B5C6D}.Debug|Any CPU.ActiveCfg = Debug|Any CPU
		{1A2B3C4D-5E6F-7A8B-9C0D-1E2F3A4B5C6D}.Debug|Any CPU.Build.0 = Debug|Any CPU
		{1A2B3C4D-5E6F-7A8B-9C0D-1E2F3A4B5C6D}.Debug|x64.ActiveCfg = Debug|Any CPU
		{1A2B3C4D-5E6F-7A8B-9C0D-1E2F3A4B5C6D}.Debug|x64.Build.0 = Debug|Any CPU
		{1A2B3C4D-5E6F-7A8B-9C0D-1E2F3A4B5C6D}.Debug|x86.ActiveCfg = Debug|Any CPU
		{1A2B3C4D-5E6F-7A8B-9C0D-1E2F3A4B5C6D}.Debug|x86.Build.0 = Debug|Any CPU
		{1A2B3C4D-5E6F-7A8B-9C0D-1E2F3A4B5C6D}.Release|Any CPU.ActiveCfg = Release|Any CPU
		{1A2B3C4D-5E6F-7A8B-9C0D-1E2F3A4B5C6D}.Release|Any CPU.Build.0 = Release|Any CPU
		{1A2B3C4D-5E6F-7A8B-9C0D-1E2F3A4B5C6D}.Release|x64.ActiveCfg = Release|Any CPU
		{1A2B3C4D-5E6F-7A8B-9C0D-1E2F3A4B5C6D}.Release|x64.Build.0 = Release|Any CPU
		{1A2B3C4D-5E6F-7A8B-9C0D-1E2F3A4B5C6D}.Release|x86.ActiveCfg = Release|Any CPU
		{1A2B3C4D-5E6F-7A8B-9C0D-1E2F3A4B5C6D}.Release|x86.Build.0 = Release|Any CPU
		{D3D4CAC0-20C4-4E29-BF5F-C8079AF884B1}.Debug|Any CPU.ActiveCfg = Debug|Any CPU
		{D3D4CAC0-20C4-4E29-BF5F-C8079AF884B1}.Debug|Any CPU.Build.0 = Debug|Any CPU
		{D3D4CAC0-20C4-4E29-BF5F-C8079AF884B1}.Debug|x64.ActiveCfg = Debug|Any CPU
		{D3D4CAC0-20C4-4E29-BF5F-C8079AF884B1}.Debug|x64.Build.0 = Debug|Any CPU
		{D3D4CAC0-20C4-4E29-BF5F-C8079AF884B1}.Debug|x86.ActiveCfg = Debug|Any CPU
		{D3D4CAC0-20C4-4E29-BF5F-C8079AF884B1}.Debug|x86.Build.0 = Debug|Any CPU
		{D3D4CAC0-20C4-4E29-BF5F-C8079AF884B1}.Release|Any CPU.ActiveCfg = Release|Any CPU
		{D3D4CAC0-20C4-4E29-BF5F-C8079AF884B1}.Release|Any CPU.Build.0 = Release|Any CPU
		{D3D4CAC0-20C4-4E29-BF5F-C8079AF884B1}.Release|x64.ActiveCfg = Release|Any CPU
		{D3D4CAC0-20C4-4E29-BF5F-C8079AF884B1}.Release|x64.Build.0 = Release|Any CPU
		{D3D4CAC0-20C4-4E29-BF5F-C8079AF884B1}.Release|x86.ActiveCfg = Release|Any CPU
		{D3D4CAC0-20C4-4E29-BF5F-C8079AF884B1}.Release|x86.Build.0 = Release|Any CPU
		{62060CF0-0534-44DC-B7DD-350D565C7846}.Debug|Any CPU.ActiveCfg = Debug|Any CPU
		{62060CF0-0534-44DC-B7DD-350D565C7846}.Debug|Any CPU.Build.0 = Debug|Any CPU
		{62060CF0-0534-44DC-B7DD-350D565C7846}.Debug|x64.ActiveCfg = Debug|Any CPU
		{62060CF0-0534-44DC-B7DD-350D565C7846}.Debug|x64.Build.0 = Debug|Any CPU
		{62060CF0-0534-44DC-B7DD-350D565C7846}.Debug|x86.ActiveCfg = Debug|Any CPU
		{62060CF0-0534-44DC-B7DD-350D565C7846}.Debug|x86.Build.0 = Debug|Any CPU
		{62060CF0-0534-44DC-B7DD-350D565C7846}.Release|Any CPU.ActiveCfg = Release|Any CPU
		{62060CF0-0534-44DC-B7DD-350D565C7846}.Release|Any CPU.Build.0 = Release|Any CPU
		{62060CF0-0534-44DC-B7DD-350D565C7846}.Release|x64.ActiveCfg = Release|Any CPU
		{62060CF0-0534-44DC-B7DD-350D565C7846}.Release|x64.Build.0 = Release|Any CPU
		{62060CF0-0534-44DC-B7DD-350D565C7846}.Release|x86.ActiveCfg = Release|Any CPU
		{62060CF0-0534-44DC-B7DD-350D565C7846}.Release|x86.Build.0 = Release|Any CPU
		{2BD7FEC4-3191-43F7-AF50-61E0923E322C}.Debug|Any CPU.ActiveCfg = Debug|Any CPU
		{2BD7FEC4-3191-43F7-AF50-61E0923E322C}.Debug|Any CPU.Build.0 = Debug|Any CPU
		{2BD7FEC4-3191-43F7-AF50-61E0923E322C}.Debug|x64.ActiveCfg = Debug|Any CPU
		{2BD7FEC4-3191-43F7-AF50-61E0923E322C}.Debug|x64.Build.0 = Debug|Any CPU
		{2BD7FEC4-3191-43F7-AF50-61E0923E322C}.Debug|x86.ActiveCfg = Debug|Any CPU
		{2BD7FEC4-3191-43F7-AF50-61E0923E322C}.Debug|x86.Build.0 = Debug|Any CPU
		{2BD7FEC4-3191-43F7-AF50-61E0923E322C}.Release|Any CPU.ActiveCfg = Release|Any CPU
		{2BD7FEC4-3191-43F7-AF50-61E0923E322C}.Release|Any CPU.Build.0 = Release|Any CPU
		{2BD7FEC4-3191-43F7-AF50-61E0923E322C}.Release|x64.ActiveCfg = Release|Any CPU
		{2BD7FEC4-3191-43F7-AF50-61E0923E322C}.Release|x64.Build.0 = Release|Any CPU
		{2BD7FEC4-3191-43F7-AF50-61E0923E322C}.Release|x86.ActiveCfg = Release|Any CPU
		{2BD7FEC4-3191-43F7-AF50-61E0923E322C}.Release|x86.Build.0 = Release|Any CPU
		{FA4DD920-C24D-4BA9-BCEC-66220C168BFE}.Debug|Any CPU.ActiveCfg = Debug|Any CPU
		{FA4DD920-C24D-4BA9-BCEC-66220C168BFE}.Debug|Any CPU.Build.0 = Debug|Any CPU
		{FA4DD920-C24D-4BA9-BCEC-66220C168BFE}.Debug|x64.ActiveCfg = Debug|Any CPU
		{FA4DD920-C24D-4BA9-BCEC-66220C168BFE}.Debug|x64.Build.0 = Debug|Any CPU
		{FA4DD920-C24D-4BA9-BCEC-66220C168BFE}.Debug|x86.ActiveCfg = Debug|Any CPU
		{FA4DD920-C24D-4BA9-BCEC-66220C168BFE}.Debug|x86.Build.0 = Debug|Any CPU
		{FA4DD920-C24D-4BA9-BCEC-66220C168BFE}.Release|Any CPU.ActiveCfg = Release|Any CPU
		{FA4DD920-C24D-4BA9-BCEC-66220C168BFE}.Release|Any CPU.Build.0 = Release|Any CPU
		{FA4DD920-C24D-4BA9-BCEC-66220C168BFE}.Release|x64.ActiveCfg = Release|Any CPU
		{FA4DD920-C24D-4BA9-BCEC-66220C168BFE}.Release|x64.Build.0 = Release|Any CPU
		{FA4DD920-C24D-4BA9-BCEC-66220C168BFE}.Release|x86.ActiveCfg = Release|Any CPU
		{FA4DD920-C24D-4BA9-BCEC-66220C168BFE}.Release|x86.Build.0 = Release|Any CPU
		{E3DA08F9-2629-4051-A2E7-C3CBD4A1FAAA}.Debug|Any CPU.ActiveCfg = Debug|Any CPU
		{E3DA08F9-2629-4051-A2E7-C3CBD4A1FAAA}.Debug|Any CPU.Build.0 = Debug|Any CPU
		{E3DA08F9-2629-4051-A2E7-C3CBD4A1FAAA}.Debug|x64.ActiveCfg = Debug|Any CPU
		{E3DA08F9-2629-4051-A2E7-C3CBD4A1FAAA}.Debug|x64.Build.0 = Debug|Any CPU
		{E3DA08F9-2629-4051-A2E7-C3CBD4A1FAAA}.Debug|x86.ActiveCfg = Debug|Any CPU
		{E3DA08F9-2629-4051-A2E7-C3CBD4A1FAAA}.Debug|x86.Build.0 = Debug|Any CPU
		{E3DA08F9-2629-4051-A2E7-C3CBD4A1FAAA}.Release|Any CPU.ActiveCfg = Release|Any CPU
		{E3DA08F9-2629-4051-A2E7-C3CBD4A1FAAA}.Release|Any CPU.Build.0 = Release|Any CPU
		{E3DA08F9-2629-4051-A2E7-C3CBD4A1FAAA}.Release|x64.ActiveCfg = Release|Any CPU
		{E3DA08F9-2629-4051-A2E7-C3CBD4A1FAAA}.Release|x64.Build.0 = Release|Any CPU
		{E3DA08F9-2629-4051-A2E7-C3CBD4A1FAAA}.Release|x86.ActiveCfg = Release|Any CPU
		{E3DA08F9-2629-4051-A2E7-C3CBD4A1FAAA}.Release|x86.Build.0 = Release|Any CPU
		{721EFDBE-B195-4256-8C23-529617D02420}.Debug|Any CPU.ActiveCfg = Debug|Any CPU
		{721EFDBE-B195-4256-8C23-529617D02420}.Debug|Any CPU.Build.0 = Debug|Any CPU
		{721EFDBE-B195-4256-8C23-529617D02420}.Debug|x64.ActiveCfg = Debug|Any CPU
		{721EFDBE-B195-4256-8C23-529617D02420}.Debug|x64.Build.0 = Debug|Any CPU
		{721EFDBE-B195-4256-8C23-529617D02420}.Debug|x86.ActiveCfg = Debug|Any CPU
		{721EFDBE-B195-4256-8C23-529617D02420}.Debug|x86.Build.0 = Debug|Any CPU
		{721EFDBE-B195-4256-8C23-529617D02420}.Release|Any CPU.ActiveCfg = Release|Any CPU
		{721EFDBE-B195-4256-8C23-529617D02420}.Release|Any CPU.Build.0 = Release|Any CPU
		{721EFDBE-B195-4256-8C23-529617D02420}.Release|x64.ActiveCfg = Release|Any CPU
		{721EFDBE-B195-4256-8C23-529617D02420}.Release|x64.Build.0 = Release|Any CPU
		{721EFDBE-B195-4256-8C23-529617D02420}.Release|x86.ActiveCfg = Release|Any CPU
		{721EFDBE-B195-4256-8C23-529617D02420}.Release|x86.Build.0 = Release|Any CPU
		{A1D6E599-14A7-4615-9585-B6FCCD00059A}.Debug|Any CPU.ActiveCfg = Debug|Any CPU
		{A1D6E599-14A7-4615-9585-B6FCCD00059A}.Debug|Any CPU.Build.0 = Debug|Any CPU
		{A1D6E599-14A7-4615-9585-B6FCCD00059A}.Debug|x64.ActiveCfg = Debug|Any CPU
		{A1D6E599-14A7-4615-9585-B6FCCD00059A}.Debug|x64.Build.0 = Debug|Any CPU
		{A1D6E599-14A7-4615-9585-B6FCCD00059A}.Debug|x86.ActiveCfg = Debug|Any CPU
		{A1D6E599-14A7-4615-9585-B6FCCD00059A}.Debug|x86.Build.0 = Debug|Any CPU
		{A1D6E599-14A7-4615-9585-B6FCCD00059A}.Release|Any CPU.ActiveCfg = Release|Any CPU
		{A1D6E599-14A7-4615-9585-B6FCCD00059A}.Release|Any CPU.Build.0 = Release|Any CPU
		{A1D6E599-14A7-4615-9585-B6FCCD00059A}.Release|x64.ActiveCfg = Release|Any CPU
		{A1D6E599-14A7-4615-9585-B6FCCD00059A}.Release|x64.Build.0 = Release|Any CPU
		{A1D6E599-14A7-4615-9585-B6FCCD00059A}.Release|x86.ActiveCfg = Release|Any CPU
		{A1D6E599-14A7-4615-9585-B6FCCD00059A}.Release|x86.Build.0 = Release|Any CPU
		{01F001F4-5947-447D-877C-6F3D003C93DC}.Debug|Any CPU.ActiveCfg = Debug|Any CPU
		{01F001F4-5947-447D-877C-6F3D003C93DC}.Debug|Any CPU.Build.0 = Debug|Any CPU
		{01F001F4-5947-447D-877C-6F3D003C93DC}.Debug|x64.ActiveCfg = Debug|Any CPU
		{01F001F4-5947-447D-877C-6F3D003C93DC}.Debug|x64.Build.0 = Debug|Any CPU
		{01F001F4-5947-447D-877C-6F3D003C93DC}.Debug|x86.ActiveCfg = Debug|Any CPU
		{01F001F4-5947-447D-877C-6F3D003C93DC}.Debug|x86.Build.0 = Debug|Any CPU
		{01F001F4-5947-447D-877C-6F3D003C93DC}.Release|Any CPU.ActiveCfg = Release|Any CPU
		{01F001F4-5947-447D-877C-6F3D003C93DC}.Release|Any CPU.Build.0 = Release|Any CPU
		{01F001F4-5947-447D-877C-6F3D003C93DC}.Release|x64.ActiveCfg = Release|Any CPU
		{01F001F4-5947-447D-877C-6F3D003C93DC}.Release|x64.Build.0 = Release|Any CPU
		{01F001F4-5947-447D-877C-6F3D003C93DC}.Release|x86.ActiveCfg = Release|Any CPU
		{01F001F4-5947-447D-877C-6F3D003C93DC}.Release|x86.Build.0 = Release|Any CPU
		{CB0CD009-8496-4A9D-A3F2-39AC31FB56B2}.Debug|Any CPU.ActiveCfg = Debug|Any CPU
		{CB0CD009-8496-4A9D-A3F2-39AC31FB56B2}.Debug|Any CPU.Build.0 = Debug|Any CPU
		{CB0CD009-8496-4A9D-A3F2-39AC31FB56B2}.Debug|x64.ActiveCfg = Debug|Any CPU
		{CB0CD009-8496-4A9D-A3F2-39AC31FB56B2}.Debug|x64.Build.0 = Debug|Any CPU
		{CB0CD009-8496-4A9D-A3F2-39AC31FB56B2}.Debug|x86.ActiveCfg = Debug|Any CPU
		{CB0CD009-8496-4A9D-A3F2-39AC31FB56B2}.Debug|x86.Build.0 = Debug|Any CPU
		{CB0CD009-8496-4A9D-A3F2-39AC31FB56B2}.Release|Any CPU.ActiveCfg = Release|Any CPU
		{CB0CD009-8496-4A9D-A3F2-39AC31FB56B2}.Release|Any CPU.Build.0 = Release|Any CPU
		{CB0CD009-8496-4A9D-A3F2-39AC31FB56B2}.Release|x64.ActiveCfg = Release|Any CPU
		{CB0CD009-8496-4A9D-A3F2-39AC31FB56B2}.Release|x64.Build.0 = Release|Any CPU
		{CB0CD009-8496-4A9D-A3F2-39AC31FB56B2}.Release|x86.ActiveCfg = Release|Any CPU
		{CB0CD009-8496-4A9D-A3F2-39AC31FB56B2}.Release|x86.Build.0 = Release|Any CPU
		{8BFC86D9-B7F9-4F06-86A6-46DF0CBA3179}.Debug|Any CPU.ActiveCfg = Debug|Any CPU
		{8BFC86D9-B7F9-4F06-86A6-46DF0CBA3179}.Debug|Any CPU.Build.0 = Debug|Any CPU
		{8BFC86D9-B7F9-4F06-86A6-46DF0CBA3179}.Debug|x64.ActiveCfg = Debug|Any CPU
		{8BFC86D9-B7F9-4F06-86A6-46DF0CBA3179}.Debug|x64.Build.0 = Debug|Any CPU
		{8BFC86D9-B7F9-4F06-86A6-46DF0CBA3179}.Debug|x86.ActiveCfg = Debug|Any CPU
		{8BFC86D9-B7F9-4F06-86A6-46DF0CBA3179}.Debug|x86.Build.0 = Debug|Any CPU
		{8BFC86D9-B7F9-4F06-86A6-46DF0CBA3179}.Release|Any CPU.ActiveCfg = Release|Any CPU
		{8BFC86D9-B7F9-4F06-86A6-46DF0CBA3179}.Release|Any CPU.Build.0 = Release|Any CPU
		{8BFC86D9-B7F9-4F06-86A6-46DF0CBA3179}.Release|x64.ActiveCfg = Release|Any CPU
		{8BFC86D9-B7F9-4F06-86A6-46DF0CBA3179}.Release|x64.Build.0 = Release|Any CPU
		{8BFC86D9-B7F9-4F06-86A6-46DF0CBA3179}.Release|x86.ActiveCfg = Release|Any CPU
		{8BFC86D9-B7F9-4F06-86A6-46DF0CBA3179}.Release|x86.Build.0 = Release|Any CPU
		{08867DF1-631E-45D5-8812-694DFA426A99}.Debug|Any CPU.ActiveCfg = Debug|Any CPU
		{08867DF1-631E-45D5-8812-694DFA426A99}.Debug|Any CPU.Build.0 = Debug|Any CPU
		{08867DF1-631E-45D5-8812-694DFA426A99}.Debug|x64.ActiveCfg = Debug|Any CPU
		{08867DF1-631E-45D5-8812-694DFA426A99}.Debug|x64.Build.0 = Debug|Any CPU
		{08867DF1-631E-45D5-8812-694DFA426A99}.Debug|x86.ActiveCfg = Debug|Any CPU
		{08867DF1-631E-45D5-8812-694DFA426A99}.Debug|x86.Build.0 = Debug|Any CPU
		{08867DF1-631E-45D5-8812-694DFA426A99}.Release|Any CPU.ActiveCfg = Release|Any CPU
		{08867DF1-631E-45D5-8812-694DFA426A99}.Release|Any CPU.Build.0 = Release|Any CPU
		{08867DF1-631E-45D5-8812-694DFA426A99}.Release|x64.ActiveCfg = Release|Any CPU
		{08867DF1-631E-45D5-8812-694DFA426A99}.Release|x64.Build.0 = Release|Any CPU
		{08867DF1-631E-45D5-8812-694DFA426A99}.Release|x86.ActiveCfg = Release|Any CPU
		{08867DF1-631E-45D5-8812-694DFA426A99}.Release|x86.Build.0 = Release|Any CPU
		{D8DAC4D0-6A48-44BD-8EB8-D7AC92E1C5A0}.Debug|Any CPU.ActiveCfg = Debug|Any CPU
		{D8DAC4D0-6A48-44BD-8EB8-D7AC92E1C5A0}.Debug|Any CPU.Build.0 = Debug|Any CPU
		{D8DAC4D0-6A48-44BD-8EB8-D7AC92E1C5A0}.Debug|x64.ActiveCfg = Debug|Any CPU
		{D8DAC4D0-6A48-44BD-8EB8-D7AC92E1C5A0}.Debug|x64.Build.0 = Debug|Any CPU
		{D8DAC4D0-6A48-44BD-8EB8-D7AC92E1C5A0}.Debug|x86.ActiveCfg = Debug|Any CPU
		{D8DAC4D0-6A48-44BD-8EB8-D7AC92E1C5A0}.Debug|x86.Build.0 = Debug|Any CPU
		{D8DAC4D0-6A48-44BD-8EB8-D7AC92E1C5A0}.Release|Any CPU.ActiveCfg = Release|Any CPU
		{D8DAC4D0-6A48-44BD-8EB8-D7AC92E1C5A0}.Release|Any CPU.Build.0 = Release|Any CPU
		{D8DAC4D0-6A48-44BD-8EB8-D7AC92E1C5A0}.Release|x64.ActiveCfg = Release|Any CPU
		{D8DAC4D0-6A48-44BD-8EB8-D7AC92E1C5A0}.Release|x64.Build.0 = Release|Any CPU
		{D8DAC4D0-6A48-44BD-8EB8-D7AC92E1C5A0}.Release|x86.ActiveCfg = Release|Any CPU
		{D8DAC4D0-6A48-44BD-8EB8-D7AC92E1C5A0}.Release|x86.Build.0 = Release|Any CPU
		{005B173A-CBA7-4FF6-AF57-30013E93D5F2}.Debug|Any CPU.ActiveCfg = Debug|Any CPU
		{005B173A-CBA7-4FF6-AF57-30013E93D5F2}.Debug|Any CPU.Build.0 = Debug|Any CPU
		{005B173A-CBA7-4FF6-AF57-30013E93D5F2}.Debug|x64.ActiveCfg = Debug|Any CPU
		{005B173A-CBA7-4FF6-AF57-30013E93D5F2}.Debug|x64.Build.0 = Debug|Any CPU
		{005B173A-CBA7-4FF6-AF57-30013E93D5F2}.Debug|x86.ActiveCfg = Debug|Any CPU
		{005B173A-CBA7-4FF6-AF57-30013E93D5F2}.Debug|x86.Build.0 = Debug|Any CPU
		{005B173A-CBA7-4FF6-AF57-30013E93D5F2}.Release|Any CPU.ActiveCfg = Release|Any CPU
		{005B173A-CBA7-4FF6-AF57-30013E93D5F2}.Release|Any CPU.Build.0 = Release|Any CPU
		{005B173A-CBA7-4FF6-AF57-30013E93D5F2}.Release|x64.ActiveCfg = Release|Any CPU
		{005B173A-CBA7-4FF6-AF57-30013E93D5F2}.Release|x64.Build.0 = Release|Any CPU
		{005B173A-CBA7-4FF6-AF57-30013E93D5F2}.Release|x86.ActiveCfg = Release|Any CPU
		{005B173A-CBA7-4FF6-AF57-30013E93D5F2}.Release|x86.Build.0 = Release|Any CPU
		{AF3DD6BA-9102-47F3-95FE-88935601D825}.Debug|Any CPU.ActiveCfg = Debug|Any CPU
		{AF3DD6BA-9102-47F3-95FE-88935601D825}.Debug|Any CPU.Build.0 = Debug|Any CPU
		{AF3DD6BA-9102-47F3-95FE-88935601D825}.Debug|x64.ActiveCfg = Debug|Any CPU
		{AF3DD6BA-9102-47F3-95FE-88935601D825}.Debug|x64.Build.0 = Debug|Any CPU
		{AF3DD6BA-9102-47F3-95FE-88935601D825}.Debug|x86.ActiveCfg = Debug|Any CPU
		{AF3DD6BA-9102-47F3-95FE-88935601D825}.Debug|x86.Build.0 = Debug|Any CPU
		{AF3DD6BA-9102-47F3-95FE-88935601D825}.Release|Any CPU.ActiveCfg = Release|Any CPU
		{AF3DD6BA-9102-47F3-95FE-88935601D825}.Release|Any CPU.Build.0 = Release|Any CPU
		{AF3DD6BA-9102-47F3-95FE-88935601D825}.Release|x64.ActiveCfg = Release|Any CPU
		{AF3DD6BA-9102-47F3-95FE-88935601D825}.Release|x64.Build.0 = Release|Any CPU
		{AF3DD6BA-9102-47F3-95FE-88935601D825}.Release|x86.ActiveCfg = Release|Any CPU
		{AF3DD6BA-9102-47F3-95FE-88935601D825}.Release|x86.Build.0 = Release|Any CPU
		{84028D15-870A-469E-B359-E33BA0D1BCD8}.Debug|Any CPU.ActiveCfg = Debug|Any CPU
		{84028D15-870A-469E-B359-E33BA0D1BCD8}.Debug|Any CPU.Build.0 = Debug|Any CPU
		{84028D15-870A-469E-B359-E33BA0D1BCD8}.Debug|x64.ActiveCfg = Debug|Any CPU
		{84028D15-870A-469E-B359-E33BA0D1BCD8}.Debug|x64.Build.0 = Debug|Any CPU
		{84028D15-870A-469E-B359-E33BA0D1BCD8}.Debug|x86.ActiveCfg = Debug|Any CPU
		{84028D15-870A-469E-B359-E33BA0D1BCD8}.Debug|x86.Build.0 = Debug|Any CPU
		{84028D15-870A-469E-B359-E33BA0D1BCD8}.Release|Any CPU.ActiveCfg = Release|Any CPU
		{84028D15-870A-469E-B359-E33BA0D1BCD8}.Release|Any CPU.Build.0 = Release|Any CPU
		{84028D15-870A-469E-B359-E33BA0D1BCD8}.Release|x64.ActiveCfg = Release|Any CPU
		{84028D15-870A-469E-B359-E33BA0D1BCD8}.Release|x64.Build.0 = Release|Any CPU
		{84028D15-870A-469E-B359-E33BA0D1BCD8}.Release|x86.ActiveCfg = Release|Any CPU
		{84028D15-870A-469E-B359-E33BA0D1BCD8}.Release|x86.Build.0 = Release|Any CPU
		{B6284EA6-40AF-4F08-B941-2DD0BE3D82E0}.Debug|Any CPU.ActiveCfg = Debug|Any CPU
		{B6284EA6-40AF-4F08-B941-2DD0BE3D82E0}.Debug|Any CPU.Build.0 = Debug|Any CPU
		{B6284EA6-40AF-4F08-B941-2DD0BE3D82E0}.Debug|x64.ActiveCfg = Debug|Any CPU
		{B6284EA6-40AF-4F08-B941-2DD0BE3D82E0}.Debug|x64.Build.0 = Debug|Any CPU
		{B6284EA6-40AF-4F08-B941-2DD0BE3D82E0}.Debug|x86.ActiveCfg = Debug|Any CPU
		{B6284EA6-40AF-4F08-B941-2DD0BE3D82E0}.Debug|x86.Build.0 = Debug|Any CPU
		{B6284EA6-40AF-4F08-B941-2DD0BE3D82E0}.Release|Any CPU.ActiveCfg = Release|Any CPU
		{B6284EA6-40AF-4F08-B941-2DD0BE3D82E0}.Release|Any CPU.Build.0 = Release|Any CPU
		{B6284EA6-40AF-4F08-B941-2DD0BE3D82E0}.Release|x64.ActiveCfg = Release|Any CPU
		{B6284EA6-40AF-4F08-B941-2DD0BE3D82E0}.Release|x64.Build.0 = Release|Any CPU
		{B6284EA6-40AF-4F08-B941-2DD0BE3D82E0}.Release|x86.ActiveCfg = Release|Any CPU
		{B6284EA6-40AF-4F08-B941-2DD0BE3D82E0}.Release|x86.Build.0 = Release|Any CPU
		{BE4D76BE-6E44-4D98-9F21-3CDBA2AFBAC3}.Debug|Any CPU.ActiveCfg = Debug|Any CPU
		{BE4D76BE-6E44-4D98-9F21-3CDBA2AFBAC3}.Debug|Any CPU.Build.0 = Debug|Any CPU
		{BE4D76BE-6E44-4D98-9F21-3CDBA2AFBAC3}.Debug|x64.ActiveCfg = Debug|Any CPU
		{BE4D76BE-6E44-4D98-9F21-3CDBA2AFBAC3}.Debug|x64.Build.0 = Debug|Any CPU
		{BE4D76BE-6E44-4D98-9F21-3CDBA2AFBAC3}.Debug|x86.ActiveCfg = Debug|Any CPU
		{BE4D76BE-6E44-4D98-9F21-3CDBA2AFBAC3}.Debug|x86.Build.0 = Debug|Any CPU
		{BE4D76BE-6E44-4D98-9F21-3CDBA2AFBAC3}.Release|Any CPU.ActiveCfg = Release|Any CPU
		{BE4D76BE-6E44-4D98-9F21-3CDBA2AFBAC3}.Release|Any CPU.Build.0 = Release|Any CPU
		{BE4D76BE-6E44-4D98-9F21-3CDBA2AFBAC3}.Release|x64.ActiveCfg = Release|Any CPU
		{BE4D76BE-6E44-4D98-9F21-3CDBA2AFBAC3}.Release|x64.Build.0 = Release|Any CPU
		{BE4D76BE-6E44-4D98-9F21-3CDBA2AFBAC3}.Release|x86.ActiveCfg = Release|Any CPU
		{BE4D76BE-6E44-4D98-9F21-3CDBA2AFBAC3}.Release|x86.Build.0 = Release|Any CPU
		{670B155C-9B74-4931-9F0C-158E5817351C}.Debug|Any CPU.ActiveCfg = Debug|Any CPU
		{670B155C-9B74-4931-9F0C-158E5817351C}.Debug|Any CPU.Build.0 = Debug|Any CPU
		{670B155C-9B74-4931-9F0C-158E5817351C}.Debug|x64.ActiveCfg = Debug|Any CPU
		{670B155C-9B74-4931-9F0C-158E5817351C}.Debug|x64.Build.0 = Debug|Any CPU
		{670B155C-9B74-4931-9F0C-158E5817351C}.Debug|x86.ActiveCfg = Debug|Any CPU
		{670B155C-9B74-4931-9F0C-158E5817351C}.Debug|x86.Build.0 = Debug|Any CPU
		{670B155C-9B74-4931-9F0C-158E5817351C}.Release|Any CPU.ActiveCfg = Release|Any CPU
		{670B155C-9B74-4931-9F0C-158E5817351C}.Release|Any CPU.Build.0 = Release|Any CPU
		{670B155C-9B74-4931-9F0C-158E5817351C}.Release|x64.ActiveCfg = Release|Any CPU
		{670B155C-9B74-4931-9F0C-158E5817351C}.Release|x64.Build.0 = Release|Any CPU
		{670B155C-9B74-4931-9F0C-158E5817351C}.Release|x86.ActiveCfg = Release|Any CPU
		{670B155C-9B74-4931-9F0C-158E5817351C}.Release|x86.Build.0 = Release|Any CPU
		{B76D4FED-9170-461F-AD9C-46DA5087A5B3}.Debug|Any CPU.ActiveCfg = Debug|Any CPU
		{B76D4FED-9170-461F-AD9C-46DA5087A5B3}.Debug|Any CPU.Build.0 = Debug|Any CPU
		{B76D4FED-9170-461F-AD9C-46DA5087A5B3}.Debug|x64.ActiveCfg = Debug|Any CPU
		{B76D4FED-9170-461F-AD9C-46DA5087A5B3}.Debug|x64.Build.0 = Debug|Any CPU
		{B76D4FED-9170-461F-AD9C-46DA5087A5B3}.Debug|x86.ActiveCfg = Debug|Any CPU
		{B76D4FED-9170-461F-AD9C-46DA5087A5B3}.Debug|x86.Build.0 = Debug|Any CPU
		{B76D4FED-9170-461F-AD9C-46DA5087A5B3}.Release|Any CPU.ActiveCfg = Release|Any CPU
		{B76D4FED-9170-461F-AD9C-46DA5087A5B3}.Release|Any CPU.Build.0 = Release|Any CPU
		{B76D4FED-9170-461F-AD9C-46DA5087A5B3}.Release|x64.ActiveCfg = Release|Any CPU
		{B76D4FED-9170-461F-AD9C-46DA5087A5B3}.Release|x64.Build.0 = Release|Any CPU
		{B76D4FED-9170-461F-AD9C-46DA5087A5B3}.Release|x86.ActiveCfg = Release|Any CPU
		{B76D4FED-9170-461F-AD9C-46DA5087A5B3}.Release|x86.Build.0 = Release|Any CPU
		{48BB9266-7D7C-4C73-8F4A-14242846363E}.Debug|Any CPU.ActiveCfg = Debug|Any CPU
		{48BB9266-7D7C-4C73-8F4A-14242846363E}.Debug|Any CPU.Build.0 = Debug|Any CPU
		{48BB9266-7D7C-4C73-8F4A-14242846363E}.Debug|x64.ActiveCfg = Debug|Any CPU
		{48BB9266-7D7C-4C73-8F4A-14242846363E}.Debug|x64.Build.0 = Debug|Any CPU
		{48BB9266-7D7C-4C73-8F4A-14242846363E}.Debug|x86.ActiveCfg = Debug|Any CPU
		{48BB9266-7D7C-4C73-8F4A-14242846363E}.Debug|x86.Build.0 = Debug|Any CPU
		{48BB9266-7D7C-4C73-8F4A-14242846363E}.Release|Any CPU.ActiveCfg = Release|Any CPU
		{48BB9266-7D7C-4C73-8F4A-14242846363E}.Release|Any CPU.Build.0 = Release|Any CPU
		{48BB9266-7D7C-4C73-8F4A-14242846363E}.Release|x64.ActiveCfg = Release|Any CPU
		{48BB9266-7D7C-4C73-8F4A-14242846363E}.Release|x64.Build.0 = Release|Any CPU
		{48BB9266-7D7C-4C73-8F4A-14242846363E}.Release|x86.ActiveCfg = Release|Any CPU
		{48BB9266-7D7C-4C73-8F4A-14242846363E}.Release|x86.Build.0 = Release|Any CPU
		{2E446C1C-29F7-4777-8207-E1C65488838C}.Debug|Any CPU.ActiveCfg = Debug|Any CPU
		{2E446C1C-29F7-4777-8207-E1C65488838C}.Debug|Any CPU.Build.0 = Debug|Any CPU
		{2E446C1C-29F7-4777-8207-E1C65488838C}.Debug|x64.ActiveCfg = Debug|Any CPU
		{2E446C1C-29F7-4777-8207-E1C65488838C}.Debug|x64.Build.0 = Debug|Any CPU
		{2E446C1C-29F7-4777-8207-E1C65488838C}.Debug|x86.ActiveCfg = Debug|Any CPU
		{2E446C1C-29F7-4777-8207-E1C65488838C}.Debug|x86.Build.0 = Debug|Any CPU
		{2E446C1C-29F7-4777-8207-E1C65488838C}.Release|Any CPU.ActiveCfg = Release|Any CPU
		{2E446C1C-29F7-4777-8207-E1C65488838C}.Release|Any CPU.Build.0 = Release|Any CPU
		{2E446C1C-29F7-4777-8207-E1C65488838C}.Release|x64.ActiveCfg = Release|Any CPU
		{2E446C1C-29F7-4777-8207-E1C65488838C}.Release|x64.Build.0 = Release|Any CPU
		{2E446C1C-29F7-4777-8207-E1C65488838C}.Release|x86.ActiveCfg = Release|Any CPU
		{2E446C1C-29F7-4777-8207-E1C65488838C}.Release|x86.Build.0 = Release|Any CPU
		{01858EA9-D73C-45F9-8C04-D9DEC3927FFC}.Debug|Any CPU.ActiveCfg = Debug|Any CPU
		{01858EA9-D73C-45F9-8C04-D9DEC3927FFC}.Debug|Any CPU.Build.0 = Debug|Any CPU
		{01858EA9-D73C-45F9-8C04-D9DEC3927FFC}.Debug|x64.ActiveCfg = Debug|Any CPU
		{01858EA9-D73C-45F9-8C04-D9DEC3927FFC}.Debug|x64.Build.0 = Debug|Any CPU
		{01858EA9-D73C-45F9-8C04-D9DEC3927FFC}.Debug|x86.ActiveCfg = Debug|Any CPU
		{01858EA9-D73C-45F9-8C04-D9DEC3927FFC}.Debug|x86.Build.0 = Debug|Any CPU
		{01858EA9-D73C-45F9-8C04-D9DEC3927FFC}.Release|Any CPU.ActiveCfg = Release|Any CPU
		{01858EA9-D73C-45F9-8C04-D9DEC3927FFC}.Release|Any CPU.Build.0 = Release|Any CPU
		{01858EA9-D73C-45F9-8C04-D9DEC3927FFC}.Release|x64.ActiveCfg = Release|Any CPU
		{01858EA9-D73C-45F9-8C04-D9DEC3927FFC}.Release|x64.Build.0 = Release|Any CPU
		{01858EA9-D73C-45F9-8C04-D9DEC3927FFC}.Release|x86.ActiveCfg = Release|Any CPU
		{01858EA9-D73C-45F9-8C04-D9DEC3927FFC}.Release|x86.Build.0 = Release|Any CPU
		{6DB9DA2B-9E2A-4521-B95C-B5560673C834}.Debug|Any CPU.ActiveCfg = Debug|Any CPU
		{6DB9DA2B-9E2A-4521-B95C-B5560673C834}.Debug|Any CPU.Build.0 = Debug|Any CPU
		{6DB9DA2B-9E2A-4521-B95C-B5560673C834}.Debug|x64.ActiveCfg = Debug|Any CPU
		{6DB9DA2B-9E2A-4521-B95C-B5560673C834}.Debug|x64.Build.0 = Debug|Any CPU
		{6DB9DA2B-9E2A-4521-B95C-B5560673C834}.Debug|x86.ActiveCfg = Debug|Any CPU
		{6DB9DA2B-9E2A-4521-B95C-B5560673C834}.Debug|x86.Build.0 = Debug|Any CPU
		{6DB9DA2B-9E2A-4521-B95C-B5560673C834}.Release|Any CPU.ActiveCfg = Release|Any CPU
		{6DB9DA2B-9E2A-4521-B95C-B5560673C834}.Release|Any CPU.Build.0 = Release|Any CPU
		{6DB9DA2B-9E2A-4521-B95C-B5560673C834}.Release|x64.ActiveCfg = Release|Any CPU
		{6DB9DA2B-9E2A-4521-B95C-B5560673C834}.Release|x64.Build.0 = Release|Any CPU
		{6DB9DA2B-9E2A-4521-B95C-B5560673C834}.Release|x86.ActiveCfg = Release|Any CPU
		{6DB9DA2B-9E2A-4521-B95C-B5560673C834}.Release|x86.Build.0 = Release|Any CPU
		{DB1D39D7-D254-4676-B240-43E2940DD81D}.Debug|Any CPU.ActiveCfg = Debug|Any CPU
		{DB1D39D7-D254-4676-B240-43E2940DD81D}.Debug|Any CPU.Build.0 = Debug|Any CPU
		{DB1D39D7-D254-4676-B240-43E2940DD81D}.Debug|x64.ActiveCfg = Debug|Any CPU
		{DB1D39D7-D254-4676-B240-43E2940DD81D}.Debug|x64.Build.0 = Debug|Any CPU
		{DB1D39D7-D254-4676-B240-43E2940DD81D}.Debug|x86.ActiveCfg = Debug|Any CPU
		{DB1D39D7-D254-4676-B240-43E2940DD81D}.Debug|x86.Build.0 = Debug|Any CPU
		{DB1D39D7-D254-4676-B240-43E2940DD81D}.Release|Any CPU.ActiveCfg = Release|Any CPU
		{DB1D39D7-D254-4676-B240-43E2940DD81D}.Release|Any CPU.Build.0 = Release|Any CPU
		{DB1D39D7-D254-4676-B240-43E2940DD81D}.Release|x64.ActiveCfg = Release|Any CPU
		{DB1D39D7-D254-4676-B240-43E2940DD81D}.Release|x64.Build.0 = Release|Any CPU
		{DB1D39D7-D254-4676-B240-43E2940DD81D}.Release|x86.ActiveCfg = Release|Any CPU
		{DB1D39D7-D254-4676-B240-43E2940DD81D}.Release|x86.Build.0 = Release|Any CPU
		{43B0951D-3322-4FE3-B466-F33F727F8CC6}.Debug|Any CPU.ActiveCfg = Debug|Any CPU
		{43B0951D-3322-4FE3-B466-F33F727F8CC6}.Debug|Any CPU.Build.0 = Debug|Any CPU
		{43B0951D-3322-4FE3-B466-F33F727F8CC6}.Debug|x64.ActiveCfg = Debug|Any CPU
		{43B0951D-3322-4FE3-B466-F33F727F8CC6}.Debug|x64.Build.0 = Debug|Any CPU
		{43B0951D-3322-4FE3-B466-F33F727F8CC6}.Debug|x86.ActiveCfg = Debug|Any CPU
		{43B0951D-3322-4FE3-B466-F33F727F8CC6}.Debug|x86.Build.0 = Debug|Any CPU
		{43B0951D-3322-4FE3-B466-F33F727F8CC6}.Release|Any CPU.ActiveCfg = Release|Any CPU
		{43B0951D-3322-4FE3-B466-F33F727F8CC6}.Release|Any CPU.Build.0 = Release|Any CPU
		{43B0951D-3322-4FE3-B466-F33F727F8CC6}.Release|x64.ActiveCfg = Release|Any CPU
		{43B0951D-3322-4FE3-B466-F33F727F8CC6}.Release|x64.Build.0 = Release|Any CPU
		{43B0951D-3322-4FE3-B466-F33F727F8CC6}.Release|x86.ActiveCfg = Release|Any CPU
		{43B0951D-3322-4FE3-B466-F33F727F8CC6}.Release|x86.Build.0 = Release|Any CPU
		{EDB49714-BFC8-49D9-834C-2A7033FD9185}.Debug|Any CPU.ActiveCfg = Debug|Any CPU
		{EDB49714-BFC8-49D9-834C-2A7033FD9185}.Debug|Any CPU.Build.0 = Debug|Any CPU
		{EDB49714-BFC8-49D9-834C-2A7033FD9185}.Debug|x64.ActiveCfg = Debug|Any CPU
		{EDB49714-BFC8-49D9-834C-2A7033FD9185}.Debug|x64.Build.0 = Debug|Any CPU
		{EDB49714-BFC8-49D9-834C-2A7033FD9185}.Debug|x86.ActiveCfg = Debug|Any CPU
		{EDB49714-BFC8-49D9-834C-2A7033FD9185}.Debug|x86.Build.0 = Debug|Any CPU
		{EDB49714-BFC8-49D9-834C-2A7033FD9185}.Release|Any CPU.ActiveCfg = Release|Any CPU
		{EDB49714-BFC8-49D9-834C-2A7033FD9185}.Release|Any CPU.Build.0 = Release|Any CPU
		{EDB49714-BFC8-49D9-834C-2A7033FD9185}.Release|x64.ActiveCfg = Release|Any CPU
		{EDB49714-BFC8-49D9-834C-2A7033FD9185}.Release|x64.Build.0 = Release|Any CPU
		{EDB49714-BFC8-49D9-834C-2A7033FD9185}.Release|x86.ActiveCfg = Release|Any CPU
		{EDB49714-BFC8-49D9-834C-2A7033FD9185}.Release|x86.Build.0 = Release|Any CPU
		{ABBAB2EC-6BE9-481C-ADD1-F27F3F50C40B}.Debug|Any CPU.ActiveCfg = Debug|Any CPU
		{ABBAB2EC-6BE9-481C-ADD1-F27F3F50C40B}.Debug|Any CPU.Build.0 = Debug|Any CPU
		{ABBAB2EC-6BE9-481C-ADD1-F27F3F50C40B}.Debug|x64.ActiveCfg = Debug|Any CPU
		{ABBAB2EC-6BE9-481C-ADD1-F27F3F50C40B}.Debug|x64.Build.0 = Debug|Any CPU
		{ABBAB2EC-6BE9-481C-ADD1-F27F3F50C40B}.Debug|x86.ActiveCfg = Debug|Any CPU
		{ABBAB2EC-6BE9-481C-ADD1-F27F3F50C40B}.Debug|x86.Build.0 = Debug|Any CPU
		{ABBAB2EC-6BE9-481C-ADD1-F27F3F50C40B}.Release|Any CPU.ActiveCfg = Release|Any CPU
		{ABBAB2EC-6BE9-481C-ADD1-F27F3F50C40B}.Release|Any CPU.Build.0 = Release|Any CPU
		{ABBAB2EC-6BE9-481C-ADD1-F27F3F50C40B}.Release|x64.ActiveCfg = Release|Any CPU
		{ABBAB2EC-6BE9-481C-ADD1-F27F3F50C40B}.Release|x64.Build.0 = Release|Any CPU
		{ABBAB2EC-6BE9-481C-ADD1-F27F3F50C40B}.Release|x86.ActiveCfg = Release|Any CPU
		{ABBAB2EC-6BE9-481C-ADD1-F27F3F50C40B}.Release|x86.Build.0 = Release|Any CPU
		{6BE4FB6D-2ED1-48CE-97EC-3FD2F29851C2}.Debug|Any CPU.ActiveCfg = Debug|Any CPU
		{6BE4FB6D-2ED1-48CE-97EC-3FD2F29851C2}.Debug|Any CPU.Build.0 = Debug|Any CPU
		{6BE4FB6D-2ED1-48CE-97EC-3FD2F29851C2}.Debug|x64.ActiveCfg = Debug|Any CPU
		{6BE4FB6D-2ED1-48CE-97EC-3FD2F29851C2}.Debug|x64.Build.0 = Debug|Any CPU
		{6BE4FB6D-2ED1-48CE-97EC-3FD2F29851C2}.Debug|x86.ActiveCfg = Debug|Any CPU
		{6BE4FB6D-2ED1-48CE-97EC-3FD2F29851C2}.Debug|x86.Build.0 = Debug|Any CPU
		{6BE4FB6D-2ED1-48CE-97EC-3FD2F29851C2}.Release|Any CPU.ActiveCfg = Release|Any CPU
		{6BE4FB6D-2ED1-48CE-97EC-3FD2F29851C2}.Release|Any CPU.Build.0 = Release|Any CPU
		{6BE4FB6D-2ED1-48CE-97EC-3FD2F29851C2}.Release|x64.ActiveCfg = Release|Any CPU
		{6BE4FB6D-2ED1-48CE-97EC-3FD2F29851C2}.Release|x64.Build.0 = Release|Any CPU
		{6BE4FB6D-2ED1-48CE-97EC-3FD2F29851C2}.Release|x86.ActiveCfg = Release|Any CPU
		{6BE4FB6D-2ED1-48CE-97EC-3FD2F29851C2}.Release|x86.Build.0 = Release|Any CPU
		{04E9F116-FE61-448E-A2BB-BBBEAF7DA4AB}.Debug|Any CPU.ActiveCfg = Debug|Any CPU
		{04E9F116-FE61-448E-A2BB-BBBEAF7DA4AB}.Debug|Any CPU.Build.0 = Debug|Any CPU
		{04E9F116-FE61-448E-A2BB-BBBEAF7DA4AB}.Debug|x64.ActiveCfg = Debug|Any CPU
		{04E9F116-FE61-448E-A2BB-BBBEAF7DA4AB}.Debug|x64.Build.0 = Debug|Any CPU
		{04E9F116-FE61-448E-A2BB-BBBEAF7DA4AB}.Debug|x86.ActiveCfg = Debug|Any CPU
		{04E9F116-FE61-448E-A2BB-BBBEAF7DA4AB}.Debug|x86.Build.0 = Debug|Any CPU
		{04E9F116-FE61-448E-A2BB-BBBEAF7DA4AB}.Release|Any CPU.ActiveCfg = Release|Any CPU
		{04E9F116-FE61-448E-A2BB-BBBEAF7DA4AB}.Release|Any CPU.Build.0 = Release|Any CPU
		{04E9F116-FE61-448E-A2BB-BBBEAF7DA4AB}.Release|x64.ActiveCfg = Release|Any CPU
		{04E9F116-FE61-448E-A2BB-BBBEAF7DA4AB}.Release|x64.Build.0 = Release|Any CPU
		{04E9F116-FE61-448E-A2BB-BBBEAF7DA4AB}.Release|x86.ActiveCfg = Release|Any CPU
		{04E9F116-FE61-448E-A2BB-BBBEAF7DA4AB}.Release|x86.Build.0 = Release|Any CPU
		{ACD371DB-A94B-4405-8476-2D7DA39DC089}.Debug|Any CPU.ActiveCfg = Debug|Any CPU
		{ACD371DB-A94B-4405-8476-2D7DA39DC089}.Debug|Any CPU.Build.0 = Debug|Any CPU
		{ACD371DB-A94B-4405-8476-2D7DA39DC089}.Debug|x64.ActiveCfg = Debug|Any CPU
		{ACD371DB-A94B-4405-8476-2D7DA39DC089}.Debug|x64.Build.0 = Debug|Any CPU
		{ACD371DB-A94B-4405-8476-2D7DA39DC089}.Debug|x86.ActiveCfg = Debug|Any CPU
		{ACD371DB-A94B-4405-8476-2D7DA39DC089}.Debug|x86.Build.0 = Debug|Any CPU
		{ACD371DB-A94B-4405-8476-2D7DA39DC089}.Release|Any CPU.ActiveCfg = Release|Any CPU
		{ACD371DB-A94B-4405-8476-2D7DA39DC089}.Release|Any CPU.Build.0 = Release|Any CPU
		{ACD371DB-A94B-4405-8476-2D7DA39DC089}.Release|x64.ActiveCfg = Release|Any CPU
		{ACD371DB-A94B-4405-8476-2D7DA39DC089}.Release|x64.Build.0 = Release|Any CPU
		{ACD371DB-A94B-4405-8476-2D7DA39DC089}.Release|x86.ActiveCfg = Release|Any CPU
		{ACD371DB-A94B-4405-8476-2D7DA39DC089}.Release|x86.Build.0 = Release|Any CPU
		{9BD39109-E3AF-46B9-85EF-70FDDBFF8999}.Debug|Any CPU.ActiveCfg = Debug|Any CPU
		{9BD39109-E3AF-46B9-85EF-70FDDBFF8999}.Debug|Any CPU.Build.0 = Debug|Any CPU
		{9BD39109-E3AF-46B9-85EF-70FDDBFF8999}.Debug|x64.ActiveCfg = Debug|Any CPU
		{9BD39109-E3AF-46B9-85EF-70FDDBFF8999}.Debug|x64.Build.0 = Debug|Any CPU
		{9BD39109-E3AF-46B9-85EF-70FDDBFF8999}.Debug|x86.ActiveCfg = Debug|Any CPU
		{9BD39109-E3AF-46B9-85EF-70FDDBFF8999}.Debug|x86.Build.0 = Debug|Any CPU
		{9BD39109-E3AF-46B9-85EF-70FDDBFF8999}.Release|Any CPU.ActiveCfg = Release|Any CPU
		{9BD39109-E3AF-46B9-85EF-70FDDBFF8999}.Release|Any CPU.Build.0 = Release|Any CPU
		{9BD39109-E3AF-46B9-85EF-70FDDBFF8999}.Release|x64.ActiveCfg = Release|Any CPU
		{9BD39109-E3AF-46B9-85EF-70FDDBFF8999}.Release|x64.Build.0 = Release|Any CPU
		{9BD39109-E3AF-46B9-85EF-70FDDBFF8999}.Release|x86.ActiveCfg = Release|Any CPU
		{9BD39109-E3AF-46B9-85EF-70FDDBFF8999}.Release|x86.Build.0 = Release|Any CPU
		{1D5D3333-C0A3-461C-B2F3-32F8099B17CE}.Debug|Any CPU.ActiveCfg = Debug|Any CPU
		{1D5D3333-C0A3-461C-B2F3-32F8099B17CE}.Debug|Any CPU.Build.0 = Debug|Any CPU
		{1D5D3333-C0A3-461C-B2F3-32F8099B17CE}.Debug|x64.ActiveCfg = Debug|Any CPU
		{1D5D3333-C0A3-461C-B2F3-32F8099B17CE}.Debug|x64.Build.0 = Debug|Any CPU
		{1D5D3333-C0A3-461C-B2F3-32F8099B17CE}.Debug|x86.ActiveCfg = Debug|Any CPU
		{1D5D3333-C0A3-461C-B2F3-32F8099B17CE}.Debug|x86.Build.0 = Debug|Any CPU
		{1D5D3333-C0A3-461C-B2F3-32F8099B17CE}.Release|Any CPU.ActiveCfg = Release|Any CPU
		{1D5D3333-C0A3-461C-B2F3-32F8099B17CE}.Release|Any CPU.Build.0 = Release|Any CPU
		{1D5D3333-C0A3-461C-B2F3-32F8099B17CE}.Release|x64.ActiveCfg = Release|Any CPU
		{1D5D3333-C0A3-461C-B2F3-32F8099B17CE}.Release|x64.Build.0 = Release|Any CPU
		{1D5D3333-C0A3-461C-B2F3-32F8099B17CE}.Release|x86.ActiveCfg = Release|Any CPU
		{1D5D3333-C0A3-461C-B2F3-32F8099B17CE}.Release|x86.Build.0 = Release|Any CPU
		{24F2A510-F01B-43CC-908B-B1E29ED75EF5}.Debug|Any CPU.ActiveCfg = Debug|Any CPU
		{24F2A510-F01B-43CC-908B-B1E29ED75EF5}.Debug|Any CPU.Build.0 = Debug|Any CPU
		{24F2A510-F01B-43CC-908B-B1E29ED75EF5}.Debug|x64.ActiveCfg = Debug|Any CPU
		{24F2A510-F01B-43CC-908B-B1E29ED75EF5}.Debug|x64.Build.0 = Debug|Any CPU
		{24F2A510-F01B-43CC-908B-B1E29ED75EF5}.Debug|x86.ActiveCfg = Debug|Any CPU
		{24F2A510-F01B-43CC-908B-B1E29ED75EF5}.Debug|x86.Build.0 = Debug|Any CPU
		{24F2A510-F01B-43CC-908B-B1E29ED75EF5}.Release|Any CPU.ActiveCfg = Release|Any CPU
		{24F2A510-F01B-43CC-908B-B1E29ED75EF5}.Release|Any CPU.Build.0 = Release|Any CPU
		{24F2A510-F01B-43CC-908B-B1E29ED75EF5}.Release|x64.ActiveCfg = Release|Any CPU
		{24F2A510-F01B-43CC-908B-B1E29ED75EF5}.Release|x64.Build.0 = Release|Any CPU
		{24F2A510-F01B-43CC-908B-B1E29ED75EF5}.Release|x86.ActiveCfg = Release|Any CPU
		{24F2A510-F01B-43CC-908B-B1E29ED75EF5}.Release|x86.Build.0 = Release|Any CPU
		{927FA101-024D-41B1-8E6D-AF73AB077B66}.Debug|Any CPU.ActiveCfg = Debug|Any CPU
		{927FA101-024D-41B1-8E6D-AF73AB077B66}.Debug|Any CPU.Build.0 = Debug|Any CPU
		{927FA101-024D-41B1-8E6D-AF73AB077B66}.Debug|x64.ActiveCfg = Debug|Any CPU
		{927FA101-024D-41B1-8E6D-AF73AB077B66}.Debug|x64.Build.0 = Debug|Any CPU
		{927FA101-024D-41B1-8E6D-AF73AB077B66}.Debug|x86.ActiveCfg = Debug|Any CPU
		{927FA101-024D-41B1-8E6D-AF73AB077B66}.Debug|x86.Build.0 = Debug|Any CPU
		{927FA101-024D-41B1-8E6D-AF73AB077B66}.Release|Any CPU.ActiveCfg = Release|Any CPU
		{927FA101-024D-41B1-8E6D-AF73AB077B66}.Release|Any CPU.Build.0 = Release|Any CPU
		{927FA101-024D-41B1-8E6D-AF73AB077B66}.Release|x64.ActiveCfg = Release|Any CPU
		{927FA101-024D-41B1-8E6D-AF73AB077B66}.Release|x64.Build.0 = Release|Any CPU
		{927FA101-024D-41B1-8E6D-AF73AB077B66}.Release|x86.ActiveCfg = Release|Any CPU
		{927FA101-024D-41B1-8E6D-AF73AB077B66}.Release|x86.Build.0 = Release|Any CPU
		{2FBA88E6-044F-44AE-9DF0-C7F65A8F3A38}.Debug|Any CPU.ActiveCfg = Debug|Any CPU
		{2FBA88E6-044F-44AE-9DF0-C7F65A8F3A38}.Debug|Any CPU.Build.0 = Debug|Any CPU
		{2FBA88E6-044F-44AE-9DF0-C7F65A8F3A38}.Debug|x64.ActiveCfg = Debug|Any CPU
		{2FBA88E6-044F-44AE-9DF0-C7F65A8F3A38}.Debug|x64.Build.0 = Debug|Any CPU
		{2FBA88E6-044F-44AE-9DF0-C7F65A8F3A38}.Debug|x86.ActiveCfg = Debug|Any CPU
		{2FBA88E6-044F-44AE-9DF0-C7F65A8F3A38}.Debug|x86.Build.0 = Debug|Any CPU
		{2FBA88E6-044F-44AE-9DF0-C7F65A8F3A38}.Release|Any CPU.ActiveCfg = Release|Any CPU
		{2FBA88E6-044F-44AE-9DF0-C7F65A8F3A38}.Release|Any CPU.Build.0 = Release|Any CPU
		{2FBA88E6-044F-44AE-9DF0-C7F65A8F3A38}.Release|x64.ActiveCfg = Release|Any CPU
		{2FBA88E6-044F-44AE-9DF0-C7F65A8F3A38}.Release|x64.Build.0 = Release|Any CPU
		{2FBA88E6-044F-44AE-9DF0-C7F65A8F3A38}.Release|x86.ActiveCfg = Release|Any CPU
		{2FBA88E6-044F-44AE-9DF0-C7F65A8F3A38}.Release|x86.Build.0 = Release|Any CPU
		{CDAC483C-76A8-4E3A-B637-854ED9992B0A}.Debug|Any CPU.ActiveCfg = Debug|Any CPU
		{CDAC483C-76A8-4E3A-B637-854ED9992B0A}.Debug|Any CPU.Build.0 = Debug|Any CPU
		{CDAC483C-76A8-4E3A-B637-854ED9992B0A}.Debug|x64.ActiveCfg = Debug|Any CPU
		{CDAC483C-76A8-4E3A-B637-854ED9992B0A}.Debug|x64.Build.0 = Debug|Any CPU
		{CDAC483C-76A8-4E3A-B637-854ED9992B0A}.Debug|x86.ActiveCfg = Debug|Any CPU
		{CDAC483C-76A8-4E3A-B637-854ED9992B0A}.Debug|x86.Build.0 = Debug|Any CPU
		{CDAC483C-76A8-4E3A-B637-854ED9992B0A}.Release|Any CPU.ActiveCfg = Release|Any CPU
		{CDAC483C-76A8-4E3A-B637-854ED9992B0A}.Release|Any CPU.Build.0 = Release|Any CPU
		{CDAC483C-76A8-4E3A-B637-854ED9992B0A}.Release|x64.ActiveCfg = Release|Any CPU
		{CDAC483C-76A8-4E3A-B637-854ED9992B0A}.Release|x64.Build.0 = Release|Any CPU
		{CDAC483C-76A8-4E3A-B637-854ED9992B0A}.Release|x86.ActiveCfg = Release|Any CPU
		{CDAC483C-76A8-4E3A-B637-854ED9992B0A}.Release|x86.Build.0 = Release|Any CPU
		{C863364E-4DD3-44ED-823F-E55EA7970F12}.Debug|Any CPU.ActiveCfg = Debug|Any CPU
		{C863364E-4DD3-44ED-823F-E55EA7970F12}.Debug|Any CPU.Build.0 = Debug|Any CPU
		{C863364E-4DD3-44ED-823F-E55EA7970F12}.Debug|x64.ActiveCfg = Debug|Any CPU
		{C863364E-4DD3-44ED-823F-E55EA7970F12}.Debug|x64.Build.0 = Debug|Any CPU
		{C863364E-4DD3-44ED-823F-E55EA7970F12}.Debug|x86.ActiveCfg = Debug|Any CPU
		{C863364E-4DD3-44ED-823F-E55EA7970F12}.Debug|x86.Build.0 = Debug|Any CPU
		{C863364E-4DD3-44ED-823F-E55EA7970F12}.Release|Any CPU.ActiveCfg = Release|Any CPU
		{C863364E-4DD3-44ED-823F-E55EA7970F12}.Release|Any CPU.Build.0 = Release|Any CPU
		{C863364E-4DD3-44ED-823F-E55EA7970F12}.Release|x64.ActiveCfg = Release|Any CPU
		{C863364E-4DD3-44ED-823F-E55EA7970F12}.Release|x64.Build.0 = Release|Any CPU
		{C863364E-4DD3-44ED-823F-E55EA7970F12}.Release|x86.ActiveCfg = Release|Any CPU
		{C863364E-4DD3-44ED-823F-E55EA7970F12}.Release|x86.Build.0 = Release|Any CPU
		{1F1A0D8A-9716-434F-BB2E-42017C758FB1}.Debug|Any CPU.ActiveCfg = Debug|Any CPU
		{1F1A0D8A-9716-434F-BB2E-42017C758FB1}.Debug|Any CPU.Build.0 = Debug|Any CPU
		{1F1A0D8A-9716-434F-BB2E-42017C758FB1}.Debug|x64.ActiveCfg = Debug|Any CPU
		{1F1A0D8A-9716-434F-BB2E-42017C758FB1}.Debug|x64.Build.0 = Debug|Any CPU
		{1F1A0D8A-9716-434F-BB2E-42017C758FB1}.Debug|x86.ActiveCfg = Debug|Any CPU
		{1F1A0D8A-9716-434F-BB2E-42017C758FB1}.Debug|x86.Build.0 = Debug|Any CPU
		{1F1A0D8A-9716-434F-BB2E-42017C758FB1}.Release|Any CPU.ActiveCfg = Release|Any CPU
		{1F1A0D8A-9716-434F-BB2E-42017C758FB1}.Release|Any CPU.Build.0 = Release|Any CPU
		{1F1A0D8A-9716-434F-BB2E-42017C758FB1}.Release|x64.ActiveCfg = Release|Any CPU
		{1F1A0D8A-9716-434F-BB2E-42017C758FB1}.Release|x64.Build.0 = Release|Any CPU
		{1F1A0D8A-9716-434F-BB2E-42017C758FB1}.Release|x86.ActiveCfg = Release|Any CPU
		{1F1A0D8A-9716-434F-BB2E-42017C758FB1}.Release|x86.Build.0 = Release|Any CPU
		{38F02058-BAC8-4C78-A178-FE9FC77814E2}.Debug|Any CPU.ActiveCfg = Debug|Any CPU
		{38F02058-BAC8-4C78-A178-FE9FC77814E2}.Debug|Any CPU.Build.0 = Debug|Any CPU
		{38F02058-BAC8-4C78-A178-FE9FC77814E2}.Debug|x64.ActiveCfg = Debug|Any CPU
		{38F02058-BAC8-4C78-A178-FE9FC77814E2}.Debug|x64.Build.0 = Debug|Any CPU
		{38F02058-BAC8-4C78-A178-FE9FC77814E2}.Debug|x86.ActiveCfg = Debug|Any CPU
		{38F02058-BAC8-4C78-A178-FE9FC77814E2}.Debug|x86.Build.0 = Debug|Any CPU
		{38F02058-BAC8-4C78-A178-FE9FC77814E2}.Release|Any CPU.ActiveCfg = Release|Any CPU
		{38F02058-BAC8-4C78-A178-FE9FC77814E2}.Release|Any CPU.Build.0 = Release|Any CPU
		{38F02058-BAC8-4C78-A178-FE9FC77814E2}.Release|x64.ActiveCfg = Release|Any CPU
		{38F02058-BAC8-4C78-A178-FE9FC77814E2}.Release|x64.Build.0 = Release|Any CPU
		{38F02058-BAC8-4C78-A178-FE9FC77814E2}.Release|x86.ActiveCfg = Release|Any CPU
		{38F02058-BAC8-4C78-A178-FE9FC77814E2}.Release|x86.Build.0 = Release|Any CPU
		{1CA728FD-11AC-4134-AE25-2B33EE1101B1}.Debug|Any CPU.ActiveCfg = Debug|Any CPU
		{1CA728FD-11AC-4134-AE25-2B33EE1101B1}.Debug|Any CPU.Build.0 = Debug|Any CPU
		{1CA728FD-11AC-4134-AE25-2B33EE1101B1}.Debug|x64.ActiveCfg = Debug|Any CPU
		{1CA728FD-11AC-4134-AE25-2B33EE1101B1}.Debug|x64.Build.0 = Debug|Any CPU
		{1CA728FD-11AC-4134-AE25-2B33EE1101B1}.Debug|x86.ActiveCfg = Debug|Any CPU
		{1CA728FD-11AC-4134-AE25-2B33EE1101B1}.Debug|x86.Build.0 = Debug|Any CPU
		{1CA728FD-11AC-4134-AE25-2B33EE1101B1}.Release|Any CPU.ActiveCfg = Release|Any CPU
		{1CA728FD-11AC-4134-AE25-2B33EE1101B1}.Release|Any CPU.Build.0 = Release|Any CPU
		{1CA728FD-11AC-4134-AE25-2B33EE1101B1}.Release|x64.ActiveCfg = Release|Any CPU
		{1CA728FD-11AC-4134-AE25-2B33EE1101B1}.Release|x64.Build.0 = Release|Any CPU
		{1CA728FD-11AC-4134-AE25-2B33EE1101B1}.Release|x86.ActiveCfg = Release|Any CPU
		{1CA728FD-11AC-4134-AE25-2B33EE1101B1}.Release|x86.Build.0 = Release|Any CPU
		{94B426D9-9C18-43F6-A8BD-439A1F199AF1}.Debug|Any CPU.ActiveCfg = Debug|Any CPU
		{94B426D9-9C18-43F6-A8BD-439A1F199AF1}.Debug|Any CPU.Build.0 = Debug|Any CPU
		{94B426D9-9C18-43F6-A8BD-439A1F199AF1}.Debug|x64.ActiveCfg = Debug|Any CPU
		{94B426D9-9C18-43F6-A8BD-439A1F199AF1}.Debug|x64.Build.0 = Debug|Any CPU
		{94B426D9-9C18-43F6-A8BD-439A1F199AF1}.Debug|x86.ActiveCfg = Debug|Any CPU
		{94B426D9-9C18-43F6-A8BD-439A1F199AF1}.Debug|x86.Build.0 = Debug|Any CPU
		{94B426D9-9C18-43F6-A8BD-439A1F199AF1}.Release|Any CPU.ActiveCfg = Release|Any CPU
		{94B426D9-9C18-43F6-A8BD-439A1F199AF1}.Release|Any CPU.Build.0 = Release|Any CPU
		{94B426D9-9C18-43F6-A8BD-439A1F199AF1}.Release|x64.ActiveCfg = Release|Any CPU
		{94B426D9-9C18-43F6-A8BD-439A1F199AF1}.Release|x64.Build.0 = Release|Any CPU
		{94B426D9-9C18-43F6-A8BD-439A1F199AF1}.Release|x86.ActiveCfg = Release|Any CPU
		{94B426D9-9C18-43F6-A8BD-439A1F199AF1}.Release|x86.Build.0 = Release|Any CPU
		{C99CC22E-44D8-4C33-BB6F-ABDEEBACD6A0}.Debug|Any CPU.ActiveCfg = Debug|Any CPU
		{C99CC22E-44D8-4C33-BB6F-ABDEEBACD6A0}.Debug|Any CPU.Build.0 = Debug|Any CPU
		{C99CC22E-44D8-4C33-BB6F-ABDEEBACD6A0}.Debug|x64.ActiveCfg = Debug|Any CPU
		{C99CC22E-44D8-4C33-BB6F-ABDEEBACD6A0}.Debug|x64.Build.0 = Debug|Any CPU
		{C99CC22E-44D8-4C33-BB6F-ABDEEBACD6A0}.Debug|x86.ActiveCfg = Debug|Any CPU
		{C99CC22E-44D8-4C33-BB6F-ABDEEBACD6A0}.Debug|x86.Build.0 = Debug|Any CPU
		{C99CC22E-44D8-4C33-BB6F-ABDEEBACD6A0}.Release|Any CPU.ActiveCfg = Release|Any CPU
		{C99CC22E-44D8-4C33-BB6F-ABDEEBACD6A0}.Release|Any CPU.Build.0 = Release|Any CPU
		{C99CC22E-44D8-4C33-BB6F-ABDEEBACD6A0}.Release|x64.ActiveCfg = Release|Any CPU
		{C99CC22E-44D8-4C33-BB6F-ABDEEBACD6A0}.Release|x64.Build.0 = Release|Any CPU
		{C99CC22E-44D8-4C33-BB6F-ABDEEBACD6A0}.Release|x86.ActiveCfg = Release|Any CPU
		{C99CC22E-44D8-4C33-BB6F-ABDEEBACD6A0}.Release|x86.Build.0 = Release|Any CPU
		{3445F96B-44F3-4D2A-AD00-1238549D46D7}.Debug|Any CPU.ActiveCfg = Debug|Any CPU
		{3445F96B-44F3-4D2A-AD00-1238549D46D7}.Debug|Any CPU.Build.0 = Debug|Any CPU
		{3445F96B-44F3-4D2A-AD00-1238549D46D7}.Debug|x64.ActiveCfg = Debug|Any CPU
		{3445F96B-44F3-4D2A-AD00-1238549D46D7}.Debug|x64.Build.0 = Debug|Any CPU
		{3445F96B-44F3-4D2A-AD00-1238549D46D7}.Debug|x86.ActiveCfg = Debug|Any CPU
		{3445F96B-44F3-4D2A-AD00-1238549D46D7}.Debug|x86.Build.0 = Debug|Any CPU
		{3445F96B-44F3-4D2A-AD00-1238549D46D7}.Release|Any CPU.ActiveCfg = Release|Any CPU
		{3445F96B-44F3-4D2A-AD00-1238549D46D7}.Release|Any CPU.Build.0 = Release|Any CPU
		{3445F96B-44F3-4D2A-AD00-1238549D46D7}.Release|x64.ActiveCfg = Release|Any CPU
		{3445F96B-44F3-4D2A-AD00-1238549D46D7}.Release|x64.Build.0 = Release|Any CPU
		{3445F96B-44F3-4D2A-AD00-1238549D46D7}.Release|x86.ActiveCfg = Release|Any CPU
		{3445F96B-44F3-4D2A-AD00-1238549D46D7}.Release|x86.Build.0 = Release|Any CPU
														{C072EF76-92C8-4D01-A1F5-FAA3C17E14EA}.Debug|Any CPU.ActiveCfg = Debug|Any CPU
		{C072EF76-92C8-4D01-A1F5-FAA3C17E14EA}.Debug|Any CPU.Build.0 = Debug|Any CPU
		{C072EF76-92C8-4D01-A1F5-FAA3C17E14EA}.Debug|x64.ActiveCfg = Debug|Any CPU
		{C072EF76-92C8-4D01-A1F5-FAA3C17E14EA}.Debug|x64.Build.0 = Debug|Any CPU
		{C072EF76-92C8-4D01-A1F5-FAA3C17E14EA}.Debug|x86.ActiveCfg = Debug|Any CPU
		{C072EF76-92C8-4D01-A1F5-FAA3C17E14EA}.Debug|x86.Build.0 = Debug|Any CPU
		{C072EF76-92C8-4D01-A1F5-FAA3C17E14EA}.Release|Any CPU.ActiveCfg = Release|Any CPU
		{C072EF76-92C8-4D01-A1F5-FAA3C17E14EA}.Release|Any CPU.Build.0 = Release|Any CPU
		{C072EF76-92C8-4D01-A1F5-FAA3C17E14EA}.Release|x64.ActiveCfg = Release|Any CPU
		{C072EF76-92C8-4D01-A1F5-FAA3C17E14EA}.Release|x64.Build.0 = Release|Any CPU
		{C072EF76-92C8-4D01-A1F5-FAA3C17E14EA}.Release|x86.ActiveCfg = Release|Any CPU
		{C072EF76-92C8-4D01-A1F5-FAA3C17E14EA}.Release|x86.Build.0 = Release|Any CPU
		{8087AD97-9A3A-485D-B1FB-4BBC436A9137}.Debug|Any CPU.ActiveCfg = Debug|Any CPU
		{8087AD97-9A3A-485D-B1FB-4BBC436A9137}.Debug|Any CPU.Build.0 = Debug|Any CPU
		{8087AD97-9A3A-485D-B1FB-4BBC436A9137}.Debug|x64.ActiveCfg = Debug|Any CPU
		{8087AD97-9A3A-485D-B1FB-4BBC436A9137}.Debug|x64.Build.0 = Debug|Any CPU
		{8087AD97-9A3A-485D-B1FB-4BBC436A9137}.Debug|x86.ActiveCfg = Debug|Any CPU
		{8087AD97-9A3A-485D-B1FB-4BBC436A9137}.Debug|x86.Build.0 = Debug|Any CPU
		{8087AD97-9A3A-485D-B1FB-4BBC436A9137}.Release|Any CPU.ActiveCfg = Release|Any CPU
		{8087AD97-9A3A-485D-B1FB-4BBC436A9137}.Release|Any CPU.Build.0 = Release|Any CPU
		{8087AD97-9A3A-485D-B1FB-4BBC436A9137}.Release|x64.ActiveCfg = Release|Any CPU
		{8087AD97-9A3A-485D-B1FB-4BBC436A9137}.Release|x64.Build.0 = Release|Any CPU
		{8087AD97-9A3A-485D-B1FB-4BBC436A9137}.Release|x86.ActiveCfg = Release|Any CPU
		{8087AD97-9A3A-485D-B1FB-4BBC436A9137}.Release|x86.Build.0 = Release|Any CPU
		{772A3B5D-1000-4FA0-92BC-555D951117AA}.Debug|Any CPU.ActiveCfg = Debug|Any CPU
		{772A3B5D-1000-4FA0-92BC-555D951117AA}.Debug|Any CPU.Build.0 = Debug|Any CPU
		{772A3B5D-1000-4FA0-92BC-555D951117AA}.Debug|x64.ActiveCfg = Debug|Any CPU
		{772A3B5D-1000-4FA0-92BC-555D951117AA}.Debug|x64.Build.0 = Debug|Any CPU
		{772A3B5D-1000-4FA0-92BC-555D951117AA}.Debug|x86.ActiveCfg = Debug|Any CPU
		{772A3B5D-1000-4FA0-92BC-555D951117AA}.Debug|x86.Build.0 = Debug|Any CPU
		{772A3B5D-1000-4FA0-92BC-555D951117AA}.Release|Any CPU.ActiveCfg = Release|Any CPU
		{772A3B5D-1000-4FA0-92BC-555D951117AA}.Release|Any CPU.Build.0 = Release|Any CPU
		{772A3B5D-1000-4FA0-92BC-555D951117AA}.Release|x64.ActiveCfg = Release|Any CPU
		{772A3B5D-1000-4FA0-92BC-555D951117AA}.Release|x64.Build.0 = Release|Any CPU
		{772A3B5D-1000-4FA0-92BC-555D951117AA}.Release|x86.ActiveCfg = Release|Any CPU
		{772A3B5D-1000-4FA0-92BC-555D951117AA}.Release|x86.Build.0 = Release|Any CPU
		{9FF3A215-6F19-4F2A-BFB1-1B17B56B519D}.Debug|Any CPU.ActiveCfg = Debug|Any CPU
		{9FF3A215-6F19-4F2A-BFB1-1B17B56B519D}.Debug|Any CPU.Build.0 = Debug|Any CPU
		{9FF3A215-6F19-4F2A-BFB1-1B17B56B519D}.Debug|x64.ActiveCfg = Debug|Any CPU
		{9FF3A215-6F19-4F2A-BFB1-1B17B56B519D}.Debug|x64.Build.0 = Debug|Any CPU
		{9FF3A215-6F19-4F2A-BFB1-1B17B56B519D}.Debug|x86.ActiveCfg = Debug|Any CPU
		{9FF3A215-6F19-4F2A-BFB1-1B17B56B519D}.Debug|x86.Build.0 = Debug|Any CPU
		{9FF3A215-6F19-4F2A-BFB1-1B17B56B519D}.Release|Any CPU.ActiveCfg = Release|Any CPU
		{9FF3A215-6F19-4F2A-BFB1-1B17B56B519D}.Release|Any CPU.Build.0 = Release|Any CPU
		{9FF3A215-6F19-4F2A-BFB1-1B17B56B519D}.Release|x64.ActiveCfg = Release|Any CPU
		{9FF3A215-6F19-4F2A-BFB1-1B17B56B519D}.Release|x64.Build.0 = Release|Any CPU
		{9FF3A215-6F19-4F2A-BFB1-1B17B56B519D}.Release|x86.ActiveCfg = Release|Any CPU
		{9FF3A215-6F19-4F2A-BFB1-1B17B56B519D}.Release|x86.Build.0 = Release|Any CPU
		{B202F41C-448B-421D-81F2-2F4ACF8CA2CA}.Debug|Any CPU.ActiveCfg = Debug|Any CPU
		{B202F41C-448B-421D-81F2-2F4ACF8CA2CA}.Debug|Any CPU.Build.0 = Debug|Any CPU
		{B202F41C-448B-421D-81F2-2F4ACF8CA2CA}.Debug|x64.ActiveCfg = Debug|Any CPU
		{B202F41C-448B-421D-81F2-2F4ACF8CA2CA}.Debug|x64.Build.0 = Debug|Any CPU
		{B202F41C-448B-421D-81F2-2F4ACF8CA2CA}.Debug|x86.ActiveCfg = Debug|Any CPU
		{B202F41C-448B-421D-81F2-2F4ACF8CA2CA}.Debug|x86.Build.0 = Debug|Any CPU
		{B202F41C-448B-421D-81F2-2F4ACF8CA2CA}.Release|Any CPU.ActiveCfg = Release|Any CPU
		{B202F41C-448B-421D-81F2-2F4ACF8CA2CA}.Release|Any CPU.Build.0 = Release|Any CPU
		{B202F41C-448B-421D-81F2-2F4ACF8CA2CA}.Release|x64.ActiveCfg = Release|Any CPU
		{B202F41C-448B-421D-81F2-2F4ACF8CA2CA}.Release|x64.Build.0 = Release|Any CPU
		{B202F41C-448B-421D-81F2-2F4ACF8CA2CA}.Release|x86.ActiveCfg = Release|Any CPU
		{B202F41C-448B-421D-81F2-2F4ACF8CA2CA}.Release|x86.Build.0 = Release|Any CPU
		{BDE9A6ED-F82F-476F-8601-3CEEEA324101}.Debug|Any CPU.ActiveCfg = Debug|Any CPU
		{BDE9A6ED-F82F-476F-8601-3CEEEA324101}.Debug|Any CPU.Build.0 = Debug|Any CPU
		{BDE9A6ED-F82F-476F-8601-3CEEEA324101}.Debug|x64.ActiveCfg = Debug|Any CPU
		{BDE9A6ED-F82F-476F-8601-3CEEEA324101}.Debug|x64.Build.0 = Debug|Any CPU
		{BDE9A6ED-F82F-476F-8601-3CEEEA324101}.Debug|x86.ActiveCfg = Debug|Any CPU
		{BDE9A6ED-F82F-476F-8601-3CEEEA324101}.Debug|x86.Build.0 = Debug|Any CPU
		{BDE9A6ED-F82F-476F-8601-3CEEEA324101}.Release|Any CPU.ActiveCfg = Release|Any CPU
		{BDE9A6ED-F82F-476F-8601-3CEEEA324101}.Release|Any CPU.Build.0 = Release|Any CPU
		{BDE9A6ED-F82F-476F-8601-3CEEEA324101}.Release|x64.ActiveCfg = Release|Any CPU
		{BDE9A6ED-F82F-476F-8601-3CEEEA324101}.Release|x64.Build.0 = Release|Any CPU
		{BDE9A6ED-F82F-476F-8601-3CEEEA324101}.Release|x86.ActiveCfg = Release|Any CPU
		{BDE9A6ED-F82F-476F-8601-3CEEEA324101}.Release|x86.Build.0 = Release|Any CPU
		{26654AC5-6A53-4184-89C6-AF2D16513BDD}.Debug|Any CPU.ActiveCfg = Debug|Any CPU
		{26654AC5-6A53-4184-89C6-AF2D16513BDD}.Debug|Any CPU.Build.0 = Debug|Any CPU
		{26654AC5-6A53-4184-89C6-AF2D16513BDD}.Debug|x64.ActiveCfg = Debug|Any CPU
		{26654AC5-6A53-4184-89C6-AF2D16513BDD}.Debug|x64.Build.0 = Debug|Any CPU
		{26654AC5-6A53-4184-89C6-AF2D16513BDD}.Debug|x86.ActiveCfg = Debug|Any CPU
		{26654AC5-6A53-4184-89C6-AF2D16513BDD}.Debug|x86.Build.0 = Debug|Any CPU
		{26654AC5-6A53-4184-89C6-AF2D16513BDD}.Release|Any CPU.ActiveCfg = Release|Any CPU
		{26654AC5-6A53-4184-89C6-AF2D16513BDD}.Release|Any CPU.Build.0 = Release|Any CPU
		{26654AC5-6A53-4184-89C6-AF2D16513BDD}.Release|x64.ActiveCfg = Release|Any CPU
		{26654AC5-6A53-4184-89C6-AF2D16513BDD}.Release|x64.Build.0 = Release|Any CPU
		{26654AC5-6A53-4184-89C6-AF2D16513BDD}.Release|x86.ActiveCfg = Release|Any CPU
		{26654AC5-6A53-4184-89C6-AF2D16513BDD}.Release|x86.Build.0 = Release|Any CPU
		{01D4DD1F-B024-44AE-B3E3-6AC92F415E03}.Debug|Any CPU.ActiveCfg = Debug|Any CPU
		{01D4DD1F-B024-44AE-B3E3-6AC92F415E03}.Debug|Any CPU.Build.0 = Debug|Any CPU
		{01D4DD1F-B024-44AE-B3E3-6AC92F415E03}.Debug|x64.ActiveCfg = Debug|Any CPU
		{01D4DD1F-B024-44AE-B3E3-6AC92F415E03}.Debug|x64.Build.0 = Debug|Any CPU
		{01D4DD1F-B024-44AE-B3E3-6AC92F415E03}.Debug|x86.ActiveCfg = Debug|Any CPU
		{01D4DD1F-B024-44AE-B3E3-6AC92F415E03}.Debug|x86.Build.0 = Debug|Any CPU
		{01D4DD1F-B024-44AE-B3E3-6AC92F415E03}.Release|Any CPU.ActiveCfg = Release|Any CPU
		{01D4DD1F-B024-44AE-B3E3-6AC92F415E03}.Release|Any CPU.Build.0 = Release|Any CPU
		{01D4DD1F-B024-44AE-B3E3-6AC92F415E03}.Release|x64.ActiveCfg = Release|Any CPU
		{01D4DD1F-B024-44AE-B3E3-6AC92F415E03}.Release|x64.Build.0 = Release|Any CPU
		{01D4DD1F-B024-44AE-B3E3-6AC92F415E03}.Release|x86.ActiveCfg = Release|Any CPU
		{01D4DD1F-B024-44AE-B3E3-6AC92F415E03}.Release|x86.Build.0 = Release|Any CPU
		{C8E08982-8821-48CC-BE1B-D5E58041A32D}.Debug|Any CPU.ActiveCfg = Debug|Any CPU
		{C8E08982-8821-48CC-BE1B-D5E58041A32D}.Debug|Any CPU.Build.0 = Debug|Any CPU
		{C8E08982-8821-48CC-BE1B-D5E58041A32D}.Debug|x64.ActiveCfg = Debug|Any CPU
		{C8E08982-8821-48CC-BE1B-D5E58041A32D}.Debug|x64.Build.0 = Debug|Any CPU
		{C8E08982-8821-48CC-BE1B-D5E58041A32D}.Debug|x86.ActiveCfg = Debug|Any CPU
		{C8E08982-8821-48CC-BE1B-D5E58041A32D}.Debug|x86.Build.0 = Debug|Any CPU
		{C8E08982-8821-48CC-BE1B-D5E58041A32D}.Release|Any CPU.ActiveCfg = Release|Any CPU
		{C8E08982-8821-48CC-BE1B-D5E58041A32D}.Release|Any CPU.Build.0 = Release|Any CPU
		{C8E08982-8821-48CC-BE1B-D5E58041A32D}.Release|x64.ActiveCfg = Release|Any CPU
		{C8E08982-8821-48CC-BE1B-D5E58041A32D}.Release|x64.Build.0 = Release|Any CPU
		{C8E08982-8821-48CC-BE1B-D5E58041A32D}.Release|x86.ActiveCfg = Release|Any CPU
		{C8E08982-8821-48CC-BE1B-D5E58041A32D}.Release|x86.Build.0 = Release|Any CPU
		{9220F2BC-7640-4DB9-8BBF-887446CC7864}.Debug|Any CPU.ActiveCfg = Debug|Any CPU
		{9220F2BC-7640-4DB9-8BBF-887446CC7864}.Debug|Any CPU.Build.0 = Debug|Any CPU
		{9220F2BC-7640-4DB9-8BBF-887446CC7864}.Debug|x64.ActiveCfg = Debug|Any CPU
		{9220F2BC-7640-4DB9-8BBF-887446CC7864}.Debug|x64.Build.0 = Debug|Any CPU
		{9220F2BC-7640-4DB9-8BBF-887446CC7864}.Debug|x86.ActiveCfg = Debug|Any CPU
		{9220F2BC-7640-4DB9-8BBF-887446CC7864}.Debug|x86.Build.0 = Debug|Any CPU
		{9220F2BC-7640-4DB9-8BBF-887446CC7864}.Release|Any CPU.ActiveCfg = Release|Any CPU
		{9220F2BC-7640-4DB9-8BBF-887446CC7864}.Release|Any CPU.Build.0 = Release|Any CPU
		{9220F2BC-7640-4DB9-8BBF-887446CC7864}.Release|x64.ActiveCfg = Release|Any CPU
		{9220F2BC-7640-4DB9-8BBF-887446CC7864}.Release|x64.Build.0 = Release|Any CPU
		{9220F2BC-7640-4DB9-8BBF-887446CC7864}.Release|x86.ActiveCfg = Release|Any CPU
		{9220F2BC-7640-4DB9-8BBF-887446CC7864}.Release|x86.Build.0 = Release|Any CPU
		{982E084D-106D-4A98-8140-89A54E4F465F}.Debug|Any CPU.ActiveCfg = Debug|Any CPU
		{982E084D-106D-4A98-8140-89A54E4F465F}.Debug|Any CPU.Build.0 = Debug|Any CPU
		{982E084D-106D-4A98-8140-89A54E4F465F}.Debug|x64.ActiveCfg = Debug|Any CPU
		{982E084D-106D-4A98-8140-89A54E4F465F}.Debug|x64.Build.0 = Debug|Any CPU
		{982E084D-106D-4A98-8140-89A54E4F465F}.Debug|x86.ActiveCfg = Debug|Any CPU
		{982E084D-106D-4A98-8140-89A54E4F465F}.Debug|x86.Build.0 = Debug|Any CPU
		{982E084D-106D-4A98-8140-89A54E4F465F}.Release|Any CPU.ActiveCfg = Release|Any CPU
		{982E084D-106D-4A98-8140-89A54E4F465F}.Release|Any CPU.Build.0 = Release|Any CPU
		{982E084D-106D-4A98-8140-89A54E4F465F}.Release|x64.ActiveCfg = Release|Any CPU
		{982E084D-106D-4A98-8140-89A54E4F465F}.Release|x64.Build.0 = Release|Any CPU
		{982E084D-106D-4A98-8140-89A54E4F465F}.Release|x86.ActiveCfg = Release|Any CPU
		{982E084D-106D-4A98-8140-89A54E4F465F}.Release|x86.Build.0 = Release|Any CPU
		{D2485E1C-CC95-4279-BBFF-60F46B34D8FE}.Debug|Any CPU.ActiveCfg = Debug|Any CPU
		{D2485E1C-CC95-4279-BBFF-60F46B34D8FE}.Debug|Any CPU.Build.0 = Debug|Any CPU
		{D2485E1C-CC95-4279-BBFF-60F46B34D8FE}.Debug|x64.ActiveCfg = Debug|Any CPU
		{D2485E1C-CC95-4279-BBFF-60F46B34D8FE}.Debug|x64.Build.0 = Debug|Any CPU
		{D2485E1C-CC95-4279-BBFF-60F46B34D8FE}.Debug|x86.ActiveCfg = Debug|Any CPU
		{D2485E1C-CC95-4279-BBFF-60F46B34D8FE}.Debug|x86.Build.0 = Debug|Any CPU
		{D2485E1C-CC95-4279-BBFF-60F46B34D8FE}.Release|Any CPU.ActiveCfg = Release|Any CPU
		{D2485E1C-CC95-4279-BBFF-60F46B34D8FE}.Release|Any CPU.Build.0 = Release|Any CPU
		{D2485E1C-CC95-4279-BBFF-60F46B34D8FE}.Release|x64.ActiveCfg = Release|Any CPU
		{D2485E1C-CC95-4279-BBFF-60F46B34D8FE}.Release|x64.Build.0 = Release|Any CPU
		{D2485E1C-CC95-4279-BBFF-60F46B34D8FE}.Release|x86.ActiveCfg = Release|Any CPU
		{D2485E1C-CC95-4279-BBFF-60F46B34D8FE}.Release|x86.Build.0 = Release|Any CPU
	EndGlobalSection
	GlobalSection(SolutionProperties) = preSolution
		HideSolutionNode = FALSE
	EndGlobalSection
	GlobalSection(NestedProjects) = preSolution
		{E7FD0F2D-A4AF-4293-BBD9-C95D4AF3E7FA} = {827E0CD3-B72D-47B6-A68D-7590B98EB39B}
		{D7B42C9C-A9A3-4B95-83B1-DB36A8104F83} = {827E0CD3-B72D-47B6-A68D-7590B98EB39B}
		{1F24A2BF-723E-49FF-8FB9-7C27DF934BC3} = {827E0CD3-B72D-47B6-A68D-7590B98EB39B}
		{2CBF533F-B0DC-432B-812D-F54C5F67FDA0} = {827E0CD3-B72D-47B6-A68D-7590B98EB39B}
		{255EDA0C-12C5-4D23-A8CB-8CC9DC024BB9} = {0AB3BF05-4346-4AA6-1389-037BE0695223}
		{3CE9F647-FB1C-4725-AB9B-8C7F6DE932C8} = {0AB3BF05-4346-4AA6-1389-037BE0695223}
		{16F17D5E-46BF-4A79-AF18-545DBD3EE272} = {0AB3BF05-4346-4AA6-1389-037BE0695223}
		{E7DF775D-BA30-4A7E-8239-216E491CBC07} = {0AB3BF05-4346-4AA6-1389-037BE0695223}
		{399DD99E-F5BF-41BB-BEF5-A6A4401CF00C} = {07C2787E-EAC7-C090-1BA3-A61EC2A24D84}
		{C4363CE2-5C7F-4124-BD82-46FD89512750} = {0AB3BF05-4346-4AA6-1389-037BE0695223}
		{ABD47991-237D-4976-9A93-F282689901F8} = {0AB3BF05-4346-4AA6-1389-037BE0695223}
		{D6A5C120-2AA4-4576-902A-33B52FA15328} = {0AB3BF05-4346-4AA6-1389-037BE0695223}
		{C785C005-2A52-4D84-AAFF-0C9D5D8EC793} = {0AB3BF05-4346-4AA6-1389-037BE0695223}
		{FC153848-68F4-4794-8DD3-459267615312} = {0AB3BF05-4346-4AA6-1389-037BE0695223}
		{902E1C40-5C79-4035-92AC-57DB7DDCC7E4} = {0AB3BF05-4346-4AA6-1389-037BE0695223}
		{30C996D6-60BA-4399-96AA-73541265E4DB} = {0AB3BF05-4346-4AA6-1389-037BE0695223}
		{852AE5F7-EE98-47FB-AFF6-D88809ED0675} = {0AB3BF05-4346-4AA6-1389-037BE0695223}
		{10F5C27C-8845-4A5C-9295-120A52F0B214} = {0AB3BF05-4346-4AA6-1389-037BE0695223}
		{732A99BD-8251-4CBC-AA0B-B6EA838EBA84} = {827E0CD3-B72D-47B6-A68D-7590B98EB39B}
		{5A6B7C8D-9E0F-1A2B-3C4D-5E6F7A8B9C0D} = {827E0CD3-B72D-47B6-A68D-7590B98EB39B}
		{1A2B3C4D-5E6F-7A8B-9C0D-1E2F3A4B5C6D} = {0AB3BF05-4346-4AA6-1389-037BE0695223}
		{D3D4CAC0-20C4-4E29-BF5F-C8079AF884B1} = {827E0CD3-B72D-47B6-A68D-7590B98EB39B}
		{62060CF0-0534-44DC-B7DD-350D565C7846} = {827E0CD3-B72D-47B6-A68D-7590B98EB39B}
		{2BD7FEC4-3191-43F7-AF50-61E0923E322C} = {827E0CD3-B72D-47B6-A68D-7590B98EB39B}
		{FA4DD920-C24D-4BA9-BCEC-66220C168BFE} = {827E0CD3-B72D-47B6-A68D-7590B98EB39B}
		{E3DA08F9-2629-4051-A2E7-C3CBD4A1FAAA} = {827E0CD3-B72D-47B6-A68D-7590B98EB39B}
		{721EFDBE-B195-4256-8C23-529617D02420} = {827E0CD3-B72D-47B6-A68D-7590B98EB39B}
		{A1D6E599-14A7-4615-9585-B6FCCD00059A} = {827E0CD3-B72D-47B6-A68D-7590B98EB39B}
		{01F001F4-5947-447D-877C-6F3D003C93DC} = {827E0CD3-B72D-47B6-A68D-7590B98EB39B}
		{CB0CD009-8496-4A9D-A3F2-39AC31FB56B2} = {827E0CD3-B72D-47B6-A68D-7590B98EB39B}
		{8BFC86D9-B7F9-4F06-86A6-46DF0CBA3179} = {827E0CD3-B72D-47B6-A68D-7590B98EB39B}
		{08867DF1-631E-45D5-8812-694DFA426A99} = {827E0CD3-B72D-47B6-A68D-7590B98EB39B}
		{D8DAC4D0-6A48-44BD-8EB8-D7AC92E1C5A0} = {827E0CD3-B72D-47B6-A68D-7590B98EB39B}
		{005B173A-CBA7-4FF6-AF57-30013E93D5F2} = {827E0CD3-B72D-47B6-A68D-7590B98EB39B}
		{AF3DD6BA-9102-47F3-95FE-88935601D825} = {827E0CD3-B72D-47B6-A68D-7590B98EB39B}
		{84028D15-870A-469E-B359-E33BA0D1BCD8} = {827E0CD3-B72D-47B6-A68D-7590B98EB39B}
		{B6284EA6-40AF-4F08-B941-2DD0BE3D82E0} = {827E0CD3-B72D-47B6-A68D-7590B98EB39B}
		{BE4D76BE-6E44-4D98-9F21-3CDBA2AFBAC3} = {827E0CD3-B72D-47B6-A68D-7590B98EB39B}
		{670B155C-9B74-4931-9F0C-158E5817351C} = {827E0CD3-B72D-47B6-A68D-7590B98EB39B}
		{B76D4FED-9170-461F-AD9C-46DA5087A5B3} = {827E0CD3-B72D-47B6-A68D-7590B98EB39B}
		{48BB9266-7D7C-4C73-8F4A-14242846363E} = {827E0CD3-B72D-47B6-A68D-7590B98EB39B}
		{2E446C1C-29F7-4777-8207-E1C65488838C} = {827E0CD3-B72D-47B6-A68D-7590B98EB39B}
		{01858EA9-D73C-45F9-8C04-D9DEC3927FFC} = {827E0CD3-B72D-47B6-A68D-7590B98EB39B}
		{6DB9DA2B-9E2A-4521-B95C-B5560673C834} = {827E0CD3-B72D-47B6-A68D-7590B98EB39B}
		{DB1D39D7-D254-4676-B240-43E2940DD81D} = {827E0CD3-B72D-47B6-A68D-7590B98EB39B}
		{43B0951D-3322-4FE3-B466-F33F727F8CC6} = {827E0CD3-B72D-47B6-A68D-7590B98EB39B}
		{EDB49714-BFC8-49D9-834C-2A7033FD9185} = {827E0CD3-B72D-47B6-A68D-7590B98EB39B}
		{ABBAB2EC-6BE9-481C-ADD1-F27F3F50C40B} = {827E0CD3-B72D-47B6-A68D-7590B98EB39B}
		{6BE4FB6D-2ED1-48CE-97EC-3FD2F29851C2} = {827E0CD3-B72D-47B6-A68D-7590B98EB39B}
		{04E9F116-FE61-448E-A2BB-BBBEAF7DA4AB} = {827E0CD3-B72D-47B6-A68D-7590B98EB39B}
		{ACD371DB-A94B-4405-8476-2D7DA39DC089} = {827E0CD3-B72D-47B6-A68D-7590B98EB39B}
		{9BD39109-E3AF-46B9-85EF-70FDDBFF8999} = {827E0CD3-B72D-47B6-A68D-7590B98EB39B}
		{1D5D3333-C0A3-461C-B2F3-32F8099B17CE} = {827E0CD3-B72D-47B6-A68D-7590B98EB39B}
		{24F2A510-F01B-43CC-908B-B1E29ED75EF5} = {827E0CD3-B72D-47B6-A68D-7590B98EB39B}
		{927FA101-024D-41B1-8E6D-AF73AB077B66} = {827E0CD3-B72D-47B6-A68D-7590B98EB39B}
		{2FBA88E6-044F-44AE-9DF0-C7F65A8F3A38} = {827E0CD3-B72D-47B6-A68D-7590B98EB39B}
		{CDAC483C-76A8-4E3A-B637-854ED9992B0A} = {827E0CD3-B72D-47B6-A68D-7590B98EB39B}
		{C863364E-4DD3-44ED-823F-E55EA7970F12} = {827E0CD3-B72D-47B6-A68D-7590B98EB39B}
		{1F1A0D8A-9716-434F-BB2E-42017C758FB1} = {827E0CD3-B72D-47B6-A68D-7590B98EB39B}
		{38F02058-BAC8-4C78-A178-FE9FC77814E2} = {827E0CD3-B72D-47B6-A68D-7590B98EB39B}
		{1CA728FD-11AC-4134-AE25-2B33EE1101B1} = {827E0CD3-B72D-47B6-A68D-7590B98EB39B}
		{94B426D9-9C18-43F6-A8BD-439A1F199AF1} = {827E0CD3-B72D-47B6-A68D-7590B98EB39B}
		{C99CC22E-44D8-4C33-BB6F-ABDEEBACD6A0} = {827E0CD3-B72D-47B6-A68D-7590B98EB39B}
		{3445F96B-44F3-4D2A-AD00-1238549D46D7} = {827E0CD3-B72D-47B6-A68D-7590B98EB39B}
			{C072EF76-92C8-4D01-A1F5-FAA3C17E14EA} = {827E0CD3-B72D-47B6-A68D-7590B98EB39B}
		{8087AD97-9A3A-485D-B1FB-4BBC436A9137} = {827E0CD3-B72D-47B6-A68D-7590B98EB39B}
		{772A3B5D-1000-4FA0-92BC-555D951117AA} = {827E0CD3-B72D-47B6-A68D-7590B98EB39B}
		{9FF3A215-6F19-4F2A-BFB1-1B17B56B519D} = {827E0CD3-B72D-47B6-A68D-7590B98EB39B}
		{B202F41C-448B-421D-81F2-2F4ACF8CA2CA} = {827E0CD3-B72D-47B6-A68D-7590B98EB39B}
		{BDE9A6ED-F82F-476F-8601-3CEEEA324101} = {827E0CD3-B72D-47B6-A68D-7590B98EB39B}
		{26654AC5-6A53-4184-89C6-AF2D16513BDD} = {827E0CD3-B72D-47B6-A68D-7590B98EB39B}
		{01D4DD1F-B024-44AE-B3E3-6AC92F415E03} = {827E0CD3-B72D-47B6-A68D-7590B98EB39B}
		{C8E08982-8821-48CC-BE1B-D5E58041A32D} = {827E0CD3-B72D-47B6-A68D-7590B98EB39B}
		{9220F2BC-7640-4DB9-8BBF-887446CC7864} = {827E0CD3-B72D-47B6-A68D-7590B98EB39B}
		{982E084D-106D-4A98-8140-89A54E4F465F} = {827E0CD3-B72D-47B6-A68D-7590B98EB39B}
		{D2485E1C-CC95-4279-BBFF-60F46B34D8FE} = {07C2787E-EAC7-C090-1BA3-A61EC2A24D84}
	EndGlobalSection
EndGlobal
