
Microsoft Visual Studio Solution File, Format Version 12.00
# Visual Studio Version 17
VisualStudioVersion = 17.0.31903.59
MinimumVisualStudioVersion = 10.0.40219.1
Project("{2150E333-8FDC-42A3-9474-1A3956D46DE8}") = "tests", "tests", "{409e906d-0a5a-4629-9ac4-46f732118f75}"
EndProject
Project("{2150E333-8FDC-42A3-9474-1A3956D46DE8}") = "tools", "tools", "{9ad3cf79-a651-492f-839e-5cb8eeb8c1f1}"
EndProject
Project("{2150E333-8FDC-42A3-9474-1A3956D46DE8}") = "src", "src", "{b7172570-59b1-4c29-b7d4-1c0f1057abb2}"
EndProject
Project("{2150E333-8FDC-42A3-9474-1A3956D46DE8}") = "src/Core", "src/Core", "{39020272-f78f-40ff-a207-cf3a723d9d03}"
EndProject
Project("{2150E333-8FDC-42A3-9474-1A3956D46DE8}") = "src/CLI", "src/CLI", "{54eb4f3c-6bd9-43a6-ab53-114f1499d23b}"
EndProject
Project("{2150E333-8FDC-42A3-9474-1A3956D46DE8}") = "src/Plugins", "src/Plugins", "{8f875306-e6f0-4d37-bcb0-d1bd53184caf}"
EndProject
Project("{FAE04EC0-301F-11D3-BF4B-00C04F79EFBC}") = "SaveState.Core", "src\SaveState.Core\SaveState.Core.csproj", "{9aa0fb37-c747-42df-b904-051f6f7b051f}"
EndProject
Project("{FAE04EC0-301F-11D3-BF4B-00C04F79EFBC}") = "SaveState.Application", "src\SaveState.Application\SaveState.Application.csproj", "{3bad1bd3-44fd-4ccf-8bb7-fe1b4853697c}"
EndProject
Project("{FAE04EC0-301F-11D3-BF4B-00C04F79EFBC}") = "SaveState.Infrastructure", "src\SaveState.Infrastructure\SaveState.Infrastructure.csproj", "{a70dd95a-351f-4946-883a-bd9952d6384c}"
EndProject
Project("{FAE04EC0-301F-11D3-BF4B-00C04F79EFBC}") = "SaveState.Presentation", "src\SaveState.Presentation\SaveState.Presentation.csproj", "{17cb8c1b-72ca-4b41-84a5-dc376e8abacb}"
EndProject
Project("{FAE04EC0-301F-11D3-BF4B-00C04F79EFBC}") = "SaveState.Sdk", "src\SaveState.Sdk\SaveState.Sdk.csproj", "{e989c75f-95ad-4415-8ab1-b062ae8b87a2}"
EndProject
Project("{FAE04EC0-301F-11D3-BF4B-00C04F79EFBC}") = "SaveState.CLI", "src\SaveState.CLI\SaveState.CLI.csproj", "{1eb59028-1918-40bd-902b-9ffff7425f97}"
EndProject
Project("{FAE04EC0-301F-11D3-BF4B-00C04F79EFBC}") = "SaveState.Plugins.Accessibility", "src\SaveState.Plugins.Accessibility\SaveState.Plugins.Accessibility.csproj", "{4d9c23f0-095d-47b0-a086-2dfd0866f84a}"
EndProject
Project("{FAE04EC0-301F-11D3-BF4B-00C04F79EFBC}") = "SaveState.Plugins.AiRecommender", "src\SaveState.Plugins.AiRecommender\SaveState.Plugins.AiRecommender.csproj", "{8a27ad57-e44d-4732-9b42-5934e634a14a}"
EndProject
Project("{FAE04EC0-301F-11D3-BF4B-00C04F79EFBC}") = "SaveState.Plugins.BackloggdSync", "src\SaveState.Plugins.BackloggdSync\SaveState.Plugins.BackloggdSync.csproj", "{18747606-799e-42b6-a58c-7686dbc5e686}"
EndProject
Project("{FAE04EC0-301F-11D3-BF4B-00C04F79EFBC}") = "SaveState.Plugins.BacklogPrioritizer", "src\SaveState.Plugins.BacklogPrioritizer\SaveState.Plugins.BacklogPrioritizer.csproj", "{c05503df-3969-434d-8583-e8675d52d481}"
EndProject
Project("{FAE04EC0-301F-11D3-BF4B-00C04F79EFBC}") = "SaveState.Plugins.BatterySaver", "src\SaveState.Plugins.BatterySaver\SaveState.Plugins.BatterySaver.csproj", "{391996c0-8513-4675-a9b3-831945c2897e}"
EndProject
Project("{FAE04EC0-301F-11D3-BF4B-00C04F79EFBC}") = "SaveState.Plugins.BoxArtGenerator", "src\SaveState.Plugins.BoxArtGenerator\SaveState.Plugins.BoxArtGenerator.csproj", "{0019ebe5-8730-45d9-8bd4-af2232dc3f64}"
EndProject
Project("{FAE04EC0-301F-11D3-BF4B-00C04F79EFBC}") = "SaveState.Plugins.CheatManager", "src\SaveState.Plugins.CheatManager\SaveState.Plugins.CheatManager.csproj", "{170b660e-6d3d-4ec9-abe8-d4fb047fbd1e}"
EndProject
Project("{FAE04EC0-301F-11D3-BF4B-00C04F79EFBC}") = "SaveState.Plugins.CloudSync", "src\SaveState.Plugins.CloudSync\SaveState.Plugins.CloudSync.csproj", "{c13603da-76b4-4694-8995-0e50e238025c}"
EndProject
Project("{FAE04EC0-301F-11D3-BF4B-00C04F79EFBC}") = "SaveState.Plugins.ControllerRemapper", "src\SaveState.Plugins.ControllerRemapper\SaveState.Plugins.ControllerRemapper.csproj", "{829e36ae-f098-40c5-ace6-9cc1ac273755}"
EndProject
Project("{FAE04EC0-301F-11D3-BF4B-00C04F79EFBC}") = "SaveState.Plugins.DiscordIntegration", "src\SaveState.Plugins.DiscordIntegration\SaveState.Plugins.DiscordIntegration.csproj", "{052bd969-efda-457b-ac8b-676cd5ae31e0}"
EndProject
Project("{FAE04EC0-301F-11D3-BF4B-00C04F79EFBC}") = "SaveState.Plugins.DiscordRPC", "src\SaveState.Plugins.DiscordRPC\SaveState.Plugins.DiscordRPC.csproj", "{1de393f2-1928-4687-b6ab-d7db07238e1f}"
EndProject
Project("{FAE04EC0-301F-11D3-BF4B-00C04F79EFBC}") = "SaveState.Plugins.Example", "src\SaveState.Plugins.Example\SaveState.Plugins.Example.csproj", "{af21fc0d-222f-4cfb-bc54-952a9a2bcf9b}"
EndProject
Project("{FAE04EC0-301F-11D3-BF4B-00C04F79EFBC}") = "SaveState.Plugins.FpsUnlocker", "src\SaveState.Plugins.FpsUnlocker\SaveState.Plugins.FpsUnlocker.csproj", "{2939a658-3211-4f3a-b98c-6a20b6ebb36a}"
EndProject
Project("{FAE04EC0-301F-11D3-BF4B-00C04F79EFBC}") = "SaveState.Plugins.GameBackupManager", "src\SaveState.Plugins.GameBackupManager\SaveState.Plugins.GameBackupManager.csproj", "{c6670eb6-10da-424b-af09-0c3f9da56848}"
EndProject
Project("{FAE04EC0-301F-11D3-BF4B-00C04F79EFBC}") = "SaveState.Plugins.GameDetection", "src\SaveState.Plugins.GameDetection\SaveState.Plugins.GameDetection.csproj", "{ff698a1b-5bf5-449a-83e1-9795dc6d70c4}"
EndProject
Project("{FAE04EC0-301F-11D3-BF4B-00C04F79EFBC}") = "SaveState.Plugins.GamePassAlert", "src\SaveState.Plugins.GamePassAlert\SaveState.Plugins.GamePassAlert.csproj", "{f6d13280-c014-498e-8306-4a3e292ac460}"
EndProject
Project("{FAE04EC0-301F-11D3-BF4B-00C04F79EFBC}") = "SaveState.Plugins.GameSummarizer", "src\SaveState.Plugins.GameSummarizer\SaveState.Plugins.GameSummarizer.csproj", "{dea47503-ae89-4e3e-8e0d-7ce47a7fdd4a}"
EndProject
Project("{FAE04EC0-301F-11D3-BF4B-00C04F79EFBC}") = "SaveState.Plugins.GameTimer", "src\SaveState.Plugins.GameTimer\SaveState.Plugins.GameTimer.csproj", "{ca7fc6a9-38c8-440d-9859-4690dc16ee8a}"
EndProject
Project("{FAE04EC0-301F-11D3-BF4B-00C04F79EFBC}") = "SaveState.Plugins.GamingAnalytics", "src\SaveState.Plugins.GamingAnalytics\SaveState.Plugins.GamingAnalytics.csproj", "{9aeeefee-e7bd-4b88-ac7e-2fee2f06ab2b}"
EndProject
Project("{FAE04EC0-301F-11D3-BF4B-00C04F79EFBC}") = "SaveState.Plugins.GenreDeepDive", "src\SaveState.Plugins.GenreDeepDive\SaveState.Plugins.GenreDeepDive.csproj", "{8f9638cc-613c-4e39-8ec7-1024264430ee}"
EndProject
Project("{FAE04EC0-301F-11D3-BF4B-00C04F79EFBC}") = "SaveState.Plugins.GoogleDriveSync", "src\SaveState.Plugins.GoogleDriveSync\SaveState.Plugins.GoogleDriveSync.csproj", "{5161d093-0e21-4ae2-bdb8-43fd992e511d}"
EndProject
Project("{FAE04EC0-301F-11D3-BF4B-00C04F79EFBC}") = "SaveState.Plugins.HealthWellness", "src\SaveState.Plugins.HealthWellness\SaveState.Plugins.HealthWellness.csproj", "{971e929b-c27b-4bc4-b1da-c03fc4c30a43}"
EndProject
Project("{FAE04EC0-301F-11D3-BF4B-00C04F79EFBC}") = "SaveState.Plugins.HumbleBundle", "src\SaveState.Plugins.HumbleBundle\SaveState.Plugins.HumbleBundle.csproj", "{ca5428f4-80b9-4017-bc39-379c64ae34bf}"
EndProject
Project("{FAE04EC0-301F-11D3-BF4B-00C04F79EFBC}") = "SaveState.Plugins.Itch", "src\SaveState.Plugins.Itch\SaveState.Plugins.Itch.csproj", "{57c4d963-cbec-426b-873d-1a58394fcadf}"
EndProject
Project("{FAE04EC0-301F-11D3-BF4B-00C04F79EFBC}") = "SaveState.Plugins.ItchIO", "src\SaveState.Plugins.ItchIO\SaveState.Plugins.ItchIO.csproj", "{b82725a0-493e-4dcc-b19f-44ea8466b063}"
EndProject
Project("{FAE04EC0-301F-11D3-BF4B-00C04F79EFBC}") = "SaveState.Plugins.LaunchBoxImport", "src\SaveState.Plugins.LaunchBoxImport\SaveState.Plugins.LaunchBoxImport.csproj", "{f2234247-1a96-4d49-81b6-136e86eaa3e7}"
EndProject
Project("{FAE04EC0-301F-11D3-BF4B-00C04F79EFBC}") = "SaveState.Plugins.LaunchOptimizer", "src\SaveState.Plugins.LaunchOptimizer\SaveState.Plugins.LaunchOptimizer.csproj", "{5d910d95-3881-42ea-ae12-119f50943172}"
EndProject
Project("{FAE04EC0-301F-11D3-BF4B-00C04F79EFBC}") = "SaveState.Plugins.Leaderboards", "src\SaveState.Plugins.Leaderboards\SaveState.Plugins.Leaderboards.csproj", "{c04c0374-fc8c-4207-9f0f-3b9bbd062bee}"
EndProject
Project("{FAE04EC0-301F-11D3-BF4B-00C04F79EFBC}") = "SaveState.Plugins.LiveStatsWidget", "src\SaveState.Plugins.LiveStatsWidget\SaveState.Plugins.LiveStatsWidget.csproj", "{c431abfe-9dbf-48bb-abb3-1cc32ad9501c}"
EndProject
Project("{FAE04EC0-301F-11D3-BF4B-00C04F79EFBC}") = "SaveState.Plugins.ManualViewer", "src\SaveState.Plugins.ManualViewer\SaveState.Plugins.ManualViewer.csproj", "{5224941e-49f8-444b-9c03-db1138db6d91}"
EndProject
Project("{FAE04EC0-301F-11D3-BF4B-00C04F79EFBC}") = "SaveState.Plugins.MastodonShare", "src\SaveState.Plugins.MastodonShare\SaveState.Plugins.MastodonShare.csproj", "{1048e432-6d79-484b-b8d2-bd72a41775e9}"
EndProject
Project("{FAE04EC0-301F-11D3-BF4B-00C04F79EFBC}") = "SaveState.Plugins.ModManagerPro", "src\SaveState.Plugins.ModManagerPro\SaveState.Plugins.ModManagerPro.csproj", "{5c463c89-396f-4956-822c-841462525061}"
EndProject
Project("{FAE04EC0-301F-11D3-BF4B-00C04F79EFBC}") = "SaveState.Plugins.MugenAchievements", "src\SaveState.Plugins.MugenAchievements\SaveState.Plugins.MugenAchievements.csproj", "{b57dbbb7-4ef4-41e0-8d4e-cc7c946504b5}"
EndProject
Project("{FAE04EC0-301F-11D3-BF4B-00C04F79EFBC}") = "SaveState.Plugins.MugenFusion", "src\SaveState.Plugins.MugenFusion\SaveState.Plugins.MugenFusion.csproj", "{8e2d375a-e488-401f-a8ab-03cd74a6ab83}"
EndProject
Project("{FAE04EC0-301F-11D3-BF4B-00C04F79EFBC}") = "SaveState.Plugins.MugenManager", "src\SaveState.Plugins.MugenManager\SaveState.Plugins.MugenManager.csproj", "{eed6d4d9-4e26-466c-90f2-db74461cd926}"
EndProject
Project("{FAE04EC0-301F-11D3-BF4B-00C04F79EFBC}") = "SaveState.Plugins.MugenNetwork", "src\SaveState.Plugins.MugenNetwork\SaveState.Plugins.MugenNetwork.csproj", "{e1f85f9e-7a8d-4de7-b8cf-e644474efef8}"
EndProject
Project("{FAE04EC0-301F-11D3-BF4B-00C04F79EFBC}") = "SaveState.Plugins.MugenReplay", "src\SaveState.Plugins.MugenReplay\SaveState.Plugins.MugenReplay.csproj", "{a9eeab60-c9d6-4d4b-8402-19c95806a162}"
EndProject
Project("{FAE04EC0-301F-11D3-BF4B-00C04F79EFBC}") = "SaveState.Plugins.MugenTraining", "src\SaveState.Plugins.MugenTraining\SaveState.Plugins.MugenTraining.csproj", "{c6fe6306-5403-418c-a9b5-d939b4056f59}"
EndProject
Project("{FAE04EC0-301F-11D3-BF4B-00C04F79EFBC}") = "SaveState.Plugins.OBSIntegration", "src\SaveState.Plugins.OBSIntegration\SaveState.Plugins.OBSIntegration.csproj", "{9b5985ba-d650-4a6f-baa2-fbc35b10731c}"
EndProject
Project("{FAE04EC0-301F-11D3-BF4B-00C04F79EFBC}") = "SaveState.Plugins.PlayniteImport", "src\SaveState.Plugins.PlayniteImport\SaveState.Plugins.PlayniteImport.csproj", "{ffcfc879-cc93-490a-8f84-8a18ea089468}"
EndProject
Project("{FAE04EC0-301F-11D3-BF4B-00C04F79EFBC}") = "SaveState.Plugins.PlayniteImporter", "src\SaveState.Plugins.PlayniteImporter\SaveState.Plugins.PlayniteImporter.csproj", "{02107b0a-e484-4e1b-bfd4-1bcb716fcdd2}"
EndProject
Project("{FAE04EC0-301F-11D3-BF4B-00C04F79EFBC}") = "SaveState.Plugins.PrimeGaming", "src\SaveState.Plugins.PrimeGaming\SaveState.Plugins.PrimeGaming.csproj", "{dafb9d06-592c-4d16-8685-bfbdaeaa9415}"
EndProject
Project("{FAE04EC0-301F-11D3-BF4B-00C04F79EFBC}") = "SaveState.Plugins.RawgIntegration", "src\SaveState.Plugins.RawgIntegration\SaveState.Plugins.RawgIntegration.csproj", "{9c3bc829-aefd-4e8d-addc-f2f77668f3a0}"
EndProject
Project("{FAE04EC0-301F-11D3-BF4B-00C04F79EFBC}") = "SaveState.Plugins.RetroAchievements", "src\SaveState.Plugins.RetroAchievements\SaveState.Plugins.RetroAchievements.csproj", "{20460ef7-3316-486c-86f1-a127200aa222}"
EndProject
Project("{FAE04EC0-301F-11D3-BF4B-00C04F79EFBC}") = "SaveState.Plugins.RetroCRTTheme", "src\SaveState.Plugins.RetroCRTTheme\SaveState.Plugins.RetroCRTTheme.csproj", "{81a40849-1759-4f58-8bac-375ed025fcd6}"
EndProject
Project("{FAE04EC0-301F-11D3-BF4B-00C04F79EFBC}") = "SaveState.Plugins.RomHacks", "src\SaveState.Plugins.RomHacks\SaveState.Plugins.RomHacks.csproj", "{616ce8f4-3ec4-43e8-9864-81b0cc5a43d5}"
EndProject
Project("{FAE04EC0-301F-11D3-BF4B-00C04F79EFBC}") = "SaveState.Plugins.ScreenshotCaptioner", "src\SaveState.Plugins.ScreenshotCaptioner\SaveState.Plugins.ScreenshotCaptioner.csproj", "{d6a34429-7605-44b7-abc1-1c8d6bbc8c13}"
EndProject
Project("{FAE04EC0-301F-11D3-BF4B-00C04F79EFBC}") = "SaveState.Plugins.ScreenshotCapture", "src\SaveState.Plugins.ScreenshotCapture\SaveState.Plugins.ScreenshotCapture.csproj", "{bfd5edbb-ad16-46bc-9a64-8e4f1f485368}"
EndProject
Project("{FAE04EC0-301F-11D3-BF4B-00C04F79EFBC}") = "SaveState.Plugins.ScreenshotSorter", "src\SaveState.Plugins.ScreenshotSorter\SaveState.Plugins.ScreenshotSorter.csproj", "{cba1de80-35be-4954-a46e-629ace94c8aa}"
EndProject
Project("{FAE04EC0-301F-11D3-BF4B-00C04F79EFBC}") = "SaveState.Plugins.SecondScreen", "src\SaveState.Plugins.SecondScreen\SaveState.Plugins.SecondScreen.csproj", "{ae7c6be1-44e0-4df9-b2a5-47fd83cd5cb1}"
EndProject
Project("{FAE04EC0-301F-11D3-BF4B-00C04F79EFBC}") = "SaveState.Plugins.ShaderPresets", "src\SaveState.Plugins.ShaderPresets\SaveState.Plugins.ShaderPresets.csproj", "{51ec73b3-a335-4dc1-a88c-86371f31c382}"
EndProject
Project("{FAE04EC0-301F-11D3-BF4B-00C04F79EFBC}") = "SaveState.Plugins.SmartPlaylists", "src\SaveState.Plugins.SmartPlaylists\SaveState.Plugins.SmartPlaylists.csproj", "{342109b0-2586-4e3c-a910-d97dff768c42}"
EndProject
Project("{FAE04EC0-301F-11D3-BF4B-00C04F79EFBC}") = "SaveState.Plugins.SteamDeck", "src\SaveState.Plugins.SteamDeck\SaveState.Plugins.SteamDeck.csproj", "{cf1cd5e9-e9eb-4a0b-b8a6-ed5c49c9125b}"
EndProject
Project("{FAE04EC0-301F-11D3-BF4B-00C04F79EFBC}") = "SaveState.Plugins.Themes", "src\SaveState.Plugins.Themes\SaveState.Plugins.Themes.csproj", "{5f3c9e59-1bcb-42dd-a3bb-1a1d09a0e57e}"
EndProject
Project("{FAE04EC0-301F-11D3-BF4B-00C04F79EFBC}") = "SaveState.Plugins.TouchControls", "src\SaveState.Plugins.TouchControls\SaveState.Plugins.TouchControls.csproj", "{d3164732-215d-4b33-9eed-05c08642ff2b}"
EndProject
Project("{FAE04EC0-301F-11D3-BF4B-00C04F79EFBC}") = "SaveState.Plugins.TwitchDrops", "src\SaveState.Plugins.TwitchDrops\SaveState.Plugins.TwitchDrops.csproj", "{584fee6c-b505-41dc-9460-15b9c728f776}"
EndProject
Project("{FAE04EC0-301F-11D3-BF4B-00C04F79EFBC}") = "SaveState.Plugins.TwitchStreaming", "src\SaveState.Plugins.TwitchStreaming\SaveState.Plugins.TwitchStreaming.csproj", "{f2e911be-09be-44ea-9bd2-4d64ac6f255f}"
EndProject
Project("{FAE04EC0-301F-11D3-BF4B-00C04F79EFBC}") = "SaveState.Plugins.TwitterShare", "src\SaveState.Plugins.TwitterShare\SaveState.Plugins.TwitterShare.csproj", "{d18c7a1c-a5c5-4788-9042-c6be487109a1}"
EndProject
Project("{FAE04EC0-301F-11D3-BF4B-00C04F79EFBC}") = "SaveState.Accessibility.Tests", "tests\SaveState.Accessibility.Tests\SaveState.Accessibility.Tests.csproj", "{98f1d150-235e-4427-932e-04529c1205c1}"
EndProject
Project("{FAE04EC0-301F-11D3-BF4B-00C04F79EFBC}") = "SaveState.Application.Tests", "tests\SaveState.Application.Tests\SaveState.Application.Tests.csproj", "{1610285f-5409-4097-a5da-52bbd3e427fb}"
EndProject
Project("{FAE04EC0-301F-11D3-BF4B-00C04F79EFBC}") = "SaveState.Configuration.Tests", "tests\SaveState.Configuration.Tests\SaveState.Configuration.Tests.csproj", "{2356e5f9-5ad4-492b-a057-8f196f159ed8}"
EndProject
Project("{FAE04EC0-301F-11D3-BF4B-00C04F79EFBC}") = "SaveState.Core.Tests", "tests\SaveState.Core.Tests\SaveState.Core.Tests.csproj", "{9092478c-fb93-4a0f-86f7-42f71c8cd3ed}"
EndProject
Project("{FAE04EC0-301F-11D3-BF4B-00C04F79EFBC}") = "SaveState.CrossPlatform.Tests", "tests\SaveState.CrossPlatform.Tests\SaveState.CrossPlatform.Tests.csproj", "{8483e814-3201-48d2-bcdc-9e4ecc94043d}"
EndProject
Project("{FAE04EC0-301F-11D3-BF4B-00C04F79EFBC}") = "SaveState.Infrastructure.Tests", "tests\SaveState.Infrastructure.Tests\SaveState.Infrastructure.Tests.csproj", "{b6a9947b-59d0-4cc3-8673-e42e0e1824ae}"
EndProject
Project("{FAE04EC0-301F-11D3-BF4B-00C04F79EFBC}") = "SaveState.Monitoring.Tests", "tests\SaveState.Monitoring.Tests\SaveState.Monitoring.Tests.csproj", "{d0901125-d41c-4bc8-b8e8-02b3b6808b3d}"
EndProject
Project("{FAE04EC0-301F-11D3-BF4B-00C04F79EFBC}") = "SaveState.Presentation.Tests", "tests\SaveState.Presentation.Tests\SaveState.Presentation.Tests.csproj", "{35d617f0-8161-4f0e-a1a3-0b90bb760cf2}"
EndProject
Project("{FAE04EC0-301F-11D3-BF4B-00C04F79EFBC}") = "SaveState.Tests.Fakes", "tests\SaveState.Tests.Fakes\SaveState.Tests.Fakes.csproj", "{fe61b8aa-797e-42b2-b9ed-b89c68259c5f}"
EndProject
Project("{FAE04EC0-301F-11D3-BF4B-00C04F79EFBC}") = "SaveState.Tests.Infrastructure", "tests\SaveState.Tests.Infrastructure\SaveState.Tests.Infrastructure.csproj", "{b40aed8b-7a02-4386-a2e2-d4592494fd7a}"
EndProject
Project("{FAE04EC0-301F-11D3-BF4B-00C04F79EFBC}") = "SaveState.Benchmarks", "tools\SaveState.Benchmarks\SaveState.Benchmarks.csproj", "{37e90e8e-bec2-45f1-8b82-64af5e278512}"
EndProject
Project("{FAE04EC0-301F-11D3-BF4B-00C04F79EFBC}") = "SaveState.Docs.Sync", "tools\SaveState.Docs.Sync\SaveState.Docs.Sync.csproj", "{e6b877ef-131b-422b-ac30-fc7eb54cfe0d}"
EndProject
Global
  GlobalSection(SolutionConfigurationPlatforms) = preSolution
    Debug|Any CPU = Debug|Any CPU
    Debug|x64 = Debug|x64
    Debug|x86 = Debug|x86
    Release|Any CPU = Release|Any CPU
    Release|x64 = Release|x64
    Release|x86 = Release|x86
  EndGlobalSection
  GlobalSection(ProjectConfigurationPlatforms) = postSolution
    {9aa0fb37-c747-42df-b904-051f6f7b051f}.Debug|Any CPU.ActiveCfg = Debug|Any CPU
    {9aa0fb37-c747-42df-b904-051f6f7b051f}.Debug|Any CPU.Build.0 = Debug|Any CPU
    {9aa0fb37-c747-42df-b904-051f6f7b051f}.Debug|x64.ActiveCfg = Debug|x64
    {9aa0fb37-c747-42df-b904-051f6f7b051f}.Debug|x64.Build.0 = Debug|x64
    {9aa0fb37-c747-42df-b904-051f6f7b051f}.Debug|x86.ActiveCfg = Debug|x86
    {9aa0fb37-c747-42df-b904-051f6f7b051f}.Debug|x86.Build.0 = Debug|x86
    {9aa0fb37-c747-42df-b904-051f6f7b051f}.Release|Any CPU.ActiveCfg = Debug|Any CPU
    {9aa0fb37-c747-42df-b904-051f6f7b051f}.Release|Any CPU.Build.0 = Debug|Any CPU
    {9aa0fb37-c747-42df-b904-051f6f7b051f}.Release|x64.ActiveCfg = Debug|x64
    {9aa0fb37-c747-42df-b904-051f6f7b051f}.Release|x64.Build.0 = Debug|x64
    {9aa0fb37-c747-42df-b904-051f6f7b051f}.Release|x86.ActiveCfg = Debug|x86
    {9aa0fb37-c747-42df-b904-051f6f7b051f}.Release|x86.Build.0 = Debug|x86
    {3bad1bd3-44fd-4ccf-8bb7-fe1b4853697c}.Debug|Any CPU.ActiveCfg = Debug|Any CPU
    {3bad1bd3-44fd-4ccf-8bb7-fe1b4853697c}.Debug|Any CPU.Build.0 = Debug|Any CPU
    {3bad1bd3-44fd-4ccf-8bb7-fe1b4853697c}.Debug|x64.ActiveCfg = Debug|x64
    {3bad1bd3-44fd-4ccf-8bb7-fe1b4853697c}.Debug|x64.Build.0 = Debug|x64
    {3bad1bd3-44fd-4ccf-8bb7-fe1b4853697c}.Debug|x86.ActiveCfg = Debug|x86
    {3bad1bd3-44fd-4ccf-8bb7-fe1b4853697c}.Debug|x86.Build.0 = Debug|x86
    {3bad1bd3-44fd-4ccf-8bb7-fe1b4853697c}.Release|Any CPU.ActiveCfg = Debug|Any CPU
    {3bad1bd3-44fd-4ccf-8bb7-fe1b4853697c}.Release|Any CPU.Build.0 = Debug|Any CPU
    {3bad1bd3-44fd-4ccf-8bb7-fe1b4853697c}.Release|x64.ActiveCfg = Debug|x64
    {3bad1bd3-44fd-4ccf-8bb7-fe1b4853697c}.Release|x64.Build.0 = Debug|x64
    {3bad1bd3-44fd-4ccf-8bb7-fe1b4853697c}.Release|x86.ActiveCfg = Debug|x86
    {3bad1bd3-44fd-4ccf-8bb7-fe1b4853697c}.Release|x86.Build.0 = Debug|x86
    {a70dd95a-351f-4946-883a-bd9952d6384c}.Debug|Any CPU.ActiveCfg = Debug|Any CPU
    {a70dd95a-351f-4946-883a-bd9952d6384c}.Debug|Any CPU.Build.0 = Debug|Any CPU
    {a70dd95a-351f-4946-883a-bd9952d6384c}.Debug|x64.ActiveCfg = Debug|x64
    {a70dd95a-351f-4946-883a-bd9952d6384c}.Debug|x64.Build.0 = Debug|x64
    {a70dd95a-351f-4946-883a-bd9952d6384c}.Debug|x86.ActiveCfg = Debug|x86
    {a70dd95a-351f-4946-883a-bd9952d6384c}.Debug|x86.Build.0 = Debug|x86
    {a70dd95a-351f-4946-883a-bd9952d6384c}.Release|Any CPU.ActiveCfg = Debug|Any CPU
    {a70dd95a-351f-4946-883a-bd9952d6384c}.Release|Any CPU.Build.0 = Debug|Any CPU
    {a70dd95a-351f-4946-883a-bd9952d6384c}.Release|x64.ActiveCfg = Debug|x64
    {a70dd95a-351f-4946-883a-bd9952d6384c}.Release|x64.Build.0 = Debug|x64
    {a70dd95a-351f-4946-883a-bd9952d6384c}.Release|x86.ActiveCfg = Debug|x86
    {a70dd95a-351f-4946-883a-bd9952d6384c}.Release|x86.Build.0 = Debug|x86
    {17cb8c1b-72ca-4b41-84a5-dc376e8abacb}.Debug|Any CPU.ActiveCfg = Debug|Any CPU
    {17cb8c1b-72ca-4b41-84a5-dc376e8abacb}.Debug|Any CPU.Build.0 = Debug|Any CPU
    {17cb8c1b-72ca-4b41-84a5-dc376e8abacb}.Debug|x64.ActiveCfg = Debug|x64
    {17cb8c1b-72ca-4b41-84a5-dc376e8abacb}.Debug|x64.Build.0 = Debug|x64
    {17cb8c1b-72ca-4b41-84a5-dc376e8abacb}.Debug|x86.ActiveCfg = Debug|x86
    {17cb8c1b-72ca-4b41-84a5-dc376e8abacb}.Debug|x86.Build.0 = Debug|x86
    {17cb8c1b-72ca-4b41-84a5-dc376e8abacb}.Release|Any CPU.ActiveCfg = Debug|Any CPU
    {17cb8c1b-72ca-4b41-84a5-dc376e8abacb}.Release|Any CPU.Build.0 = Debug|Any CPU
    {17cb8c1b-72ca-4b41-84a5-dc376e8abacb}.Release|x64.ActiveCfg = Debug|x64
    {17cb8c1b-72ca-4b41-84a5-dc376e8abacb}.Release|x64.Build.0 = Debug|x64
    {17cb8c1b-72ca-4b41-84a5-dc376e8abacb}.Release|x86.ActiveCfg = Debug|x86
    {17cb8c1b-72ca-4b41-84a5-dc376e8abacb}.Release|x86.Build.0 = Debug|x86
    {e989c75f-95ad-4415-8ab1-b062ae8b87a2}.Debug|Any CPU.ActiveCfg = Debug|Any CPU
    {e989c75f-95ad-4415-8ab1-b062ae8b87a2}.Debug|Any CPU.Build.0 = Debug|Any CPU
    {e989c75f-95ad-4415-8ab1-b062ae8b87a2}.Debug|x64.ActiveCfg = Debug|x64
    {e989c75f-95ad-4415-8ab1-b062ae8b87a2}.Debug|x64.Build.0 = Debug|x64
    {e989c75f-95ad-4415-8ab1-b062ae8b87a2}.Debug|x86.ActiveCfg = Debug|x86
    {e989c75f-95ad-4415-8ab1-b062ae8b87a2}.Debug|x86.Build.0 = Debug|x86
    {e989c75f-95ad-4415-8ab1-b062ae8b87a2}.Release|Any CPU.ActiveCfg = Debug|Any CPU
    {e989c75f-95ad-4415-8ab1-b062ae8b87a2}.Release|Any CPU.Build.0 = Debug|Any CPU
    {e989c75f-95ad-4415-8ab1-b062ae8b87a2}.Release|x64.ActiveCfg = Debug|x64
    {e989c75f-95ad-4415-8ab1-b062ae8b87a2}.Release|x64.Build.0 = Debug|x64
    {e989c75f-95ad-4415-8ab1-b062ae8b87a2}.Release|x86.ActiveCfg = Debug|x86
    {e989c75f-95ad-4415-8ab1-b062ae8b87a2}.Release|x86.Build.0 = Debug|x86
    {1eb59028-1918-40bd-902b-9ffff7425f97}.Debug|Any CPU.ActiveCfg = Debug|Any CPU
    {1eb59028-1918-40bd-902b-9ffff7425f97}.Debug|Any CPU.Build.0 = Debug|Any CPU
    {1eb59028-1918-40bd-902b-9ffff7425f97}.Debug|x64.ActiveCfg = Debug|x64
    {1eb59028-1918-40bd-902b-9ffff7425f97}.Debug|x64.Build.0 = Debug|x64
    {1eb59028-1918-40bd-902b-9ffff7425f97}.Debug|x86.ActiveCfg = Debug|x86
    {1eb59028-1918-40bd-902b-9ffff7425f97}.Debug|x86.Build.0 = Debug|x86
    {1eb59028-1918-40bd-902b-9ffff7425f97}.Release|Any CPU.ActiveCfg = Debug|Any CPU
    {1eb59028-1918-40bd-902b-9ffff7425f97}.Release|Any CPU.Build.0 = Debug|Any CPU
    {1eb59028-1918-40bd-902b-9ffff7425f97}.Release|x64.ActiveCfg = Debug|x64
    {1eb59028-1918-40bd-902b-9ffff7425f97}.Release|x64.Build.0 = Debug|x64
    {1eb59028-1918-40bd-902b-9ffff7425f97}.Release|x86.ActiveCfg = Debug|x86
    {1eb59028-1918-40bd-902b-9ffff7425f97}.Release|x86.Build.0 = Debug|x86
    {4d9c23f0-095d-47b0-a086-2dfd0866f84a}.Debug|Any CPU.ActiveCfg = Debug|Any CPU
    {4d9c23f0-095d-47b0-a086-2dfd0866f84a}.Debug|Any CPU.Build.0 = Debug|Any CPU
    {4d9c23f0-095d-47b0-a086-2dfd0866f84a}.Debug|x64.ActiveCfg = Debug|x64
    {4d9c23f0-095d-47b0-a086-2dfd0866f84a}.Debug|x64.Build.0 = Debug|x64
    {4d9c23f0-095d-47b0-a086-2dfd0866f84a}.Debug|x86.ActiveCfg = Debug|x86
    {4d9c23f0-095d-47b0-a086-2dfd0866f84a}.Debug|x86.Build.0 = Debug|x86
    {4d9c23f0-095d-47b0-a086-2dfd0866f84a}.Release|Any CPU.ActiveCfg = Debug|Any CPU
    {4d9c23f0-095d-47b0-a086-2dfd0866f84a}.Release|Any CPU.Build.0 = Debug|Any CPU
    {4d9c23f0-095d-47b0-a086-2dfd0866f84a}.Release|x64.ActiveCfg = Debug|x64
    {4d9c23f0-095d-47b0-a086-2dfd0866f84a}.Release|x64.Build.0 = Debug|x64
    {4d9c23f0-095d-47b0-a086-2dfd0866f84a}.Release|x86.ActiveCfg = Debug|x86
    {4d9c23f0-095d-47b0-a086-2dfd0866f84a}.Release|x86.Build.0 = Debug|x86
    {8a27ad57-e44d-4732-9b42-5934e634a14a}.Debug|Any CPU.ActiveCfg = Debug|Any CPU
    {8a27ad57-e44d-4732-9b42-5934e634a14a}.Debug|Any CPU.Build.0 = Debug|Any CPU
    {8a27ad57-e44d-4732-9b42-5934e634a14a}.Debug|x64.ActiveCfg = Debug|x64
    {8a27ad57-e44d-4732-9b42-5934e634a14a}.Debug|x64.Build.0 = Debug|x64
    {8a27ad57-e44d-4732-9b42-5934e634a14a}.Debug|x86.ActiveCfg = Debug|x86
    {8a27ad57-e44d-4732-9b42-5934e634a14a}.Debug|x86.Build.0 = Debug|x86
    {8a27ad57-e44d-4732-9b42-5934e634a14a}.Release|Any CPU.ActiveCfg = Debug|Any CPU
    {8a27ad57-e44d-4732-9b42-5934e634a14a}.Release|Any CPU.Build.0 = Debug|Any CPU
    {8a27ad57-e44d-4732-9b42-5934e634a14a}.Release|x64.ActiveCfg = Debug|x64
    {8a27ad57-e44d-4732-9b42-5934e634a14a}.Release|x64.Build.0 = Debug|x64
    {8a27ad57-e44d-4732-9b42-5934e634a14a}.Release|x86.ActiveCfg = Debug|x86
    {8a27ad57-e44d-4732-9b42-5934e634a14a}.Release|x86.Build.0 = Debug|x86
    {18747606-799e-42b6-a58c-7686dbc5e686}.Debug|Any CPU.ActiveCfg = Debug|Any CPU
    {18747606-799e-42b6-a58c-7686dbc5e686}.Debug|Any CPU.Build.0 = Debug|Any CPU
    {18747606-799e-42b6-a58c-7686dbc5e686}.Debug|x64.ActiveCfg = Debug|x64
    {18747606-799e-42b6-a58c-7686dbc5e686}.Debug|x64.Build.0 = Debug|x64
    {18747606-799e-42b6-a58c-7686dbc5e686}.Debug|x86.ActiveCfg = Debug|x86
    {18747606-799e-42b6-a58c-7686dbc5e686}.Debug|x86.Build.0 = Debug|x86
    {18747606-799e-42b6-a58c-7686dbc5e686}.Release|Any CPU.ActiveCfg = Debug|Any CPU
    {18747606-799e-42b6-a58c-7686dbc5e686}.Release|Any CPU.Build.0 = Debug|Any CPU
    {18747606-799e-42b6-a58c-7686dbc5e686}.Release|x64.ActiveCfg = Debug|x64
    {18747606-799e-42b6-a58c-7686dbc5e686}.Release|x64.Build.0 = Debug|x64
    {18747606-799e-42b6-a58c-7686dbc5e686}.Release|x86.ActiveCfg = Debug|x86
    {18747606-799e-42b6-a58c-7686dbc5e686}.Release|x86.Build.0 = Debug|x86
    {c05503df-3969-434d-8583-e8675d52d481}.Debug|Any CPU.ActiveCfg = Debug|Any CPU
    {c05503df-3969-434d-8583-e8675d52d481}.Debug|Any CPU.Build.0 = Debug|Any CPU
    {c05503df-3969-434d-8583-e8675d52d481}.Debug|x64.ActiveCfg = Debug|x64
    {c05503df-3969-434d-8583-e8675d52d481}.Debug|x64.Build.0 = Debug|x64
    {c05503df-3969-434d-8583-e8675d52d481}.Debug|x86.ActiveCfg = Debug|x86
    {c05503df-3969-434d-8583-e8675d52d481}.Debug|x86.Build.0 = Debug|x86
    {c05503df-3969-434d-8583-e8675d52d481}.Release|Any CPU.ActiveCfg = Debug|Any CPU
    {c05503df-3969-434d-8583-e8675d52d481}.Release|Any CPU.Build.0 = Debug|Any CPU
    {c05503df-3969-434d-8583-e8675d52d481}.Release|x64.ActiveCfg = Debug|x64
    {c05503df-3969-434d-8583-e8675d52d481}.Release|x64.Build.0 = Debug|x64
    {c05503df-3969-434d-8583-e8675d52d481}.Release|x86.ActiveCfg = Debug|x86
    {c05503df-3969-434d-8583-e8675d52d481}.Release|x86.Build.0 = Debug|x86
    {391996c0-8513-4675-a9b3-831945c2897e}.Debug|Any CPU.ActiveCfg = Debug|Any CPU
    {391996c0-8513-4675-a9b3-831945c2897e}.Debug|Any CPU.Build.0 = Debug|Any CPU
    {391996c0-8513-4675-a9b3-831945c2897e}.Debug|x64.ActiveCfg = Debug|x64
    {391996c0-8513-4675-a9b3-831945c2897e}.Debug|x64.Build.0 = Debug|x64
    {391996c0-8513-4675-a9b3-831945c2897e}.Debug|x86.ActiveCfg = Debug|x86
    {391996c0-8513-4675-a9b3-831945c2897e}.Debug|x86.Build.0 = Debug|x86
    {391996c0-8513-4675-a9b3-831945c2897e}.Release|Any CPU.ActiveCfg = Debug|Any CPU
    {391996c0-8513-4675-a9b3-831945c2897e}.Release|Any CPU.Build.0 = Debug|Any CPU
    {391996c0-8513-4675-a9b3-831945c2897e}.Release|x64.ActiveCfg = Debug|x64
    {391996c0-8513-4675-a9b3-831945c2897e}.Release|x64.Build.0 = Debug|x64
    {391996c0-8513-4675-a9b3-831945c2897e}.Release|x86.ActiveCfg = Debug|x86
    {391996c0-8513-4675-a9b3-831945c2897e}.Release|x86.Build.0 = Debug|x86
    {0019ebe5-8730-45d9-8bd4-af2232dc3f64}.Debug|Any CPU.ActiveCfg = Debug|Any CPU
    {0019ebe5-8730-45d9-8bd4-af2232dc3f64}.Debug|Any CPU.Build.0 = Debug|Any CPU
    {0019ebe5-8730-45d9-8bd4-af2232dc3f64}.Debug|x64.ActiveCfg = Debug|x64
    {0019ebe5-8730-45d9-8bd4-af2232dc3f64}.Debug|x64.Build.0 = Debug|x64
    {0019ebe5-8730-45d9-8bd4-af2232dc3f64}.Debug|x86.ActiveCfg = Debug|x86
    {0019ebe5-8730-45d9-8bd4-af2232dc3f64}.Debug|x86.Build.0 = Debug|x86
    {0019ebe5-8730-45d9-8bd4-af2232dc3f64}.Release|Any CPU.ActiveCfg = Debug|Any CPU
    {0019ebe5-8730-45d9-8bd4-af2232dc3f64}.Release|Any CPU.Build.0 = Debug|Any CPU
    {0019ebe5-8730-45d9-8bd4-af2232dc3f64}.Release|x64.ActiveCfg = Debug|x64
    {0019ebe5-8730-45d9-8bd4-af2232dc3f64}.Release|x64.Build.0 = Debug|x64
    {0019ebe5-8730-45d9-8bd4-af2232dc3f64}.Release|x86.ActiveCfg = Debug|x86
    {0019ebe5-8730-45d9-8bd4-af2232dc3f64}.Release|x86.Build.0 = Debug|x86
    {170b660e-6d3d-4ec9-abe8-d4fb047fbd1e}.Debug|Any CPU.ActiveCfg = Debug|Any CPU
    {170b660e-6d3d-4ec9-abe8-d4fb047fbd1e}.Debug|Any CPU.Build.0 = Debug|Any CPU
    {170b660e-6d3d-4ec9-abe8-d4fb047fbd1e}.Debug|x64.ActiveCfg = Debug|x64
    {170b660e-6d3d-4ec9-abe8-d4fb047fbd1e}.Debug|x64.Build.0 = Debug|x64
    {170b660e-6d3d-4ec9-abe8-d4fb047fbd1e}.Debug|x86.ActiveCfg = Debug|x86
    {170b660e-6d3d-4ec9-abe8-d4fb047fbd1e}.Debug|x86.Build.0 = Debug|x86
    {170b660e-6d3d-4ec9-abe8-d4fb047fbd1e}.Release|Any CPU.ActiveCfg = Debug|Any CPU
    {170b660e-6d3d-4ec9-abe8-d4fb047fbd1e}.Release|Any CPU.Build.0 = Debug|Any CPU
    {170b660e-6d3d-4ec9-abe8-d4fb047fbd1e}.Release|x64.ActiveCfg = Debug|x64
    {170b660e-6d3d-4ec9-abe8-d4fb047fbd1e}.Release|x64.Build.0 = Debug|x64
    {170b660e-6d3d-4ec9-abe8-d4fb047fbd1e}.Release|x86.ActiveCfg = Debug|x86
    {170b660e-6d3d-4ec9-abe8-d4fb047fbd1e}.Release|x86.Build.0 = Debug|x86
    {c13603da-76b4-4694-8995-0e50e238025c}.Debug|Any CPU.ActiveCfg = Debug|Any CPU
    {c13603da-76b4-4694-8995-0e50e238025c}.Debug|Any CPU.Build.0 = Debug|Any CPU
    {c13603da-76b4-4694-8995-0e50e238025c}.Debug|x64.ActiveCfg = Debug|x64
    {c13603da-76b4-4694-8995-0e50e238025c}.Debug|x64.Build.0 = Debug|x64
    {c13603da-76b4-4694-8995-0e50e238025c}.Debug|x86.ActiveCfg = Debug|x86
    {c13603da-76b4-4694-8995-0e50e238025c}.Debug|x86.Build.0 = Debug|x86
    {c13603da-76b4-4694-8995-0e50e238025c}.Release|Any CPU.ActiveCfg = Debug|Any CPU
    {c13603da-76b4-4694-8995-0e50e238025c}.Release|Any CPU.Build.0 = Debug|Any CPU
    {c13603da-76b4-4694-8995-0e50e238025c}.Release|x64.ActiveCfg = Debug|x64
    {c13603da-76b4-4694-8995-0e50e238025c}.Release|x64.Build.0 = Debug|x64
    {c13603da-76b4-4694-8995-0e50e238025c}.Release|x86.ActiveCfg = Debug|x86
    {c13603da-76b4-4694-8995-0e50e238025c}.Release|x86.Build.0 = Debug|x86
    {829e36ae-f098-40c5-ace6-9cc1ac273755}.Debug|Any CPU.ActiveCfg = Debug|Any CPU
    {829e36ae-f098-40c5-ace6-9cc1ac273755}.Debug|Any CPU.Build.0 = Debug|Any CPU
    {829e36ae-f098-40c5-ace6-9cc1ac273755}.Debug|x64.ActiveCfg = Debug|x64
    {829e36ae-f098-40c5-ace6-9cc1ac273755}.Debug|x64.Build.0 = Debug|x64
    {829e36ae-f098-40c5-ace6-9cc1ac273755}.Debug|x86.ActiveCfg = Debug|x86
    {829e36ae-f098-40c5-ace6-9cc1ac273755}.Debug|x86.Build.0 = Debug|x86
    {829e36ae-f098-40c5-ace6-9cc1ac273755}.Release|Any CPU.ActiveCfg = Debug|Any CPU
    {829e36ae-f098-40c5-ace6-9cc1ac273755}.Release|Any CPU.Build.0 = Debug|Any CPU
    {829e36ae-f098-40c5-ace6-9cc1ac273755}.Release|x64.ActiveCfg = Debug|x64
    {829e36ae-f098-40c5-ace6-9cc1ac273755}.Release|x64.Build.0 = Debug|x64
    {829e36ae-f098-40c5-ace6-9cc1ac273755}.Release|x86.ActiveCfg = Debug|x86
    {829e36ae-f098-40c5-ace6-9cc1ac273755}.Release|x86.Build.0 = Debug|x86
    {052bd969-efda-457b-ac8b-676cd5ae31e0}.Debug|Any CPU.ActiveCfg = Debug|Any CPU
    {052bd969-efda-457b-ac8b-676cd5ae31e0}.Debug|Any CPU.Build.0 = Debug|Any CPU
    {052bd969-efda-457b-ac8b-676cd5ae31e0}.Debug|x64.ActiveCfg = Debug|x64
    {052bd969-efda-457b-ac8b-676cd5ae31e0}.Debug|x64.Build.0 = Debug|x64
    {052bd969-efda-457b-ac8b-676cd5ae31e0}.Debug|x86.ActiveCfg = Debug|x86
    {052bd969-efda-457b-ac8b-676cd5ae31e0}.Debug|x86.Build.0 = Debug|x86
    {052bd969-efda-457b-ac8b-676cd5ae31e0}.Release|Any CPU.ActiveCfg = Debug|Any CPU
    {052bd969-efda-457b-ac8b-676cd5ae31e0}.Release|Any CPU.Build.0 = Debug|Any CPU
    {052bd969-efda-457b-ac8b-676cd5ae31e0}.Release|x64.ActiveCfg = Debug|x64
    {052bd969-efda-457b-ac8b-676cd5ae31e0}.Release|x64.Build.0 = Debug|x64
    {052bd969-efda-457b-ac8b-676cd5ae31e0}.Release|x86.ActiveCfg = Debug|x86
    {052bd969-efda-457b-ac8b-676cd5ae31e0}.Release|x86.Build.0 = Debug|x86
    {1de393f2-1928-4687-b6ab-d7db07238e1f}.Debug|Any CPU.ActiveCfg = Debug|Any CPU
    {1de393f2-1928-4687-b6ab-d7db07238e1f}.Debug|Any CPU.Build.0 = Debug|Any CPU
    {1de393f2-1928-4687-b6ab-d7db07238e1f}.Debug|x64.ActiveCfg = Debug|x64
    {1de393f2-1928-4687-b6ab-d7db07238e1f}.Debug|x64.Build.0 = Debug|x64
    {1de393f2-1928-4687-b6ab-d7db07238e1f}.Debug|x86.ActiveCfg = Debug|x86
    {1de393f2-1928-4687-b6ab-d7db07238e1f}.Debug|x86.Build.0 = Debug|x86
    {1de393f2-1928-4687-b6ab-d7db07238e1f}.Release|Any CPU.ActiveCfg = Debug|Any CPU
    {1de393f2-1928-4687-b6ab-d7db07238e1f}.Release|Any CPU.Build.0 = Debug|Any CPU
    {1de393f2-1928-4687-b6ab-d7db07238e1f}.Release|x64.ActiveCfg = Debug|x64
    {1de393f2-1928-4687-b6ab-d7db07238e1f}.Release|x64.Build.0 = Debug|x64
    {1de393f2-1928-4687-b6ab-d7db07238e1f}.Release|x86.ActiveCfg = Debug|x86
    {1de393f2-1928-4687-b6ab-d7db07238e1f}.Release|x86.Build.0 = Debug|x86
    {af21fc0d-222f-4cfb-bc54-952a9a2bcf9b}.Debug|Any CPU.ActiveCfg = Debug|Any CPU
    {af21fc0d-222f-4cfb-bc54-952a9a2bcf9b}.Debug|Any CPU.Build.0 = Debug|Any CPU
    {af21fc0d-222f-4cfb-bc54-952a9a2bcf9b}.Debug|x64.ActiveCfg = Debug|x64
    {af21fc0d-222f-4cfb-bc54-952a9a2bcf9b}.Debug|x64.Build.0 = Debug|x64
    {af21fc0d-222f-4cfb-bc54-952a9a2bcf9b}.Debug|x86.ActiveCfg = Debug|x86
    {af21fc0d-222f-4cfb-bc54-952a9a2bcf9b}.Debug|x86.Build.0 = Debug|x86
    {af21fc0d-222f-4cfb-bc54-952a9a2bcf9b}.Release|Any CPU.ActiveCfg = Debug|Any CPU
    {af21fc0d-222f-4cfb-bc54-952a9a2bcf9b}.Release|Any CPU.Build.0 = Debug|Any CPU
    {af21fc0d-222f-4cfb-bc54-952a9a2bcf9b}.Release|x64.ActiveCfg = Debug|x64
    {af21fc0d-222f-4cfb-bc54-952a9a2bcf9b}.Release|x64.Build.0 = Debug|x64
    {af21fc0d-222f-4cfb-bc54-952a9a2bcf9b}.Release|x86.ActiveCfg = Debug|x86
    {af21fc0d-222f-4cfb-bc54-952a9a2bcf9b}.Release|x86.Build.0 = Debug|x86
    {2939a658-3211-4f3a-b98c-6a20b6ebb36a}.Debug|Any CPU.ActiveCfg = Debug|Any CPU
    {2939a658-3211-4f3a-b98c-6a20b6ebb36a}.Debug|Any CPU.Build.0 = Debug|Any CPU
    {2939a658-3211-4f3a-b98c-6a20b6ebb36a}.Debug|x64.ActiveCfg = Debug|x64
    {2939a658-3211-4f3a-b98c-6a20b6ebb36a}.Debug|x64.Build.0 = Debug|x64
    {2939a658-3211-4f3a-b98c-6a20b6ebb36a}.Debug|x86.ActiveCfg = Debug|x86
    {2939a658-3211-4f3a-b98c-6a20b6ebb36a}.Debug|x86.Build.0 = Debug|x86
    {2939a658-3211-4f3a-b98c-6a20b6ebb36a}.Release|Any CPU.ActiveCfg = Debug|Any CPU
    {2939a658-3211-4f3a-b98c-6a20b6ebb36a}.Release|Any CPU.Build.0 = Debug|Any CPU
    {2939a658-3211-4f3a-b98c-6a20b6ebb36a}.Release|x64.ActiveCfg = Debug|x64
    {2939a658-3211-4f3a-b98c-6a20b6ebb36a}.Release|x64.Build.0 = Debug|x64
    {2939a658-3211-4f3a-b98c-6a20b6ebb36a}.Release|x86.ActiveCfg = Debug|x86
    {2939a658-3211-4f3a-b98c-6a20b6ebb36a}.Release|x86.Build.0 = Debug|x86
    {c6670eb6-10da-424b-af09-0c3f9da56848}.Debug|Any CPU.ActiveCfg = Debug|Any CPU
    {c6670eb6-10da-424b-af09-0c3f9da56848}.Debug|Any CPU.Build.0 = Debug|Any CPU
    {c6670eb6-10da-424b-af09-0c3f9da56848}.Debug|x64.ActiveCfg = Debug|x64
    {c6670eb6-10da-424b-af09-0c3f9da56848}.Debug|x64.Build.0 = Debug|x64
    {c6670eb6-10da-424b-af09-0c3f9da56848}.Debug|x86.ActiveCfg = Debug|x86
    {c6670eb6-10da-424b-af09-0c3f9da56848}.Debug|x86.Build.0 = Debug|x86
    {c6670eb6-10da-424b-af09-0c3f9da56848}.Release|Any CPU.ActiveCfg = Debug|Any CPU
    {c6670eb6-10da-424b-af09-0c3f9da56848}.Release|Any CPU.Build.0 = Debug|Any CPU
    {c6670eb6-10da-424b-af09-0c3f9da56848}.Release|x64.ActiveCfg = Debug|x64
    {c6670eb6-10da-424b-af09-0c3f9da56848}.Release|x64.Build.0 = Debug|x64
    {c6670eb6-10da-424b-af09-0c3f9da56848}.Release|x86.ActiveCfg = Debug|x86
    {c6670eb6-10da-424b-af09-0c3f9da56848}.Release|x86.Build.0 = Debug|x86
    {ff698a1b-5bf5-449a-83e1-9795dc6d70c4}.Debug|Any CPU.ActiveCfg = Debug|Any CPU
    {ff698a1b-5bf5-449a-83e1-9795dc6d70c4}.Debug|Any CPU.Build.0 = Debug|Any CPU
    {ff698a1b-5bf5-449a-83e1-9795dc6d70c4}.Debug|x64.ActiveCfg = Debug|x64
    {ff698a1b-5bf5-449a-83e1-9795dc6d70c4}.Debug|x64.Build.0 = Debug|x64
    {ff698a1b-5bf5-449a-83e1-9795dc6d70c4}.Debug|x86.ActiveCfg = Debug|x86
    {ff698a1b-5bf5-449a-83e1-9795dc6d70c4}.Debug|x86.Build.0 = Debug|x86
    {ff698a1b-5bf5-449a-83e1-9795dc6d70c4}.Release|Any CPU.ActiveCfg = Debug|Any CPU
    {ff698a1b-5bf5-449a-83e1-9795dc6d70c4}.Release|Any CPU.Build.0 = Debug|Any CPU
    {ff698a1b-5bf5-449a-83e1-9795dc6d70c4}.Release|x64.ActiveCfg = Debug|x64
    {ff698a1b-5bf5-449a-83e1-9795dc6d70c4}.Release|x64.Build.0 = Debug|x64
    {ff698a1b-5bf5-449a-83e1-9795dc6d70c4}.Release|x86.ActiveCfg = Debug|x86
    {ff698a1b-5bf5-449a-83e1-9795dc6d70c4}.Release|x86.Build.0 = Debug|x86
    {f6d13280-c014-498e-8306-4a3e292ac460}.Debug|Any CPU.ActiveCfg = Debug|Any CPU
    {f6d13280-c014-498e-8306-4a3e292ac460}.Debug|Any CPU.Build.0 = Debug|Any CPU
    {f6d13280-c014-498e-8306-4a3e292ac460}.Debug|x64.ActiveCfg = Debug|x64
    {f6d13280-c014-498e-8306-4a3e292ac460}.Debug|x64.Build.0 = Debug|x64
    {f6d13280-c014-498e-8306-4a3e292ac460}.Debug|x86.ActiveCfg = Debug|x86
    {f6d13280-c014-498e-8306-4a3e292ac460}.Debug|x86.Build.0 = Debug|x86
    {f6d13280-c014-498e-8306-4a3e292ac460}.Release|Any CPU.ActiveCfg = Debug|Any CPU
    {f6d13280-c014-498e-8306-4a3e292ac460}.Release|Any CPU.Build.0 = Debug|Any CPU
    {f6d13280-c014-498e-8306-4a3e292ac460}.Release|x64.ActiveCfg = Debug|x64
    {f6d13280-c014-498e-8306-4a3e292ac460}.Release|x64.Build.0 = Debug|x64
    {f6d13280-c014-498e-8306-4a3e292ac460}.Release|x86.ActiveCfg = Debug|x86
    {f6d13280-c014-498e-8306-4a3e292ac460}.Release|x86.Build.0 = Debug|x86
    {dea47503-ae89-4e3e-8e0d-7ce47a7fdd4a}.Debug|Any CPU.ActiveCfg = Debug|Any CPU
    {dea47503-ae89-4e3e-8e0d-7ce47a7fdd4a}.Debug|Any CPU.Build.0 = Debug|Any CPU
    {dea47503-ae89-4e3e-8e0d-7ce47a7fdd4a}.Debug|x64.ActiveCfg = Debug|x64
    {dea47503-ae89-4e3e-8e0d-7ce47a7fdd4a}.Debug|x64.Build.0 = Debug|x64
    {dea47503-ae89-4e3e-8e0d-7ce47a7fdd4a}.Debug|x86.ActiveCfg = Debug|x86
    {dea47503-ae89-4e3e-8e0d-7ce47a7fdd4a}.Debug|x86.Build.0 = Debug|x86
    {dea47503-ae89-4e3e-8e0d-7ce47a7fdd4a}.Release|Any CPU.ActiveCfg = Debug|Any CPU
    {dea47503-ae89-4e3e-8e0d-7ce47a7fdd4a}.Release|Any CPU.Build.0 = Debug|Any CPU
    {dea47503-ae89-4e3e-8e0d-7ce47a7fdd4a}.Release|x64.ActiveCfg = Debug|x64
    {dea47503-ae89-4e3e-8e0d-7ce47a7fdd4a}.Release|x64.Build.0 = Debug|x64
    {dea47503-ae89-4e3e-8e0d-7ce47a7fdd4a}.Release|x86.ActiveCfg = Debug|x86
    {dea47503-ae89-4e3e-8e0d-7ce47a7fdd4a}.Release|x86.Build.0 = Debug|x86
    {ca7fc6a9-38c8-440d-9859-4690dc16ee8a}.Debug|Any CPU.ActiveCfg = Debug|Any CPU
    {ca7fc6a9-38c8-440d-9859-4690dc16ee8a}.Debug|Any CPU.Build.0 = Debug|Any CPU
    {ca7fc6a9-38c8-440d-9859-4690dc16ee8a}.Debug|x64.ActiveCfg = Debug|x64
    {ca7fc6a9-38c8-440d-9859-4690dc16ee8a}.Debug|x64.Build.0 = Debug|x64
    {ca7fc6a9-38c8-440d-9859-4690dc16ee8a}.Debug|x86.ActiveCfg = Debug|x86
    {ca7fc6a9-38c8-440d-9859-4690dc16ee8a}.Debug|x86.Build.0 = Debug|x86
    {ca7fc6a9-38c8-440d-9859-4690dc16ee8a}.Release|Any CPU.ActiveCfg = Debug|Any CPU
    {ca7fc6a9-38c8-440d-9859-4690dc16ee8a}.Release|Any CPU.Build.0 = Debug|Any CPU
    {ca7fc6a9-38c8-440d-9859-4690dc16ee8a}.Release|x64.ActiveCfg = Debug|x64
    {ca7fc6a9-38c8-440d-9859-4690dc16ee8a}.Release|x64.Build.0 = Debug|x64
    {ca7fc6a9-38c8-440d-9859-4690dc16ee8a}.Release|x86.ActiveCfg = Debug|x86
    {ca7fc6a9-38c8-440d-9859-4690dc16ee8a}.Release|x86.Build.0 = Debug|x86
    {9aeeefee-e7bd-4b88-ac7e-2fee2f06ab2b}.Debug|Any CPU.ActiveCfg = Debug|Any CPU
    {9aeeefee-e7bd-4b88-ac7e-2fee2f06ab2b}.Debug|Any CPU.Build.0 = Debug|Any CPU
    {9aeeefee-e7bd-4b88-ac7e-2fee2f06ab2b}.Debug|x64.ActiveCfg = Debug|x64
    {9aeeefee-e7bd-4b88-ac7e-2fee2f06ab2b}.Debug|x64.Build.0 = Debug|x64
    {9aeeefee-e7bd-4b88-ac7e-2fee2f06ab2b}.Debug|x86.ActiveCfg = Debug|x86
    {9aeeefee-e7bd-4b88-ac7e-2fee2f06ab2b}.Debug|x86.Build.0 = Debug|x86
    {9aeeefee-e7bd-4b88-ac7e-2fee2f06ab2b}.Release|Any CPU.ActiveCfg = Debug|Any CPU
    {9aeeefee-e7bd-4b88-ac7e-2fee2f06ab2b}.Release|Any CPU.Build.0 = Debug|Any CPU
    {9aeeefee-e7bd-4b88-ac7e-2fee2f06ab2b}.Release|x64.ActiveCfg = Debug|x64
    {9aeeefee-e7bd-4b88-ac7e-2fee2f06ab2b}.Release|x64.Build.0 = Debug|x64
    {9aeeefee-e7bd-4b88-ac7e-2fee2f06ab2b}.Release|x86.ActiveCfg = Debug|x86
    {9aeeefee-e7bd-4b88-ac7e-2fee2f06ab2b}.Release|x86.Build.0 = Debug|x86
    {8f9638cc-613c-4e39-8ec7-1024264430ee}.Debug|Any CPU.ActiveCfg = Debug|Any CPU
    {8f9638cc-613c-4e39-8ec7-1024264430ee}.Debug|Any CPU.Build.0 = Debug|Any CPU
    {8f9638cc-613c-4e39-8ec7-1024264430ee}.Debug|x64.ActiveCfg = Debug|x64
    {8f9638cc-613c-4e39-8ec7-1024264430ee}.Debug|x64.Build.0 = Debug|x64
    {8f9638cc-613c-4e39-8ec7-1024264430ee}.Debug|x86.ActiveCfg = Debug|x86
    {8f9638cc-613c-4e39-8ec7-1024264430ee}.Debug|x86.Build.0 = Debug|x86
    {8f9638cc-613c-4e39-8ec7-1024264430ee}.Release|Any CPU.ActiveCfg = Debug|Any CPU
    {8f9638cc-613c-4e39-8ec7-1024264430ee}.Release|Any CPU.Build.0 = Debug|Any CPU
    {8f9638cc-613c-4e39-8ec7-1024264430ee}.Release|x64.ActiveCfg = Debug|x64
    {8f9638cc-613c-4e39-8ec7-1024264430ee}.Release|x64.Build.0 = Debug|x64
    {8f9638cc-613c-4e39-8ec7-1024264430ee}.Release|x86.ActiveCfg = Debug|x86
    {8f9638cc-613c-4e39-8ec7-1024264430ee}.Release|x86.Build.0 = Debug|x86
    {5161d093-0e21-4ae2-bdb8-43fd992e511d}.Debug|Any CPU.ActiveCfg = Debug|Any CPU
    {5161d093-0e21-4ae2-bdb8-43fd992e511d}.Debug|Any CPU.Build.0 = Debug|Any CPU
    {5161d093-0e21-4ae2-bdb8-43fd992e511d}.Debug|x64.ActiveCfg = Debug|x64
    {5161d093-0e21-4ae2-bdb8-43fd992e511d}.Debug|x64.Build.0 = Debug|x64
    {5161d093-0e21-4ae2-bdb8-43fd992e511d}.Debug|x86.ActiveCfg = Debug|x86
    {5161d093-0e21-4ae2-bdb8-43fd992e511d}.Debug|x86.Build.0 = Debug|x86
    {5161d093-0e21-4ae2-bdb8-43fd992e511d}.Release|Any CPU.ActiveCfg = Debug|Any CPU
    {5161d093-0e21-4ae2-bdb8-43fd992e511d}.Release|Any CPU.Build.0 = Debug|Any CPU
    {5161d093-0e21-4ae2-bdb8-43fd992e511d}.Release|x64.ActiveCfg = Debug|x64
    {5161d093-0e21-4ae2-bdb8-43fd992e511d}.Release|x64.Build.0 = Debug|x64
    {5161d093-0e21-4ae2-bdb8-43fd992e511d}.Release|x86.ActiveCfg = Debug|x86
    {5161d093-0e21-4ae2-bdb8-43fd992e511d}.Release|x86.Build.0 = Debug|x86
    {971e929b-c27b-4bc4-b1da-c03fc4c30a43}.Debug|Any CPU.ActiveCfg = Debug|Any CPU
    {971e929b-c27b-4bc4-b1da-c03fc4c30a43}.Debug|Any CPU.Build.0 = Debug|Any CPU
    {971e929b-c27b-4bc4-b1da-c03fc4c30a43}.Debug|x64.ActiveCfg = Debug|x64
    {971e929b-c27b-4bc4-b1da-c03fc4c30a43}.Debug|x64.Build.0 = Debug|x64
    {971e929b-c27b-4bc4-b1da-c03fc4c30a43}.Debug|x86.ActiveCfg = Debug|x86
    {971e929b-c27b-4bc4-b1da-c03fc4c30a43}.Debug|x86.Build.0 = Debug|x86
    {971e929b-c27b-4bc4-b1da-c03fc4c30a43}.Release|Any CPU.ActiveCfg = Debug|Any CPU
    {971e929b-c27b-4bc4-b1da-c03fc4c30a43}.Release|Any CPU.Build.0 = Debug|Any CPU
    {971e929b-c27b-4bc4-b1da-c03fc4c30a43}.Release|x64.ActiveCfg = Debug|x64
    {971e929b-c27b-4bc4-b1da-c03fc4c30a43}.Release|x64.Build.0 = Debug|x64
    {971e929b-c27b-4bc4-b1da-c03fc4c30a43}.Release|x86.ActiveCfg = Debug|x86
    {971e929b-c27b-4bc4-b1da-c03fc4c30a43}.Release|x86.Build.0 = Debug|x86
    {ca5428f4-80b9-4017-bc39-379c64ae34bf}.Debug|Any CPU.ActiveCfg = Debug|Any CPU
    {ca5428f4-80b9-4017-bc39-379c64ae34bf}.Debug|Any CPU.Build.0 = Debug|Any CPU
    {ca5428f4-80b9-4017-bc39-379c64ae34bf}.Debug|x64.ActiveCfg = Debug|x64
    {ca5428f4-80b9-4017-bc39-379c64ae34bf}.Debug|x64.Build.0 = Debug|x64
    {ca5428f4-80b9-4017-bc39-379c64ae34bf}.Debug|x86.ActiveCfg = Debug|x86
    {ca5428f4-80b9-4017-bc39-379c64ae34bf}.Debug|x86.Build.0 = Debug|x86
    {ca5428f4-80b9-4017-bc39-379c64ae34bf}.Release|Any CPU.ActiveCfg = Debug|Any CPU
    {ca5428f4-80b9-4017-bc39-379c64ae34bf}.Release|Any CPU.Build.0 = Debug|Any CPU
    {ca5428f4-80b9-4017-bc39-379c64ae34bf}.Release|x64.ActiveCfg = Debug|x64
    {ca5428f4-80b9-4017-bc39-379c64ae34bf}.Release|x64.Build.0 = Debug|x64
    {ca5428f4-80b9-4017-bc39-379c64ae34bf}.Release|x86.ActiveCfg = Debug|x86
    {ca5428f4-80b9-4017-bc39-379c64ae34bf}.Release|x86.Build.0 = Debug|x86
    {57c4d963-cbec-426b-873d-1a58394fcadf}.Debug|Any CPU.ActiveCfg = Debug|Any CPU
    {57c4d963-cbec-426b-873d-1a58394fcadf}.Debug|Any CPU.Build.0 = Debug|Any CPU
    {57c4d963-cbec-426b-873d-1a58394fcadf}.Debug|x64.ActiveCfg = Debug|x64
    {57c4d963-cbec-426b-873d-1a58394fcadf}.Debug|x64.Build.0 = Debug|x64
    {57c4d963-cbec-426b-873d-1a58394fcadf}.Debug|x86.ActiveCfg = Debug|x86
    {57c4d963-cbec-426b-873d-1a58394fcadf}.Debug|x86.Build.0 = Debug|x86
    {57c4d963-cbec-426b-873d-1a58394fcadf}.Release|Any CPU.ActiveCfg = Debug|Any CPU
    {57c4d963-cbec-426b-873d-1a58394fcadf}.Release|Any CPU.Build.0 = Debug|Any CPU
    {57c4d963-cbec-426b-873d-1a58394fcadf}.Release|x64.ActiveCfg = Debug|x64
    {57c4d963-cbec-426b-873d-1a58394fcadf}.Release|x64.Build.0 = Debug|x64
    {57c4d963-cbec-426b-873d-1a58394fcadf}.Release|x86.ActiveCfg = Debug|x86
    {57c4d963-cbec-426b-873d-1a58394fcadf}.Release|x86.Build.0 = Debug|x86
    {b82725a0-493e-4dcc-b19f-44ea8466b063}.Debug|Any CPU.ActiveCfg = Debug|Any CPU
    {b82725a0-493e-4dcc-b19f-44ea8466b063}.Debug|Any CPU.Build.0 = Debug|Any CPU
    {b82725a0-493e-4dcc-b19f-44ea8466b063}.Debug|x64.ActiveCfg = Debug|x64
    {b82725a0-493e-4dcc-b19f-44ea8466b063}.Debug|x64.Build.0 = Debug|x64
    {b82725a0-493e-4dcc-b19f-44ea8466b063}.Debug|x86.ActiveCfg = Debug|x86
    {b82725a0-493e-4dcc-b19f-44ea8466b063}.Debug|x86.Build.0 = Debug|x86
    {b82725a0-493e-4dcc-b19f-44ea8466b063}.Release|Any CPU.ActiveCfg = Debug|Any CPU
    {b82725a0-493e-4dcc-b19f-44ea8466b063}.Release|Any CPU.Build.0 = Debug|Any CPU
    {b82725a0-493e-4dcc-b19f-44ea8466b063}.Release|x64.ActiveCfg = Debug|x64
    {b82725a0-493e-4dcc-b19f-44ea8466b063}.Release|x64.Build.0 = Debug|x64
    {b82725a0-493e-4dcc-b19f-44ea8466b063}.Release|x86.ActiveCfg = Debug|x86
    {b82725a0-493e-4dcc-b19f-44ea8466b063}.Release|x86.Build.0 = Debug|x86
    {f2234247-1a96-4d49-81b6-136e86eaa3e7}.Debug|Any CPU.ActiveCfg = Debug|Any CPU
    {f2234247-1a96-4d49-81b6-136e86eaa3e7}.Debug|Any CPU.Build.0 = Debug|Any CPU
    {f2234247-1a96-4d49-81b6-136e86eaa3e7}.Debug|x64.ActiveCfg = Debug|x64
    {f2234247-1a96-4d49-81b6-136e86eaa3e7}.Debug|x64.Build.0 = Debug|x64
    {f2234247-1a96-4d49-81b6-136e86eaa3e7}.Debug|x86.ActiveCfg = Debug|x86
    {f2234247-1a96-4d49-81b6-136e86eaa3e7}.Debug|x86.Build.0 = Debug|x86
    {f2234247-1a96-4d49-81b6-136e86eaa3e7}.Release|Any CPU.ActiveCfg = Debug|Any CPU
    {f2234247-1a96-4d49-81b6-136e86eaa3e7}.Release|Any CPU.Build.0 = Debug|Any CPU
    {f2234247-1a96-4d49-81b6-136e86eaa3e7}.Release|x64.ActiveCfg = Debug|x64
    {f2234247-1a96-4d49-81b6-136e86eaa3e7}.Release|x64.Build.0 = Debug|x64
    {f2234247-1a96-4d49-81b6-136e86eaa3e7}.Release|x86.ActiveCfg = Debug|x86
    {f2234247-1a96-4d49-81b6-136e86eaa3e7}.Release|x86.Build.0 = Debug|x86
    {5d910d95-3881-42ea-ae12-119f50943172}.Debug|Any CPU.ActiveCfg = Debug|Any CPU
    {5d910d95-3881-42ea-ae12-119f50943172}.Debug|Any CPU.Build.0 = Debug|Any CPU
    {5d910d95-3881-42ea-ae12-119f50943172}.Debug|x64.ActiveCfg = Debug|x64
    {5d910d95-3881-42ea-ae12-119f50943172}.Debug|x64.Build.0 = Debug|x64
    {5d910d95-3881-42ea-ae12-119f50943172}.Debug|x86.ActiveCfg = Debug|x86
    {5d910d95-3881-42ea-ae12-119f50943172}.Debug|x86.Build.0 = Debug|x86
    {5d910d95-3881-42ea-ae12-119f50943172}.Release|Any CPU.ActiveCfg = Debug|Any CPU
    {5d910d95-3881-42ea-ae12-119f50943172}.Release|Any CPU.Build.0 = Debug|Any CPU
    {5d910d95-3881-42ea-ae12-119f50943172}.Release|x64.ActiveCfg = Debug|x64
    {5d910d95-3881-42ea-ae12-119f50943172}.Release|x64.Build.0 = Debug|x64
    {5d910d95-3881-42ea-ae12-119f50943172}.Release|x86.ActiveCfg = Debug|x86
    {5d910d95-3881-42ea-ae12-119f50943172}.Release|x86.Build.0 = Debug|x86
    {c04c0374-fc8c-4207-9f0f-3b9bbd062bee}.Debug|Any CPU.ActiveCfg = Debug|Any CPU
    {c04c0374-fc8c-4207-9f0f-3b9bbd062bee}.Debug|Any CPU.Build.0 = Debug|Any CPU
    {c04c0374-fc8c-4207-9f0f-3b9bbd062bee}.Debug|x64.ActiveCfg = Debug|x64
    {c04c0374-fc8c-4207-9f0f-3b9bbd062bee}.Debug|x64.Build.0 = Debug|x64
    {c04c0374-fc8c-4207-9f0f-3b9bbd062bee}.Debug|x86.ActiveCfg = Debug|x86
    {c04c0374-fc8c-4207-9f0f-3b9bbd062bee}.Debug|x86.Build.0 = Debug|x86
    {c04c0374-fc8c-4207-9f0f-3b9bbd062bee}.Release|Any CPU.ActiveCfg = Debug|Any CPU
    {c04c0374-fc8c-4207-9f0f-3b9bbd062bee}.Release|Any CPU.Build.0 = Debug|Any CPU
    {c04c0374-fc8c-4207-9f0f-3b9bbd062bee}.Release|x64.ActiveCfg = Debug|x64
    {c04c0374-fc8c-4207-9f0f-3b9bbd062bee}.Release|x64.Build.0 = Debug|x64
    {c04c0374-fc8c-4207-9f0f-3b9bbd062bee}.Release|x86.ActiveCfg = Debug|x86
    {c04c0374-fc8c-4207-9f0f-3b9bbd062bee}.Release|x86.Build.0 = Debug|x86
    {c431abfe-9dbf-48bb-abb3-1cc32ad9501c}.Debug|Any CPU.ActiveCfg = Debug|Any CPU
    {c431abfe-9dbf-48bb-abb3-1cc32ad9501c}.Debug|Any CPU.Build.0 = Debug|Any CPU
    {c431abfe-9dbf-48bb-abb3-1cc32ad9501c}.Debug|x64.ActiveCfg = Debug|x64
    {c431abfe-9dbf-48bb-abb3-1cc32ad9501c}.Debug|x64.Build.0 = Debug|x64
    {c431abfe-9dbf-48bb-abb3-1cc32ad9501c}.Debug|x86.ActiveCfg = Debug|x86
    {c431abfe-9dbf-48bb-abb3-1cc32ad9501c}.Debug|x86.Build.0 = Debug|x86
    {c431abfe-9dbf-48bb-abb3-1cc32ad9501c}.Release|Any CPU.ActiveCfg = Debug|Any CPU
    {c431abfe-9dbf-48bb-abb3-1cc32ad9501c}.Release|Any CPU.Build.0 = Debug|Any CPU
    {c431abfe-9dbf-48bb-abb3-1cc32ad9501c}.Release|x64.ActiveCfg = Debug|x64
    {c431abfe-9dbf-48bb-abb3-1cc32ad9501c}.Release|x64.Build.0 = Debug|x64
    {c431abfe-9dbf-48bb-abb3-1cc32ad9501c}.Release|x86.ActiveCfg = Debug|x86
    {c431abfe-9dbf-48bb-abb3-1cc32ad9501c}.Release|x86.Build.0 = Debug|x86
    {5224941e-49f8-444b-9c03-db1138db6d91}.Debug|Any CPU.ActiveCfg = Debug|Any CPU
    {5224941e-49f8-444b-9c03-db1138db6d91}.Debug|Any CPU.Build.0 = Debug|Any CPU
    {5224941e-49f8-444b-9c03-db1138db6d91}.Debug|x64.ActiveCfg = Debug|x64
    {5224941e-49f8-444b-9c03-db1138db6d91}.Debug|x64.Build.0 = Debug|x64
    {5224941e-49f8-444b-9c03-db1138db6d91}.Debug|x86.ActiveCfg = Debug|x86
    {5224941e-49f8-444b-9c03-db1138db6d91}.Debug|x86.Build.0 = Debug|x86
    {5224941e-49f8-444b-9c03-db1138db6d91}.Release|Any CPU.ActiveCfg = Debug|Any CPU
    {5224941e-49f8-444b-9c03-db1138db6d91}.Release|Any CPU.Build.0 = Debug|Any CPU
    {5224941e-49f8-444b-9c03-db1138db6d91}.Release|x64.ActiveCfg = Debug|x64
    {5224941e-49f8-444b-9c03-db1138db6d91}.Release|x64.Build.0 = Debug|x64
    {5224941e-49f8-444b-9c03-db1138db6d91}.Release|x86.ActiveCfg = Debug|x86
    {5224941e-49f8-444b-9c03-db1138db6d91}.Release|x86.Build.0 = Debug|x86
    {1048e432-6d79-484b-b8d2-bd72a41775e9}.Debug|Any CPU.ActiveCfg = Debug|Any CPU
    {1048e432-6d79-484b-b8d2-bd72a41775e9}.Debug|Any CPU.Build.0 = Debug|Any CPU
    {1048e432-6d79-484b-b8d2-bd72a41775e9}.Debug|x64.ActiveCfg = Debug|x64
    {1048e432-6d79-484b-b8d2-bd72a41775e9}.Debug|x64.Build.0 = Debug|x64
    {1048e432-6d79-484b-b8d2-bd72a41775e9}.Debug|x86.ActiveCfg = Debug|x86
    {1048e432-6d79-484b-b8d2-bd72a41775e9}.Debug|x86.Build.0 = Debug|x86
    {1048e432-6d79-484b-b8d2-bd72a41775e9}.Release|Any CPU.ActiveCfg = Debug|Any CPU
    {1048e432-6d79-484b-b8d2-bd72a41775e9}.Release|Any CPU.Build.0 = Debug|Any CPU
    {1048e432-6d79-484b-b8d2-bd72a41775e9}.Release|x64.ActiveCfg = Debug|x64
    {1048e432-6d79-484b-b8d2-bd72a41775e9}.Release|x64.Build.0 = Debug|x64
    {1048e432-6d79-484b-b8d2-bd72a41775e9}.Release|x86.ActiveCfg = Debug|x86
    {1048e432-6d79-484b-b8d2-bd72a41775e9}.Release|x86.Build.0 = Debug|x86
    {5c463c89-396f-4956-822c-841462525061}.Debug|Any CPU.ActiveCfg = Debug|Any CPU
    {5c463c89-396f-4956-822c-841462525061}.Debug|Any CPU.Build.0 = Debug|Any CPU
    {5c463c89-396f-4956-822c-841462525061}.Debug|x64.ActiveCfg = Debug|x64
    {5c463c89-396f-4956-822c-841462525061}.Debug|x64.Build.0 = Debug|x64
    {5c463c89-396f-4956-822c-841462525061}.Debug|x86.ActiveCfg = Debug|x86
    {5c463c89-396f-4956-822c-841462525061}.Debug|x86.Build.0 = Debug|x86
    {5c463c89-396f-4956-822c-841462525061}.Release|Any CPU.ActiveCfg = Debug|Any CPU
    {5c463c89-396f-4956-822c-841462525061}.Release|Any CPU.Build.0 = Debug|Any CPU
    {5c463c89-396f-4956-822c-841462525061}.Release|x64.ActiveCfg = Debug|x64
    {5c463c89-396f-4956-822c-841462525061}.Release|x64.Build.0 = Debug|x64
    {5c463c89-396f-4956-822c-841462525061}.Release|x86.ActiveCfg = Debug|x86
    {5c463c89-396f-4956-822c-841462525061}.Release|x86.Build.0 = Debug|x86
    {b57dbbb7-4ef4-41e0-8d4e-cc7c946504b5}.Debug|Any CPU.ActiveCfg = Debug|Any CPU
    {b57dbbb7-4ef4-41e0-8d4e-cc7c946504b5}.Debug|Any CPU.Build.0 = Debug|Any CPU
    {b57dbbb7-4ef4-41e0-8d4e-cc7c946504b5}.Debug|x64.ActiveCfg = Debug|x64
    {b57dbbb7-4ef4-41e0-8d4e-cc7c946504b5}.Debug|x64.Build.0 = Debug|x64
    {b57dbbb7-4ef4-41e0-8d4e-cc7c946504b5}.Debug|x86.ActiveCfg = Debug|x86
    {b57dbbb7-4ef4-41e0-8d4e-cc7c946504b5}.Debug|x86.Build.0 = Debug|x86
    {b57dbbb7-4ef4-41e0-8d4e-cc7c946504b5}.Release|Any CPU.ActiveCfg = Debug|Any CPU
    {b57dbbb7-4ef4-41e0-8d4e-cc7c946504b5}.Release|Any CPU.Build.0 = Debug|Any CPU
    {b57dbbb7-4ef4-41e0-8d4e-cc7c946504b5}.Release|x64.ActiveCfg = Debug|x64
    {b57dbbb7-4ef4-41e0-8d4e-cc7c946504b5}.Release|x64.Build.0 = Debug|x64
    {b57dbbb7-4ef4-41e0-8d4e-cc7c946504b5}.Release|x86.ActiveCfg = Debug|x86
    {b57dbbb7-4ef4-41e0-8d4e-cc7c946504b5}.Release|x86.Build.0 = Debug|x86
    {8e2d375a-e488-401f-a8ab-03cd74a6ab83}.Debug|Any CPU.ActiveCfg = Debug|Any CPU
    {8e2d375a-e488-401f-a8ab-03cd74a6ab83}.Debug|Any CPU.Build.0 = Debug|Any CPU
    {8e2d375a-e488-401f-a8ab-03cd74a6ab83}.Debug|x64.ActiveCfg = Debug|x64
    {8e2d375a-e488-401f-a8ab-03cd74a6ab83}.Debug|x64.Build.0 = Debug|x64
    {8e2d375a-e488-401f-a8ab-03cd74a6ab83}.Debug|x86.ActiveCfg = Debug|x86
    {8e2d375a-e488-401f-a8ab-03cd74a6ab83}.Debug|x86.Build.0 = Debug|x86
    {8e2d375a-e488-401f-a8ab-03cd74a6ab83}.Release|Any CPU.ActiveCfg = Debug|Any CPU
    {8e2d375a-e488-401f-a8ab-03cd74a6ab83}.Release|Any CPU.Build.0 = Debug|Any CPU
    {8e2d375a-e488-401f-a8ab-03cd74a6ab83}.Release|x64.ActiveCfg = Debug|x64
    {8e2d375a-e488-401f-a8ab-03cd74a6ab83}.Release|x64.Build.0 = Debug|x64
    {8e2d375a-e488-401f-a8ab-03cd74a6ab83}.Release|x86.ActiveCfg = Debug|x86
    {8e2d375a-e488-401f-a8ab-03cd74a6ab83}.Release|x86.Build.0 = Debug|x86
    {eed6d4d9-4e26-466c-90f2-db74461cd926}.Debug|Any CPU.ActiveCfg = Debug|Any CPU
    {eed6d4d9-4e26-466c-90f2-db74461cd926}.Debug|Any CPU.Build.0 = Debug|Any CPU
    {eed6d4d9-4e26-466c-90f2-db74461cd926}.Debug|x64.ActiveCfg = Debug|x64
    {eed6d4d9-4e26-466c-90f2-db74461cd926}.Debug|x64.Build.0 = Debug|x64
    {eed6d4d9-4e26-466c-90f2-db74461cd926}.Debug|x86.ActiveCfg = Debug|x86
    {eed6d4d9-4e26-466c-90f2-db74461cd926}.Debug|x86.Build.0 = Debug|x86
    {eed6d4d9-4e26-466c-90f2-db74461cd926}.Release|Any CPU.ActiveCfg = Debug|Any CPU
    {eed6d4d9-4e26-466c-90f2-db74461cd926}.Release|Any CPU.Build.0 = Debug|Any CPU
    {eed6d4d9-4e26-466c-90f2-db74461cd926}.Release|x64.ActiveCfg = Debug|x64
    {eed6d4d9-4e26-466c-90f2-db74461cd926}.Release|x64.Build.0 = Debug|x64
    {eed6d4d9-4e26-466c-90f2-db74461cd926}.Release|x86.ActiveCfg = Debug|x86
    {eed6d4d9-4e26-466c-90f2-db74461cd926}.Release|x86.Build.0 = Debug|x86
    {e1f85f9e-7a8d-4de7-b8cf-e644474efef8}.Debug|Any CPU.ActiveCfg = Debug|Any CPU
    {e1f85f9e-7a8d-4de7-b8cf-e644474efef8}.Debug|Any CPU.Build.0 = Debug|Any CPU
    {e1f85f9e-7a8d-4de7-b8cf-e644474efef8}.Debug|x64.ActiveCfg = Debug|x64
    {e1f85f9e-7a8d-4de7-b8cf-e644474efef8}.Debug|x64.Build.0 = Debug|x64
    {e1f85f9e-7a8d-4de7-b8cf-e644474efef8}.Debug|x86.ActiveCfg = Debug|x86
    {e1f85f9e-7a8d-4de7-b8cf-e644474efef8}.Debug|x86.Build.0 = Debug|x86
    {e1f85f9e-7a8d-4de7-b8cf-e644474efef8}.Release|Any CPU.ActiveCfg = Debug|Any CPU
    {e1f85f9e-7a8d-4de7-b8cf-e644474efef8}.Release|Any CPU.Build.0 = Debug|Any CPU
    {e1f85f9e-7a8d-4de7-b8cf-e644474efef8}.Release|x64.ActiveCfg = Debug|x64
    {e1f85f9e-7a8d-4de7-b8cf-e644474efef8}.Release|x64.Build.0 = Debug|x64
    {e1f85f9e-7a8d-4de7-b8cf-e644474efef8}.Release|x86.ActiveCfg = Debug|x86
    {e1f85f9e-7a8d-4de7-b8cf-e644474efef8}.Release|x86.Build.0 = Debug|x86
    {a9eeab60-c9d6-4d4b-8402-19c95806a162}.Debug|Any CPU.ActiveCfg = Debug|Any CPU
    {a9eeab60-c9d6-4d4b-8402-19c95806a162}.Debug|Any CPU.Build.0 = Debug|Any CPU
    {a9eeab60-c9d6-4d4b-8402-19c95806a162}.Debug|x64.ActiveCfg = Debug|x64
    {a9eeab60-c9d6-4d4b-8402-19c95806a162}.Debug|x64.Build.0 = Debug|x64
    {a9eeab60-c9d6-4d4b-8402-19c95806a162}.Debug|x86.ActiveCfg = Debug|x86
    {a9eeab60-c9d6-4d4b-8402-19c95806a162}.Debug|x86.Build.0 = Debug|x86
    {a9eeab60-c9d6-4d4b-8402-19c95806a162}.Release|Any CPU.ActiveCfg = Debug|Any CPU
    {a9eeab60-c9d6-4d4b-8402-19c95806a162}.Release|Any CPU.Build.0 = Debug|Any CPU
    {a9eeab60-c9d6-4d4b-8402-19c95806a162}.Release|x64.ActiveCfg = Debug|x64
    {a9eeab60-c9d6-4d4b-8402-19c95806a162}.Release|x64.Build.0 = Debug|x64
    {a9eeab60-c9d6-4d4b-8402-19c95806a162}.Release|x86.ActiveCfg = Debug|x86
    {a9eeab60-c9d6-4d4b-8402-19c95806a162}.Release|x86.Build.0 = Debug|x86
    {c6fe6306-5403-418c-a9b5-d939b4056f59}.Debug|Any CPU.ActiveCfg = Debug|Any CPU
    {c6fe6306-5403-418c-a9b5-d939b4056f59}.Debug|Any CPU.Build.0 = Debug|Any CPU
    {c6fe6306-5403-418c-a9b5-d939b4056f59}.Debug|x64.ActiveCfg = Debug|x64
    {c6fe6306-5403-418c-a9b5-d939b4056f59}.Debug|x64.Build.0 = Debug|x64
    {c6fe6306-5403-418c-a9b5-d939b4056f59}.Debug|x86.ActiveCfg = Debug|x86
    {c6fe6306-5403-418c-a9b5-d939b4056f59}.Debug|x86.Build.0 = Debug|x86
    {c6fe6306-5403-418c-a9b5-d939b4056f59}.Release|Any CPU.ActiveCfg = Debug|Any CPU
    {c6fe6306-5403-418c-a9b5-d939b4056f59}.Release|Any CPU.Build.0 = Debug|Any CPU
    {c6fe6306-5403-418c-a9b5-d939b4056f59}.Release|x64.ActiveCfg = Debug|x64
    {c6fe6306-5403-418c-a9b5-d939b4056f59}.Release|x64.Build.0 = Debug|x64
    {c6fe6306-5403-418c-a9b5-d939b4056f59}.Release|x86.ActiveCfg = Debug|x86
    {c6fe6306-5403-418c-a9b5-d939b4056f59}.Release|x86.Build.0 = Debug|x86
    {9b5985ba-d650-4a6f-baa2-fbc35b10731c}.Debug|Any CPU.ActiveCfg = Debug|Any CPU
    {9b5985ba-d650-4a6f-baa2-fbc35b10731c}.Debug|Any CPU.Build.0 = Debug|Any CPU
    {9b5985ba-d650-4a6f-baa2-fbc35b10731c}.Debug|x64.ActiveCfg = Debug|x64
    {9b5985ba-d650-4a6f-baa2-fbc35b10731c}.Debug|x64.Build.0 = Debug|x64
    {9b5985ba-d650-4a6f-baa2-fbc35b10731c}.Debug|x86.ActiveCfg = Debug|x86
    {9b5985ba-d650-4a6f-baa2-fbc35b10731c}.Debug|x86.Build.0 = Debug|x86
    {9b5985ba-d650-4a6f-baa2-fbc35b10731c}.Release|Any CPU.ActiveCfg = Debug|Any CPU
    {9b5985ba-d650-4a6f-baa2-fbc35b10731c}.Release|Any CPU.Build.0 = Debug|Any CPU
    {9b5985ba-d650-4a6f-baa2-fbc35b10731c}.Release|x64.ActiveCfg = Debug|x64
    {9b5985ba-d650-4a6f-baa2-fbc35b10731c}.Release|x64.Build.0 = Debug|x64
    {9b5985ba-d650-4a6f-baa2-fbc35b10731c}.Release|x86.ActiveCfg = Debug|x86
    {9b5985ba-d650-4a6f-baa2-fbc35b10731c}.Release|x86.Build.0 = Debug|x86
    {ffcfc879-cc93-490a-8f84-8a18ea089468}.Debug|Any CPU.ActiveCfg = Debug|Any CPU
    {ffcfc879-cc93-490a-8f84-8a18ea089468}.Debug|Any CPU.Build.0 = Debug|Any CPU
    {ffcfc879-cc93-490a-8f84-8a18ea089468}.Debug|x64.ActiveCfg = Debug|x64
    {ffcfc879-cc93-490a-8f84-8a18ea089468}.Debug|x64.Build.0 = Debug|x64
    {ffcfc879-cc93-490a-8f84-8a18ea089468}.Debug|x86.ActiveCfg = Debug|x86
    {ffcfc879-cc93-490a-8f84-8a18ea089468}.Debug|x86.Build.0 = Debug|x86
    {ffcfc879-cc93-490a-8f84-8a18ea089468}.Release|Any CPU.ActiveCfg = Debug|Any CPU
    {ffcfc879-cc93-490a-8f84-8a18ea089468}.Release|Any CPU.Build.0 = Debug|Any CPU
    {ffcfc879-cc93-490a-8f84-8a18ea089468}.Release|x64.ActiveCfg = Debug|x64
    {ffcfc879-cc93-490a-8f84-8a18ea089468}.Release|x64.Build.0 = Debug|x64
    {ffcfc879-cc93-490a-8f84-8a18ea089468}.Release|x86.ActiveCfg = Debug|x86
    {ffcfc879-cc93-490a-8f84-8a18ea089468}.Release|x86.Build.0 = Debug|x86
    {02107b0a-e484-4e1b-bfd4-1bcb716fcdd2}.Debug|Any CPU.ActiveCfg = Debug|Any CPU
    {02107b0a-e484-4e1b-bfd4-1bcb716fcdd2}.Debug|Any CPU.Build.0 = Debug|Any CPU
    {02107b0a-e484-4e1b-bfd4-1bcb716fcdd2}.Debug|x64.ActiveCfg = Debug|x64
    {02107b0a-e484-4e1b-bfd4-1bcb716fcdd2}.Debug|x64.Build.0 = Debug|x64
    {02107b0a-e484-4e1b-bfd4-1bcb716fcdd2}.Debug|x86.ActiveCfg = Debug|x86
    {02107b0a-e484-4e1b-bfd4-1bcb716fcdd2}.Debug|x86.Build.0 = Debug|x86
    {02107b0a-e484-4e1b-bfd4-1bcb716fcdd2}.Release|Any CPU.ActiveCfg = Debug|Any CPU
    {02107b0a-e484-4e1b-bfd4-1bcb716fcdd2}.Release|Any CPU.Build.0 = Debug|Any CPU
    {02107b0a-e484-4e1b-bfd4-1bcb716fcdd2}.Release|x64.ActiveCfg = Debug|x64
    {02107b0a-e484-4e1b-bfd4-1bcb716fcdd2}.Release|x64.Build.0 = Debug|x64
    {02107b0a-e484-4e1b-bfd4-1bcb716fcdd2}.Release|x86.ActiveCfg = Debug|x86
    {02107b0a-e484-4e1b-bfd4-1bcb716fcdd2}.Release|x86.Build.0 = Debug|x86
    {dafb9d06-592c-4d16-8685-bfbdaeaa9415}.Debug|Any CPU.ActiveCfg = Debug|Any CPU
    {dafb9d06-592c-4d16-8685-bfbdaeaa9415}.Debug|Any CPU.Build.0 = Debug|Any CPU
    {dafb9d06-592c-4d16-8685-bfbdaeaa9415}.Debug|x64.ActiveCfg = Debug|x64
    {dafb9d06-592c-4d16-8685-bfbdaeaa9415}.Debug|x64.Build.0 = Debug|x64
    {dafb9d06-592c-4d16-8685-bfbdaeaa9415}.Debug|x86.ActiveCfg = Debug|x86
    {dafb9d06-592c-4d16-8685-bfbdaeaa9415}.Debug|x86.Build.0 = Debug|x86
    {dafb9d06-592c-4d16-8685-bfbdaeaa9415}.Release|Any CPU.ActiveCfg = Debug|Any CPU
    {dafb9d06-592c-4d16-8685-bfbdaeaa9415}.Release|Any CPU.Build.0 = Debug|Any CPU
    {dafb9d06-592c-4d16-8685-bfbdaeaa9415}.Release|x64.ActiveCfg = Debug|x64
    {dafb9d06-592c-4d16-8685-bfbdaeaa9415}.Release|x64.Build.0 = Debug|x64
    {dafb9d06-592c-4d16-8685-bfbdaeaa9415}.Release|x86.ActiveCfg = Debug|x86
    {dafb9d06-592c-4d16-8685-bfbdaeaa9415}.Release|x86.Build.0 = Debug|x86
    {9c3bc829-aefd-4e8d-addc-f2f77668f3a0}.Debug|Any CPU.ActiveCfg = Debug|Any CPU
    {9c3bc829-aefd-4e8d-addc-f2f77668f3a0}.Debug|Any CPU.Build.0 = Debug|Any CPU
    {9c3bc829-aefd-4e8d-addc-f2f77668f3a0}.Debug|x64.ActiveCfg = Debug|x64
    {9c3bc829-aefd-4e8d-addc-f2f77668f3a0}.Debug|x64.Build.0 = Debug|x64
    {9c3bc829-aefd-4e8d-addc-f2f77668f3a0}.Debug|x86.ActiveCfg = Debug|x86
    {9c3bc829-aefd-4e8d-addc-f2f77668f3a0}.Debug|x86.Build.0 = Debug|x86
    {9c3bc829-aefd-4e8d-addc-f2f77668f3a0}.Release|Any CPU.ActiveCfg = Debug|Any CPU
    {9c3bc829-aefd-4e8d-addc-f2f77668f3a0}.Release|Any CPU.Build.0 = Debug|Any CPU
    {9c3bc829-aefd-4e8d-addc-f2f77668f3a0}.Release|x64.ActiveCfg = Debug|x64
    {9c3bc829-aefd-4e8d-addc-f2f77668f3a0}.Release|x64.Build.0 = Debug|x64
    {9c3bc829-aefd-4e8d-addc-f2f77668f3a0}.Release|x86.ActiveCfg = Debug|x86
    {9c3bc829-aefd-4e8d-addc-f2f77668f3a0}.Release|x86.Build.0 = Debug|x86
    {20460ef7-3316-486c-86f1-a127200aa222}.Debug|Any CPU.ActiveCfg = Debug|Any CPU
    {20460ef7-3316-486c-86f1-a127200aa222}.Debug|Any CPU.Build.0 = Debug|Any CPU
    {20460ef7-3316-486c-86f1-a127200aa222}.Debug|x64.ActiveCfg = Debug|x64
    {20460ef7-3316-486c-86f1-a127200aa222}.Debug|x64.Build.0 = Debug|x64
    {20460ef7-3316-486c-86f1-a127200aa222}.Debug|x86.ActiveCfg = Debug|x86
    {20460ef7-3316-486c-86f1-a127200aa222}.Debug|x86.Build.0 = Debug|x86
    {20460ef7-3316-486c-86f1-a127200aa222}.Release|Any CPU.ActiveCfg = Debug|Any CPU
    {20460ef7-3316-486c-86f1-a127200aa222}.Release|Any CPU.Build.0 = Debug|Any CPU
    {20460ef7-3316-486c-86f1-a127200aa222}.Release|x64.ActiveCfg = Debug|x64
    {20460ef7-3316-486c-86f1-a127200aa222}.Release|x64.Build.0 = Debug|x64
    {20460ef7-3316-486c-86f1-a127200aa222}.Release|x86.ActiveCfg = Debug|x86
    {20460ef7-3316-486c-86f1-a127200aa222}.Release|x86.Build.0 = Debug|x86
    {81a40849-1759-4f58-8bac-375ed025fcd6}.Debug|Any CPU.ActiveCfg = Debug|Any CPU
    {81a40849-1759-4f58-8bac-375ed025fcd6}.Debug|Any CPU.Build.0 = Debug|Any CPU
    {81a40849-1759-4f58-8bac-375ed025fcd6}.Debug|x64.ActiveCfg = Debug|x64
    {81a40849-1759-4f58-8bac-375ed025fcd6}.Debug|x64.Build.0 = Debug|x64
    {81a40849-1759-4f58-8bac-375ed025fcd6}.Debug|x86.ActiveCfg = Debug|x86
    {81a40849-1759-4f58-8bac-375ed025fcd6}.Debug|x86.Build.0 = Debug|x86
    {81a40849-1759-4f58-8bac-375ed025fcd6}.Release|Any CPU.ActiveCfg = Debug|Any CPU
    {81a40849-1759-4f58-8bac-375ed025fcd6}.Release|Any CPU.Build.0 = Debug|Any CPU
    {81a40849-1759-4f58-8bac-375ed025fcd6}.Release|x64.ActiveCfg = Debug|x64
    {81a40849-1759-4f58-8bac-375ed025fcd6}.Release|x64.Build.0 = Debug|x64
    {81a40849-1759-4f58-8bac-375ed025fcd6}.Release|x86.ActiveCfg = Debug|x86
    {81a40849-1759-4f58-8bac-375ed025fcd6}.Release|x86.Build.0 = Debug|x86
    {616ce8f4-3ec4-43e8-9864-81b0cc5a43d5}.Debug|Any CPU.ActiveCfg = Debug|Any CPU
    {616ce8f4-3ec4-43e8-9864-81b0cc5a43d5}.Debug|Any CPU.Build.0 = Debug|Any CPU
    {616ce8f4-3ec4-43e8-9864-81b0cc5a43d5}.Debug|x64.ActiveCfg = Debug|x64
    {616ce8f4-3ec4-43e8-9864-81b0cc5a43d5}.Debug|x64.Build.0 = Debug|x64
    {616ce8f4-3ec4-43e8-9864-81b0cc5a43d5}.Debug|x86.ActiveCfg = Debug|x86
    {616ce8f4-3ec4-43e8-9864-81b0cc5a43d5}.Debug|x86.Build.0 = Debug|x86
    {616ce8f4-3ec4-43e8-9864-81b0cc5a43d5}.Release|Any CPU.ActiveCfg = Debug|Any CPU
    {616ce8f4-3ec4-43e8-9864-81b0cc5a43d5}.Release|Any CPU.Build.0 = Debug|Any CPU
    {616ce8f4-3ec4-43e8-9864-81b0cc5a43d5}.Release|x64.ActiveCfg = Debug|x64
    {616ce8f4-3ec4-43e8-9864-81b0cc5a43d5}.Release|x64.Build.0 = Debug|x64
    {616ce8f4-3ec4-43e8-9864-81b0cc5a43d5}.Release|x86.ActiveCfg = Debug|x86
    {616ce8f4-3ec4-43e8-9864-81b0cc5a43d5}.Release|x86.Build.0 = Debug|x86
    {d6a34429-7605-44b7-abc1-1c8d6bbc8c13}.Debug|Any CPU.ActiveCfg = Debug|Any CPU
    {d6a34429-7605-44b7-abc1-1c8d6bbc8c13}.Debug|Any CPU.Build.0 = Debug|Any CPU
    {d6a34429-7605-44b7-abc1-1c8d6bbc8c13}.Debug|x64.ActiveCfg = Debug|x64
    {d6a34429-7605-44b7-abc1-1c8d6bbc8c13}.Debug|x64.Build.0 = Debug|x64
    {d6a34429-7605-44b7-abc1-1c8d6bbc8c13}.Debug|x86.ActiveCfg = Debug|x86
    {d6a34429-7605-44b7-abc1-1c8d6bbc8c13}.Debug|x86.Build.0 = Debug|x86
    {d6a34429-7605-44b7-abc1-1c8d6bbc8c13}.Release|Any CPU.ActiveCfg = Debug|Any CPU
    {d6a34429-7605-44b7-abc1-1c8d6bbc8c13}.Release|Any CPU.Build.0 = Debug|Any CPU
    {d6a34429-7605-44b7-abc1-1c8d6bbc8c13}.Release|x64.ActiveCfg = Debug|x64
    {d6a34429-7605-44b7-abc1-1c8d6bbc8c13}.Release|x64.Build.0 = Debug|x64
    {d6a34429-7605-44b7-abc1-1c8d6bbc8c13}.Release|x86.ActiveCfg = Debug|x86
    {d6a34429-7605-44b7-abc1-1c8d6bbc8c13}.Release|x86.Build.0 = Debug|x86
    {bfd5edbb-ad16-46bc-9a64-8e4f1f485368}.Debug|Any CPU.ActiveCfg = Debug|Any CPU
    {bfd5edbb-ad16-46bc-9a64-8e4f1f485368}.Debug|Any CPU.Build.0 = Debug|Any CPU
    {bfd5edbb-ad16-46bc-9a64-8e4f1f485368}.Debug|x64.ActiveCfg = Debug|x64
    {bfd5edbb-ad16-46bc-9a64-8e4f1f485368}.Debug|x64.Build.0 = Debug|x64
    {bfd5edbb-ad16-46bc-9a64-8e4f1f485368}.Debug|x86.ActiveCfg = Debug|x86
    {bfd5edbb-ad16-46bc-9a64-8e4f1f485368}.Debug|x86.Build.0 = Debug|x86
    {bfd5edbb-ad16-46bc-9a64-8e4f1f485368}.Release|Any CPU.ActiveCfg = Debug|Any CPU
    {bfd5edbb-ad16-46bc-9a64-8e4f1f485368}.Release|Any CPU.Build.0 = Debug|Any CPU
    {bfd5edbb-ad16-46bc-9a64-8e4f1f485368}.Release|x64.ActiveCfg = Debug|x64
    {bfd5edbb-ad16-46bc-9a64-8e4f1f485368}.Release|x64.Build.0 = Debug|x64
    {bfd5edbb-ad16-46bc-9a64-8e4f1f485368}.Release|x86.ActiveCfg = Debug|x86
    {bfd5edbb-ad16-46bc-9a64-8e4f1f485368}.Release|x86.Build.0 = Debug|x86
    {cba1de80-35be-4954-a46e-629ace94c8aa}.Debug|Any CPU.ActiveCfg = Debug|Any CPU
    {cba1de80-35be-4954-a46e-629ace94c8aa}.Debug|Any CPU.Build.0 = Debug|Any CPU
    {cba1de80-35be-4954-a46e-629ace94c8aa}.Debug|x64.ActiveCfg = Debug|x64
    {cba1de80-35be-4954-a46e-629ace94c8aa}.Debug|x64.Build.0 = Debug|x64
    {cba1de80-35be-4954-a46e-629ace94c8aa}.Debug|x86.ActiveCfg = Debug|x86
    {cba1de80-35be-4954-a46e-629ace94c8aa}.Debug|x86.Build.0 = Debug|x86
    {cba1de80-35be-4954-a46e-629ace94c8aa}.Release|Any CPU.ActiveCfg = Debug|Any CPU
    {cba1de80-35be-4954-a46e-629ace94c8aa}.Release|Any CPU.Build.0 = Debug|Any CPU
    {cba1de80-35be-4954-a46e-629ace94c8aa}.Release|x64.ActiveCfg = Debug|x64
    {cba1de80-35be-4954-a46e-629ace94c8aa}.Release|x64.Build.0 = Debug|x64
    {cba1de80-35be-4954-a46e-629ace94c8aa}.Release|x86.ActiveCfg = Debug|x86
    {cba1de80-35be-4954-a46e-629ace94c8aa}.Release|x86.Build.0 = Debug|x86
    {ae7c6be1-44e0-4df9-b2a5-47fd83cd5cb1}.Debug|Any CPU.ActiveCfg = Debug|Any CPU
    {ae7c6be1-44e0-4df9-b2a5-47fd83cd5cb1}.Debug|Any CPU.Build.0 = Debug|Any CPU
    {ae7c6be1-44e0-4df9-b2a5-47fd83cd5cb1}.Debug|x64.ActiveCfg = Debug|x64
    {ae7c6be1-44e0-4df9-b2a5-47fd83cd5cb1}.Debug|x64.Build.0 = Debug|x64
    {ae7c6be1-44e0-4df9-b2a5-47fd83cd5cb1}.Debug|x86.ActiveCfg = Debug|x86
    {ae7c6be1-44e0-4df9-b2a5-47fd83cd5cb1}.Debug|x86.Build.0 = Debug|x86
    {ae7c6be1-44e0-4df9-b2a5-47fd83cd5cb1}.Release|Any CPU.ActiveCfg = Debug|Any CPU
    {ae7c6be1-44e0-4df9-b2a5-47fd83cd5cb1}.Release|Any CPU.Build.0 = Debug|Any CPU
    {ae7c6be1-44e0-4df9-b2a5-47fd83cd5cb1}.Release|x64.ActiveCfg = Debug|x64
    {ae7c6be1-44e0-4df9-b2a5-47fd83cd5cb1}.Release|x64.Build.0 = Debug|x64
    {ae7c6be1-44e0-4df9-b2a5-47fd83cd5cb1}.Release|x86.ActiveCfg = Debug|x86
    {ae7c6be1-44e0-4df9-b2a5-47fd83cd5cb1}.Release|x86.Build.0 = Debug|x86
    {51ec73b3-a335-4dc1-a88c-86371f31c382}.Debug|Any CPU.ActiveCfg = Debug|Any CPU
    {51ec73b3-a335-4dc1-a88c-86371f31c382}.Debug|Any CPU.Build.0 = Debug|Any CPU
    {51ec73b3-a335-4dc1-a88c-86371f31c382}.Debug|x64.ActiveCfg = Debug|x64
    {51ec73b3-a335-4dc1-a88c-86371f31c382}.Debug|x64.Build.0 = Debug|x64
    {51ec73b3-a335-4dc1-a88c-86371f31c382}.Debug|x86.ActiveCfg = Debug|x86
    {51ec73b3-a335-4dc1-a88c-86371f31c382}.Debug|x86.Build.0 = Debug|x86
    {51ec73b3-a335-4dc1-a88c-86371f31c382}.Release|Any CPU.ActiveCfg = Debug|Any CPU
    {51ec73b3-a335-4dc1-a88c-86371f31c382}.Release|Any CPU.Build.0 = Debug|Any CPU
    {51ec73b3-a335-4dc1-a88c-86371f31c382}.Release|x64.ActiveCfg = Debug|x64
    {51ec73b3-a335-4dc1-a88c-86371f31c382}.Release|x64.Build.0 = Debug|x64
    {51ec73b3-a335-4dc1-a88c-86371f31c382}.Release|x86.ActiveCfg = Debug|x86
    {51ec73b3-a335-4dc1-a88c-86371f31c382}.Release|x86.Build.0 = Debug|x86
    {342109b0-2586-4e3c-a910-d97dff768c42}.Debug|Any CPU.ActiveCfg = Debug|Any CPU
    {342109b0-2586-4e3c-a910-d97dff768c42}.Debug|Any CPU.Build.0 = Debug|Any CPU
    {342109b0-2586-4e3c-a910-d97dff768c42}.Debug|x64.ActiveCfg = Debug|x64
    {342109b0-2586-4e3c-a910-d97dff768c42}.Debug|x64.Build.0 = Debug|x64
    {342109b0-2586-4e3c-a910-d97dff768c42}.Debug|x86.ActiveCfg = Debug|x86
    {342109b0-2586-4e3c-a910-d97dff768c42}.Debug|x86.Build.0 = Debug|x86
    {342109b0-2586-4e3c-a910-d97dff768c42}.Release|Any CPU.ActiveCfg = Debug|Any CPU
    {342109b0-2586-4e3c-a910-d97dff768c42}.Release|Any CPU.Build.0 = Debug|Any CPU
    {342109b0-2586-4e3c-a910-d97dff768c42}.Release|x64.ActiveCfg = Debug|x64
    {342109b0-2586-4e3c-a910-d97dff768c42}.Release|x64.Build.0 = Debug|x64
    {342109b0-2586-4e3c-a910-d97dff768c42}.Release|x86.ActiveCfg = Debug|x86
    {342109b0-2586-4e3c-a910-d97dff768c42}.Release|x86.Build.0 = Debug|x86
    {cf1cd5e9-e9eb-4a0b-b8a6-ed5c49c9125b}.Debug|Any CPU.ActiveCfg = Debug|Any CPU
    {cf1cd5e9-e9eb-4a0b-b8a6-ed5c49c9125b}.Debug|Any CPU.Build.0 = Debug|Any CPU
    {cf1cd5e9-e9eb-4a0b-b8a6-ed5c49c9125b}.Debug|x64.ActiveCfg = Debug|x64
    {cf1cd5e9-e9eb-4a0b-b8a6-ed5c49c9125b}.Debug|x64.Build.0 = Debug|x64
    {cf1cd5e9-e9eb-4a0b-b8a6-ed5c49c9125b}.Debug|x86.ActiveCfg = Debug|x86
    {cf1cd5e9-e9eb-4a0b-b8a6-ed5c49c9125b}.Debug|x86.Build.0 = Debug|x86
    {cf1cd5e9-e9eb-4a0b-b8a6-ed5c49c9125b}.Release|Any CPU.ActiveCfg = Debug|Any CPU
    {cf1cd5e9-e9eb-4a0b-b8a6-ed5c49c9125b}.Release|Any CPU.Build.0 = Debug|Any CPU
    {cf1cd5e9-e9eb-4a0b-b8a6-ed5c49c9125b}.Release|x64.ActiveCfg = Debug|x64
    {cf1cd5e9-e9eb-4a0b-b8a6-ed5c49c9125b}.Release|x64.Build.0 = Debug|x64
    {cf1cd5e9-e9eb-4a0b-b8a6-ed5c49c9125b}.Release|x86.ActiveCfg = Debug|x86
    {cf1cd5e9-e9eb-4a0b-b8a6-ed5c49c9125b}.Release|x86.Build.0 = Debug|x86
    {5f3c9e59-1bcb-42dd-a3bb-1a1d09a0e57e}.Debug|Any CPU.ActiveCfg = Debug|Any CPU
    {5f3c9e59-1bcb-42dd-a3bb-1a1d09a0e57e}.Debug|Any CPU.Build.0 = Debug|Any CPU
    {5f3c9e59-1bcb-42dd-a3bb-1a1d09a0e57e}.Debug|x64.ActiveCfg = Debug|x64
    {5f3c9e59-1bcb-42dd-a3bb-1a1d09a0e57e}.Debug|x64.Build.0 = Debug|x64
    {5f3c9e59-1bcb-42dd-a3bb-1a1d09a0e57e}.Debug|x86.ActiveCfg = Debug|x86
    {5f3c9e59-1bcb-42dd-a3bb-1a1d09a0e57e}.Debug|x86.Build.0 = Debug|x86
    {5f3c9e59-1bcb-42dd-a3bb-1a1d09a0e57e}.Release|Any CPU.ActiveCfg = Debug|Any CPU
    {5f3c9e59-1bcb-42dd-a3bb-1a1d09a0e57e}.Release|Any CPU.Build.0 = Debug|Any CPU
    {5f3c9e59-1bcb-42dd-a3bb-1a1d09a0e57e}.Release|x64.ActiveCfg = Debug|x64
    {5f3c9e59-1bcb-42dd-a3bb-1a1d09a0e57e}.Release|x64.Build.0 = Debug|x64
    {5f3c9e59-1bcb-42dd-a3bb-1a1d09a0e57e}.Release|x86.ActiveCfg = Debug|x86
    {5f3c9e59-1bcb-42dd-a3bb-1a1d09a0e57e}.Release|x86.Build.0 = Debug|x86
    {d3164732-215d-4b33-9eed-05c08642ff2b}.Debug|Any CPU.ActiveCfg = Debug|Any CPU
    {d3164732-215d-4b33-9eed-05c08642ff2b}.Debug|Any CPU.Build.0 = Debug|Any CPU
    {d3164732-215d-4b33-9eed-05c08642ff2b}.Debug|x64.ActiveCfg = Debug|x64
    {d3164732-215d-4b33-9eed-05c08642ff2b}.Debug|x64.Build.0 = Debug|x64
    {d3164732-215d-4b33-9eed-05c08642ff2b}.Debug|x86.ActiveCfg = Debug|x86
    {d3164732-215d-4b33-9eed-05c08642ff2b}.Debug|x86.Build.0 = Debug|x86
    {d3164732-215d-4b33-9eed-05c08642ff2b}.Release|Any CPU.ActiveCfg = Debug|Any CPU
    {d3164732-215d-4b33-9eed-05c08642ff2b}.Release|Any CPU.Build.0 = Debug|Any CPU
    {d3164732-215d-4b33-9eed-05c08642ff2b}.Release|x64.ActiveCfg = Debug|x64
    {d3164732-215d-4b33-9eed-05c08642ff2b}.Release|x64.Build.0 = Debug|x64
    {d3164732-215d-4b33-9eed-05c08642ff2b}.Release|x86.ActiveCfg = Debug|x86
    {d3164732-215d-4b33-9eed-05c08642ff2b}.Release|x86.Build.0 = Debug|x86
    {584fee6c-b505-41dc-9460-15b9c728f776}.Debug|Any CPU.ActiveCfg = Debug|Any CPU
    {584fee6c-b505-41dc-9460-15b9c728f776}.Debug|Any CPU.Build.0 = Debug|Any CPU
    {584fee6c-b505-41dc-9460-15b9c728f776}.Debug|x64.ActiveCfg = Debug|x64
    {584fee6c-b505-41dc-9460-15b9c728f776}.Debug|x64.Build.0 = Debug|x64
    {584fee6c-b505-41dc-9460-15b9c728f776}.Debug|x86.ActiveCfg = Debug|x86
    {584fee6c-b505-41dc-9460-15b9c728f776}.Debug|x86.Build.0 = Debug|x86
    {584fee6c-b505-41dc-9460-15b9c728f776}.Release|Any CPU.ActiveCfg = Debug|Any CPU
    {584fee6c-b505-41dc-9460-15b9c728f776}.Release|Any CPU.Build.0 = Debug|Any CPU
    {584fee6c-b505-41dc-9460-15b9c728f776}.Release|x64.ActiveCfg = Debug|x64
    {584fee6c-b505-41dc-9460-15b9c728f776}.Release|x64.Build.0 = Debug|x64
    {584fee6c-b505-41dc-9460-15b9c728f776}.Release|x86.ActiveCfg = Debug|x86
    {584fee6c-b505-41dc-9460-15b9c728f776}.Release|x86.Build.0 = Debug|x86
    {f2e911be-09be-44ea-9bd2-4d64ac6f255f}.Debug|Any CPU.ActiveCfg = Debug|Any CPU
    {f2e911be-09be-44ea-9bd2-4d64ac6f255f}.Debug|Any CPU.Build.0 = Debug|Any CPU
    {f2e911be-09be-44ea-9bd2-4d64ac6f255f}.Debug|x64.ActiveCfg = Debug|x64
    {f2e911be-09be-44ea-9bd2-4d64ac6f255f}.Debug|x64.Build.0 = Debug|x64
    {f2e911be-09be-44ea-9bd2-4d64ac6f255f}.Debug|x86.ActiveCfg = Debug|x86
    {f2e911be-09be-44ea-9bd2-4d64ac6f255f}.Debug|x86.Build.0 = Debug|x86
    {f2e911be-09be-44ea-9bd2-4d64ac6f255f}.Release|Any CPU.ActiveCfg = Debug|Any CPU
    {f2e911be-09be-44ea-9bd2-4d64ac6f255f}.Release|Any CPU.Build.0 = Debug|Any CPU
    {f2e911be-09be-44ea-9bd2-4d64ac6f255f}.Release|x64.ActiveCfg = Debug|x64
    {f2e911be-09be-44ea-9bd2-4d64ac6f255f}.Release|x64.Build.0 = Debug|x64
    {f2e911be-09be-44ea-9bd2-4d64ac6f255f}.Release|x86.ActiveCfg = Debug|x86
    {f2e911be-09be-44ea-9bd2-4d64ac6f255f}.Release|x86.Build.0 = Debug|x86
    {d18c7a1c-a5c5-4788-9042-c6be487109a1}.Debug|Any CPU.ActiveCfg = Debug|Any CPU
    {d18c7a1c-a5c5-4788-9042-c6be487109a1}.Debug|Any CPU.Build.0 = Debug|Any CPU
    {d18c7a1c-a5c5-4788-9042-c6be487109a1}.Debug|x64.ActiveCfg = Debug|x64
    {d18c7a1c-a5c5-4788-9042-c6be487109a1}.Debug|x64.Build.0 = Debug|x64
    {d18c7a1c-a5c5-4788-9042-c6be487109a1}.Debug|x86.ActiveCfg = Debug|x86
    {d18c7a1c-a5c5-4788-9042-c6be487109a1}.Debug|x86.Build.0 = Debug|x86
    {d18c7a1c-a5c5-4788-9042-c6be487109a1}.Release|Any CPU.ActiveCfg = Debug|Any CPU
    {d18c7a1c-a5c5-4788-9042-c6be487109a1}.Release|Any CPU.Build.0 = Debug|Any CPU
    {d18c7a1c-a5c5-4788-9042-c6be487109a1}.Release|x64.ActiveCfg = Debug|x64
    {d18c7a1c-a5c5-4788-9042-c6be487109a1}.Release|x64.Build.0 = Debug|x64
    {d18c7a1c-a5c5-4788-9042-c6be487109a1}.Release|x86.ActiveCfg = Debug|x86
    {d18c7a1c-a5c5-4788-9042-c6be487109a1}.Release|x86.Build.0 = Debug|x86
    {98f1d150-235e-4427-932e-04529c1205c1}.Debug|Any CPU.ActiveCfg = Debug|Any CPU
    {98f1d150-235e-4427-932e-04529c1205c1}.Debug|Any CPU.Build.0 = Debug|Any CPU
    {98f1d150-235e-4427-932e-04529c1205c1}.Debug|x64.ActiveCfg = Debug|x64
    {98f1d150-235e-4427-932e-04529c1205c1}.Debug|x64.Build.0 = Debug|x64
    {98f1d150-235e-4427-932e-04529c1205c1}.Debug|x86.ActiveCfg = Debug|x86
    {98f1d150-235e-4427-932e-04529c1205c1}.Debug|x86.Build.0 = Debug|x86
    {98f1d150-235e-4427-932e-04529c1205c1}.Release|Any CPU.ActiveCfg = Debug|Any CPU
    {98f1d150-235e-4427-932e-04529c1205c1}.Release|Any CPU.Build.0 = Debug|Any CPU
    {98f1d150-235e-4427-932e-04529c1205c1}.Release|x64.ActiveCfg = Debug|x64
    {98f1d150-235e-4427-932e-04529c1205c1}.Release|x64.Build.0 = Debug|x64
    {98f1d150-235e-4427-932e-04529c1205c1}.Release|x86.ActiveCfg = Debug|x86
    {98f1d150-235e-4427-932e-04529c1205c1}.Release|x86.Build.0 = Debug|x86
    {1610285f-5409-4097-a5da-52bbd3e427fb}.Debug|Any CPU.ActiveCfg = Debug|Any CPU
    {1610285f-5409-4097-a5da-52bbd3e427fb}.Debug|Any CPU.Build.0 = Debug|Any CPU
    {1610285f-5409-4097-a5da-52bbd3e427fb}.Debug|x64.ActiveCfg = Debug|x64
    {1610285f-5409-4097-a5da-52bbd3e427fb}.Debug|x64.Build.0 = Debug|x64
    {1610285f-5409-4097-a5da-52bbd3e427fb}.Debug|x86.ActiveCfg = Debug|x86
    {1610285f-5409-4097-a5da-52bbd3e427fb}.Debug|x86.Build.0 = Debug|x86
    {1610285f-5409-4097-a5da-52bbd3e427fb}.Release|Any CPU.ActiveCfg = Debug|Any CPU
    {1610285f-5409-4097-a5da-52bbd3e427fb}.Release|Any CPU.Build.0 = Debug|Any CPU
    {1610285f-5409-4097-a5da-52bbd3e427fb}.Release|x64.ActiveCfg = Debug|x64
    {1610285f-5409-4097-a5da-52bbd3e427fb}.Release|x64.Build.0 = Debug|x64
    {1610285f-5409-4097-a5da-52bbd3e427fb}.Release|x86.ActiveCfg = Debug|x86
    {1610285f-5409-4097-a5da-52bbd3e427fb}.Release|x86.Build.0 = Debug|x86
    {2356e5f9-5ad4-492b-a057-8f196f159ed8}.Debug|Any CPU.ActiveCfg = Debug|Any CPU
    {2356e5f9-5ad4-492b-a057-8f196f159ed8}.Debug|Any CPU.Build.0 = Debug|Any CPU
    {2356e5f9-5ad4-492b-a057-8f196f159ed8}.Debug|x64.ActiveCfg = Debug|x64
    {2356e5f9-5ad4-492b-a057-8f196f159ed8}.Debug|x64.Build.0 = Debug|x64
    {2356e5f9-5ad4-492b-a057-8f196f159ed8}.Debug|x86.ActiveCfg = Debug|x86
    {2356e5f9-5ad4-492b-a057-8f196f159ed8}.Debug|x86.Build.0 = Debug|x86
    {2356e5f9-5ad4-492b-a057-8f196f159ed8}.Release|Any CPU.ActiveCfg = Debug|Any CPU
    {2356e5f9-5ad4-492b-a057-8f196f159ed8}.Release|Any CPU.Build.0 = Debug|Any CPU
    {2356e5f9-5ad4-492b-a057-8f196f159ed8}.Release|x64.ActiveCfg = Debug|x64
    {2356e5f9-5ad4-492b-a057-8f196f159ed8}.Release|x64.Build.0 = Debug|x64
    {2356e5f9-5ad4-492b-a057-8f196f159ed8}.Release|x86.ActiveCfg = Debug|x86
    {2356e5f9-5ad4-492b-a057-8f196f159ed8}.Release|x86.Build.0 = Debug|x86
    {9092478c-fb93-4a0f-86f7-42f71c8cd3ed}.Debug|Any CPU.ActiveCfg = Debug|Any CPU
    {9092478c-fb93-4a0f-86f7-42f71c8cd3ed}.Debug|Any CPU.Build.0 = Debug|Any CPU
    {9092478c-fb93-4a0f-86f7-42f71c8cd3ed}.Debug|x64.ActiveCfg = Debug|x64
    {9092478c-fb93-4a0f-86f7-42f71c8cd3ed}.Debug|x64.Build.0 = Debug|x64
    {9092478c-fb93-4a0f-86f7-42f71c8cd3ed}.Debug|x86.ActiveCfg = Debug|x86
    {9092478c-fb93-4a0f-86f7-42f71c8cd3ed}.Debug|x86.Build.0 = Debug|x86
    {9092478c-fb93-4a0f-86f7-42f71c8cd3ed}.Release|Any CPU.ActiveCfg = Debug|Any CPU
    {9092478c-fb93-4a0f-86f7-42f71c8cd3ed}.Release|Any CPU.Build.0 = Debug|Any CPU
    {9092478c-fb93-4a0f-86f7-42f71c8cd3ed}.Release|x64.ActiveCfg = Debug|x64
    {9092478c-fb93-4a0f-86f7-42f71c8cd3ed}.Release|x64.Build.0 = Debug|x64
    {9092478c-fb93-4a0f-86f7-42f71c8cd3ed}.Release|x86.ActiveCfg = Debug|x86
    {9092478c-fb93-4a0f-86f7-42f71c8cd3ed}.Release|x86.Build.0 = Debug|x86
    {8483e814-3201-48d2-bcdc-9e4ecc94043d}.Debug|Any CPU.ActiveCfg = Debug|Any CPU
    {8483e814-3201-48d2-bcdc-9e4ecc94043d}.Debug|Any CPU.Build.0 = Debug|Any CPU
    {8483e814-3201-48d2-bcdc-9e4ecc94043d}.Debug|x64.ActiveCfg = Debug|x64
    {8483e814-3201-48d2-bcdc-9e4ecc94043d}.Debug|x64.Build.0 = Debug|x64
    {8483e814-3201-48d2-bcdc-9e4ecc94043d}.Debug|x86.ActiveCfg = Debug|x86
    {8483e814-3201-48d2-bcdc-9e4ecc94043d}.Debug|x86.Build.0 = Debug|x86
    {8483e814-3201-48d2-bcdc-9e4ecc94043d}.Release|Any CPU.ActiveCfg = Debug|Any CPU
    {8483e814-3201-48d2-bcdc-9e4ecc94043d}.Release|Any CPU.Build.0 = Debug|Any CPU
    {8483e814-3201-48d2-bcdc-9e4ecc94043d}.Release|x64.ActiveCfg = Debug|x64
    {8483e814-3201-48d2-bcdc-9e4ecc94043d}.Release|x64.Build.0 = Debug|x64
    {8483e814-3201-48d2-bcdc-9e4ecc94043d}.Release|x86.ActiveCfg = Debug|x86
    {8483e814-3201-48d2-bcdc-9e4ecc94043d}.Release|x86.Build.0 = Debug|x86
    {b6a9947b-59d0-4cc3-8673-e42e0e1824ae}.Debug|Any CPU.ActiveCfg = Debug|Any CPU
    {b6a9947b-59d0-4cc3-8673-e42e0e1824ae}.Debug|Any CPU.Build.0 = Debug|Any CPU
    {b6a9947b-59d0-4cc3-8673-e42e0e1824ae}.Debug|x64.ActiveCfg = Debug|x64
    {b6a9947b-59d0-4cc3-8673-e42e0e1824ae}.Debug|x64.Build.0 = Debug|x64
    {b6a9947b-59d0-4cc3-8673-e42e0e1824ae}.Debug|x86.ActiveCfg = Debug|x86
    {b6a9947b-59d0-4cc3-8673-e42e0e1824ae}.Debug|x86.Build.0 = Debug|x86
    {b6a9947b-59d0-4cc3-8673-e42e0e1824ae}.Release|Any CPU.ActiveCfg = Debug|Any CPU
    {b6a9947b-59d0-4cc3-8673-e42e0e1824ae}.Release|Any CPU.Build.0 = Debug|Any CPU
    {b6a9947b-59d0-4cc3-8673-e42e0e1824ae}.Release|x64.ActiveCfg = Debug|x64
    {b6a9947b-59d0-4cc3-8673-e42e0e1824ae}.Release|x64.Build.0 = Debug|x64
    {b6a9947b-59d0-4cc3-8673-e42e0e1824ae}.Release|x86.ActiveCfg = Debug|x86
    {b6a9947b-59d0-4cc3-8673-e42e0e1824ae}.Release|x86.Build.0 = Debug|x86
    {d0901125-d41c-4bc8-b8e8-02b3b6808b3d}.Debug|Any CPU.ActiveCfg = Debug|Any CPU
    {d0901125-d41c-4bc8-b8e8-02b3b6808b3d}.Debug|Any CPU.Build.0 = Debug|Any CPU
    {d0901125-d41c-4bc8-b8e8-02b3b6808b3d}.Debug|x64.ActiveCfg = Debug|x64
    {d0901125-d41c-4bc8-b8e8-02b3b6808b3d}.Debug|x64.Build.0 = Debug|x64
    {d0901125-d41c-4bc8-b8e8-02b3b6808b3d}.Debug|x86.ActiveCfg = Debug|x86
    {d0901125-d41c-4bc8-b8e8-02b3b6808b3d}.Debug|x86.Build.0 = Debug|x86
    {d0901125-d41c-4bc8-b8e8-02b3b6808b3d}.Release|Any CPU.ActiveCfg = Debug|Any CPU
    {d0901125-d41c-4bc8-b8e8-02b3b6808b3d}.Release|Any CPU.Build.0 = Debug|Any CPU
    {d0901125-d41c-4bc8-b8e8-02b3b6808b3d}.Release|x64.ActiveCfg = Debug|x64
    {d0901125-d41c-4bc8-b8e8-02b3b6808b3d}.Release|x64.Build.0 = Debug|x64
    {d0901125-d41c-4bc8-b8e8-02b3b6808b3d}.Release|x86.ActiveCfg = Debug|x86
    {d0901125-d41c-4bc8-b8e8-02b3b6808b3d}.Release|x86.Build.0 = Debug|x86
    {35d617f0-8161-4f0e-a1a3-0b90bb760cf2}.Debug|Any CPU.ActiveCfg = Debug|Any CPU
    {35d617f0-8161-4f0e-a1a3-0b90bb760cf2}.Debug|Any CPU.Build.0 = Debug|Any CPU
    {35d617f0-8161-4f0e-a1a3-0b90bb760cf2}.Debug|x64.ActiveCfg = Debug|x64
    {35d617f0-8161-4f0e-a1a3-0b90bb760cf2}.Debug|x64.Build.0 = Debug|x64
    {35d617f0-8161-4f0e-a1a3-0b90bb760cf2}.Debug|x86.ActiveCfg = Debug|x86
    {35d617f0-8161-4f0e-a1a3-0b90bb760cf2}.Debug|x86.Build.0 = Debug|x86
    {35d617f0-8161-4f0e-a1a3-0b90bb760cf2}.Release|Any CPU.ActiveCfg = Debug|Any CPU
    {35d617f0-8161-4f0e-a1a3-0b90bb760cf2}.Release|Any CPU.Build.0 = Debug|Any CPU
    {35d617f0-8161-4f0e-a1a3-0b90bb760cf2}.Release|x64.ActiveCfg = Debug|x64
    {35d617f0-8161-4f0e-a1a3-0b90bb760cf2}.Release|x64.Build.0 = Debug|x64
    {35d617f0-8161-4f0e-a1a3-0b90bb760cf2}.Release|x86.ActiveCfg = Debug|x86
    {35d617f0-8161-4f0e-a1a3-0b90bb760cf2}.Release|x86.Build.0 = Debug|x86
    {fe61b8aa-797e-42b2-b9ed-b89c68259c5f}.Debug|Any CPU.ActiveCfg = Debug|Any CPU
    {fe61b8aa-797e-42b2-b9ed-b89c68259c5f}.Debug|Any CPU.Build.0 = Debug|Any CPU
    {fe61b8aa-797e-42b2-b9ed-b89c68259c5f}.Debug|x64.ActiveCfg = Debug|x64
    {fe61b8aa-797e-42b2-b9ed-b89c68259c5f}.Debug|x64.Build.0 = Debug|x64
    {fe61b8aa-797e-42b2-b9ed-b89c68259c5f}.Debug|x86.ActiveCfg = Debug|x86
    {fe61b8aa-797e-42b2-b9ed-b89c68259c5f}.Debug|x86.Build.0 = Debug|x86
    {fe61b8aa-797e-42b2-b9ed-b89c68259c5f}.Release|Any CPU.ActiveCfg = Debug|Any CPU
    {fe61b8aa-797e-42b2-b9ed-b89c68259c5f}.Release|Any CPU.Build.0 = Debug|Any CPU
    {fe61b8aa-797e-42b2-b9ed-b89c68259c5f}.Release|x64.ActiveCfg = Debug|x64
    {fe61b8aa-797e-42b2-b9ed-b89c68259c5f}.Release|x64.Build.0 = Debug|x64
    {fe61b8aa-797e-42b2-b9ed-b89c68259c5f}.Release|x86.ActiveCfg = Debug|x86
    {fe61b8aa-797e-42b2-b9ed-b89c68259c5f}.Release|x86.Build.0 = Debug|x86
    {b40aed8b-7a02-4386-a2e2-d4592494fd7a}.Debug|Any CPU.ActiveCfg = Debug|Any CPU
    {b40aed8b-7a02-4386-a2e2-d4592494fd7a}.Debug|Any CPU.Build.0 = Debug|Any CPU
    {b40aed8b-7a02-4386-a2e2-d4592494fd7a}.Debug|x64.ActiveCfg = Debug|x64
    {b40aed8b-7a02-4386-a2e2-d4592494fd7a}.Debug|x64.Build.0 = Debug|x64
    {b40aed8b-7a02-4386-a2e2-d4592494fd7a}.Debug|x86.ActiveCfg = Debug|x86
    {b40aed8b-7a02-4386-a2e2-d4592494fd7a}.Debug|x86.Build.0 = Debug|x86
    {b40aed8b-7a02-4386-a2e2-d4592494fd7a}.Release|Any CPU.ActiveCfg = Debug|Any CPU
    {b40aed8b-7a02-4386-a2e2-d4592494fd7a}.Release|Any CPU.Build.0 = Debug|Any CPU
    {b40aed8b-7a02-4386-a2e2-d4592494fd7a}.Release|x64.ActiveCfg = Debug|x64
    {b40aed8b-7a02-4386-a2e2-d4592494fd7a}.Release|x64.Build.0 = Debug|x64
    {b40aed8b-7a02-4386-a2e2-d4592494fd7a}.Release|x86.ActiveCfg = Debug|x86
    {b40aed8b-7a02-4386-a2e2-d4592494fd7a}.Release|x86.Build.0 = Debug|x86
    {37e90e8e-bec2-45f1-8b82-64af5e278512}.Debug|Any CPU.ActiveCfg = Debug|Any CPU
    {37e90e8e-bec2-45f1-8b82-64af5e278512}.Debug|Any CPU.Build.0 = Debug|Any CPU
    {37e90e8e-bec2-45f1-8b82-64af5e278512}.Debug|x64.ActiveCfg = Debug|x64
    {37e90e8e-bec2-45f1-8b82-64af5e278512}.Debug|x64.Build.0 = Debug|x64
    {37e90e8e-bec2-45f1-8b82-64af5e278512}.Debug|x86.ActiveCfg = Debug|x86
    {37e90e8e-bec2-45f1-8b82-64af5e278512}.Debug|x86.Build.0 = Debug|x86
    {37e90e8e-bec2-45f1-8b82-64af5e278512}.Release|Any CPU.ActiveCfg = Debug|Any CPU
    {37e90e8e-bec2-45f1-8b82-64af5e278512}.Release|Any CPU.Build.0 = Debug|Any CPU
    {37e90e8e-bec2-45f1-8b82-64af5e278512}.Release|x64.ActiveCfg = Debug|x64
    {37e90e8e-bec2-45f1-8b82-64af5e278512}.Release|x64.Build.0 = Debug|x64
    {37e90e8e-bec2-45f1-8b82-64af5e278512}.Release|x86.ActiveCfg = Debug|x86
    {37e90e8e-bec2-45f1-8b82-64af5e278512}.Release|x86.Build.0 = Debug|x86
    {e6b877ef-131b-422b-ac30-fc7eb54cfe0d}.Debug|Any CPU.ActiveCfg = Debug|Any CPU
    {e6b877ef-131b-422b-ac30-fc7eb54cfe0d}.Debug|Any CPU.Build.0 = Debug|Any CPU
    {e6b877ef-131b-422b-ac30-fc7eb54cfe0d}.Debug|x64.ActiveCfg = Debug|x64
    {e6b877ef-131b-422b-ac30-fc7eb54cfe0d}.Debug|x64.Build.0 = Debug|x64
    {e6b877ef-131b-422b-ac30-fc7eb54cfe0d}.Debug|x86.ActiveCfg = Debug|x86
    {e6b877ef-131b-422b-ac30-fc7eb54cfe0d}.Debug|x86.Build.0 = Debug|x86
    {e6b877ef-131b-422b-ac30-fc7eb54cfe0d}.Release|Any CPU.ActiveCfg = Debug|Any CPU
    {e6b877ef-131b-422b-ac30-fc7eb54cfe0d}.Release|Any CPU.Build.0 = Debug|Any CPU
    {e6b877ef-131b-422b-ac30-fc7eb54cfe0d}.Release|x64.ActiveCfg = Debug|x64
    {e6b877ef-131b-422b-ac30-fc7eb54cfe0d}.Release|x64.Build.0 = Debug|x64
    {e6b877ef-131b-422b-ac30-fc7eb54cfe0d}.Release|x86.ActiveCfg = Debug|x86
    {e6b877ef-131b-422b-ac30-fc7eb54cfe0d}.Release|x86.Build.0 = Debug|x86
  EndGlobalSection
  GlobalSection(SolutionProperties) = preSolution
    HideSolutionNode = FALSE
  EndGlobalSection
  GlobalSection(NestedProjects) = preSolution
    {39020272-f78f-40ff-a207-cf3a723d9d03} = {b7172570-59b1-4c29-b7d4-1c0f1057abb2}
    {54eb4f3c-6bd9-43a6-ab53-114f1499d23b} = {b7172570-59b1-4c29-b7d4-1c0f1057abb2}
    {8f875306-e6f0-4d37-bcb0-d1bd53184caf} = {b7172570-59b1-4c29-b7d4-1c0f1057abb2}
    {9aa0fb37-c747-42df-b904-051f6f7b051f} = {39020272-f78f-40ff-a207-cf3a723d9d03}
    {3bad1bd3-44fd-4ccf-8bb7-fe1b4853697c} = {39020272-f78f-40ff-a207-cf3a723d9d03}
    {a70dd95a-351f-4946-883a-bd9952d6384c} = {39020272-f78f-40ff-a207-cf3a723d9d03}
    {17cb8c1b-72ca-4b41-84a5-dc376e8abacb} = {39020272-f78f-40ff-a207-cf3a723d9d03}
    {e989c75f-95ad-4415-8ab1-b062ae8b87a2} = {39020272-f78f-40ff-a207-cf3a723d9d03}
    {1eb59028-1918-40bd-902b-9ffff7425f97} = {54eb4f3c-6bd9-43a6-ab53-114f1499d23b}
    {4d9c23f0-095d-47b0-a086-2dfd0866f84a} = {8f875306-e6f0-4d37-bcb0-d1bd53184caf}
    {8a27ad57-e44d-4732-9b42-5934e634a14a} = {8f875306-e6f0-4d37-bcb0-d1bd53184caf}
    {18747606-799e-42b6-a58c-7686dbc5e686} = {8f875306-e6f0-4d37-bcb0-d1bd53184caf}
    {c05503df-3969-434d-8583-e8675d52d481} = {8f875306-e6f0-4d37-bcb0-d1bd53184caf}
    {391996c0-8513-4675-a9b3-831945c2897e} = {8f875306-e6f0-4d37-bcb0-d1bd53184caf}
    {0019ebe5-8730-45d9-8bd4-af2232dc3f64} = {8f875306-e6f0-4d37-bcb0-d1bd53184caf}
    {170b660e-6d3d-4ec9-abe8-d4fb047fbd1e} = {8f875306-e6f0-4d37-bcb0-d1bd53184caf}
    {c13603da-76b4-4694-8995-0e50e238025c} = {8f875306-e6f0-4d37-bcb0-d1bd53184caf}
    {829e36ae-f098-40c5-ace6-9cc1ac273755} = {8f875306-e6f0-4d37-bcb0-d1bd53184caf}
    {052bd969-efda-457b-ac8b-676cd5ae31e0} = {8f875306-e6f0-4d37-bcb0-d1bd53184caf}
    {1de393f2-1928-4687-b6ab-d7db07238e1f} = {8f875306-e6f0-4d37-bcb0-d1bd53184caf}
    {af21fc0d-222f-4cfb-bc54-952a9a2bcf9b} = {8f875306-e6f0-4d37-bcb0-d1bd53184caf}
    {2939a658-3211-4f3a-b98c-6a20b6ebb36a} = {8f875306-e6f0-4d37-bcb0-d1bd53184caf}
    {c6670eb6-10da-424b-af09-0c3f9da56848} = {8f875306-e6f0-4d37-bcb0-d1bd53184caf}
    {ff698a1b-5bf5-449a-83e1-9795dc6d70c4} = {8f875306-e6f0-4d37-bcb0-d1bd53184caf}
    {f6d13280-c014-498e-8306-4a3e292ac460} = {8f875306-e6f0-4d37-bcb0-d1bd53184caf}
    {dea47503-ae89-4e3e-8e0d-7ce47a7fdd4a} = {8f875306-e6f0-4d37-bcb0-d1bd53184caf}
    {ca7fc6a9-38c8-440d-9859-4690dc16ee8a} = {8f875306-e6f0-4d37-bcb0-d1bd53184caf}
    {9aeeefee-e7bd-4b88-ac7e-2fee2f06ab2b} = {8f875306-e6f0-4d37-bcb0-d1bd53184caf}
    {8f9638cc-613c-4e39-8ec7-1024264430ee} = {8f875306-e6f0-4d37-bcb0-d1bd53184caf}
    {5161d093-0e21-4ae2-bdb8-43fd992e511d} = {8f875306-e6f0-4d37-bcb0-d1bd53184caf}
    {971e929b-c27b-4bc4-b1da-c03fc4c30a43} = {8f875306-e6f0-4d37-bcb0-d1bd53184caf}
    {ca5428f4-80b9-4017-bc39-379c64ae34bf} = {8f875306-e6f0-4d37-bcb0-d1bd53184caf}
    {57c4d963-cbec-426b-873d-1a58394fcadf} = {8f875306-e6f0-4d37-bcb0-d1bd53184caf}
    {b82725a0-493e-4dcc-b19f-44ea8466b063} = {8f875306-e6f0-4d37-bcb0-d1bd53184caf}
    {f2234247-1a96-4d49-81b6-136e86eaa3e7} = {8f875306-e6f0-4d37-bcb0-d1bd53184caf}
    {5d910d95-3881-42ea-ae12-119f50943172} = {8f875306-e6f0-4d37-bcb0-d1bd53184caf}
    {c04c0374-fc8c-4207-9f0f-3b9bbd062bee} = {8f875306-e6f0-4d37-bcb0-d1bd53184caf}
    {c431abfe-9dbf-48bb-abb3-1cc32ad9501c} = {8f875306-e6f0-4d37-bcb0-d1bd53184caf}
    {5224941e-49f8-444b-9c03-db1138db6d91} = {8f875306-e6f0-4d37-bcb0-d1bd53184caf}
    {1048e432-6d79-484b-b8d2-bd72a41775e9} = {8f875306-e6f0-4d37-bcb0-d1bd53184caf}
    {5c463c89-396f-4956-822c-841462525061} = {8f875306-e6f0-4d37-bcb0-d1bd53184caf}
    {b57dbbb7-4ef4-41e0-8d4e-cc7c946504b5} = {8f875306-e6f0-4d37-bcb0-d1bd53184caf}
    {8e2d375a-e488-401f-a8ab-03cd74a6ab83} = {8f875306-e6f0-4d37-bcb0-d1bd53184caf}
    {eed6d4d9-4e26-466c-90f2-db74461cd926} = {8f875306-e6f0-4d37-bcb0-d1bd53184caf}
    {e1f85f9e-7a8d-4de7-b8cf-e644474efef8} = {8f875306-e6f0-4d37-bcb0-d1bd53184caf}
    {a9eeab60-c9d6-4d4b-8402-19c95806a162} = {8f875306-e6f0-4d37-bcb0-d1bd53184caf}
    {c6fe6306-5403-418c-a9b5-d939b4056f59} = {8f875306-e6f0-4d37-bcb0-d1bd53184caf}
    {9b5985ba-d650-4a6f-baa2-fbc35b10731c} = {8f875306-e6f0-4d37-bcb0-d1bd53184caf}
    {ffcfc879-cc93-490a-8f84-8a18ea089468} = {8f875306-e6f0-4d37-bcb0-d1bd53184caf}
    {02107b0a-e484-4e1b-bfd4-1bcb716fcdd2} = {8f875306-e6f0-4d37-bcb0-d1bd53184caf}
    {dafb9d06-592c-4d16-8685-bfbdaeaa9415} = {8f875306-e6f0-4d37-bcb0-d1bd53184caf}
    {9c3bc829-aefd-4e8d-addc-f2f77668f3a0} = {8f875306-e6f0-4d37-bcb0-d1bd53184caf}
    {20460ef7-3316-486c-86f1-a127200aa222} = {8f875306-e6f0-4d37-bcb0-d1bd53184caf}
    {81a40849-1759-4f58-8bac-375ed025fcd6} = {8f875306-e6f0-4d37-bcb0-d1bd53184caf}
    {616ce8f4-3ec4-43e8-9864-81b0cc5a43d5} = {8f875306-e6f0-4d37-bcb0-d1bd53184caf}
    {d6a34429-7605-44b7-abc1-1c8d6bbc8c13} = {8f875306-e6f0-4d37-bcb0-d1bd53184caf}
    {bfd5edbb-ad16-46bc-9a64-8e4f1f485368} = {8f875306-e6f0-4d37-bcb0-d1bd53184caf}
    {cba1de80-35be-4954-a46e-629ace94c8aa} = {8f875306-e6f0-4d37-bcb0-d1bd53184caf}
    {ae7c6be1-44e0-4df9-b2a5-47fd83cd5cb1} = {8f875306-e6f0-4d37-bcb0-d1bd53184caf}
    {51ec73b3-a335-4dc1-a88c-86371f31c382} = {8f875306-e6f0-4d37-bcb0-d1bd53184caf}
    {342109b0-2586-4e3c-a910-d97dff768c42} = {8f875306-e6f0-4d37-bcb0-d1bd53184caf}
    {cf1cd5e9-e9eb-4a0b-b8a6-ed5c49c9125b} = {8f875306-e6f0-4d37-bcb0-d1bd53184caf}
    {5f3c9e59-1bcb-42dd-a3bb-1a1d09a0e57e} = {8f875306-e6f0-4d37-bcb0-d1bd53184caf}
    {d3164732-215d-4b33-9eed-05c08642ff2b} = {8f875306-e6f0-4d37-bcb0-d1bd53184caf}
    {584fee6c-b505-41dc-9460-15b9c728f776} = {8f875306-e6f0-4d37-bcb0-d1bd53184caf}
    {f2e911be-09be-44ea-9bd2-4d64ac6f255f} = {8f875306-e6f0-4d37-bcb0-d1bd53184caf}
    {d18c7a1c-a5c5-4788-9042-c6be487109a1} = {8f875306-e6f0-4d37-bcb0-d1bd53184caf}
    {98f1d150-235e-4427-932e-04529c1205c1} = {409e906d-0a5a-4629-9ac4-46f732118f75}
    {1610285f-5409-4097-a5da-52bbd3e427fb} = {409e906d-0a5a-4629-9ac4-46f732118f75}
    {2356e5f9-5ad4-492b-a057-8f196f159ed8} = {409e906d-0a5a-4629-9ac4-46f732118f75}
    {9092478c-fb93-4a0f-86f7-42f71c8cd3ed} = {409e906d-0a5a-4629-9ac4-46f732118f75}
    {8483e814-3201-48d2-bcdc-9e4ecc94043d} = {409e906d-0a5a-4629-9ac4-46f732118f75}
    {b6a9947b-59d0-4cc3-8673-e42e0e1824ae} = {409e906d-0a5a-4629-9ac4-46f732118f75}
    {d0901125-d41c-4bc8-b8e8-02b3b6808b3d} = {409e906d-0a5a-4629-9ac4-46f732118f75}
    {35d617f0-8161-4f0e-a1a3-0b90bb760cf2} = {409e906d-0a5a-4629-9ac4-46f732118f75}
    {fe61b8aa-797e-42b2-b9ed-b89c68259c5f} = {409e906d-0a5a-4629-9ac4-46f732118f75}
    {b40aed8b-7a02-4386-a2e2-d4592494fd7a} = {409e906d-0a5a-4629-9ac4-46f732118f75}
    {37e90e8e-bec2-45f1-8b82-64af5e278512} = {9ad3cf79-a651-492f-839e-5cb8eeb8c1f1}
    {e6b877ef-131b-422b-ac30-fc7eb54cfe0d} = {9ad3cf79-a651-492f-839e-5cb8eeb8c1f1}
  EndGlobalSection
EndGlobal

