
Microsoft Visual Studio Solution File, Format Version 12.00
# Visual Studio Version 17
VisualStudioVersion = 17.0.31903.59
MinimumVisualStudioVersion = 10.0.40219.1
Project("{2150E333-8FDC-42A3-9474-1A3956D46DE8}") = "src", "src", "{827E0CD3-B72D-47B6-A68D-7590B98EB39B}"
EndProject
Project("{FAE04EC0-301F-11D3-BF4B-00C04F79EFBC}") = "SaveState.Core", "src\SaveState.Core\SaveState.Core.csproj", "{E7FD0F2D-A4AF-4293-BBD9-C95D4AF3E7FA}"
EndProject
Project("{FAE04EC0-301F-11D3-BF4B-00C04F79EFBC}") = "SaveState.Application", "src\SaveState.Application\SaveState.Application.csproj", "{D7B42C9C-A9A3-4B95-83B1-DB36A8104F83}"
EndProject
Project("{FAE04EC0-301F-11D3-BF4B-00C04F79EFBC}") = "SaveState.Infrastructure", "src\SaveState.Infrastructure\SaveState.Infrastructure.csproj", "{1F24A2BF-723E-49FF-8FB9-7C27DF934BC3}"
EndProject
Project("{FAE04EC0-301F-11D3-BF4B-00C04F79EFBC}") = "SaveState.Presentation", "src\SaveState.Presentation\SaveState.Presentation.csproj", "{2CBF533F-B0DC-432B-812D-F54C5F67FDA0}"
EndProject
Project("{2150E333-8FDC-42A3-9474-1A3956D46DE8}") = "tests", "tests", "{0AB3BF05-4346-4AA6-1389-037BE0695223}"
EndProject
Project("{FAE04EC0-301F-11D3-BF4B-00C04F79EFBC}") = "SaveState.Core.Tests", "tests\SaveState.Core.Tests\SaveState.Core.Tests.csproj", "{255EDA0C-12C5-4D23-A8CB-8CC9DC024BB9}"
EndProject
Project("{FAE04EC0-301F-11D3-BF4B-00C04F79EFBC}") = "SaveState.Application.Tests", "tests\SaveState.Application.Tests\SaveState.Application.Tests.csproj", "{3CE9F647-FB1C-4725-AB9B-8C7F6DE932C8}"
EndProject
Project("{FAE04EC0-301F-11D3-BF4B-00C04F79EFBC}") = "SaveState.IntegrationTests", "tests\SaveState.IntegrationTests\SaveState.IntegrationTests.csproj", "{16F17D5E-46BF-4A79-AF18-545DBD3EE272}"
EndProject
Project("{FAE04EC0-301F-11D3-BF4B-00C04F79EFBC}") = "SaveState.EndToEndTests", "tests\SaveState.EndToEndTests\SaveState.EndToEndTests.csproj", "{E7DF775D-BA30-4A7E-8239-216E491CBC07}"
EndProject
Project("{2150E333-8FDC-42A3-9474-1A3956D46DE8}") = "tools", "tools", "{07C2787E-EAC7-C090-1BA3-A61EC2A24D84}"
EndProject
Project("{FAE04EC0-301F-11D3-BF4B-00C04F79EFBC}") = "SaveState.Benchmarks", "tools\SaveState.Benchmarks\SaveState.Benchmarks.csproj", "{399DD99E-F5BF-41BB-BEF5-A6A4401CF00C}"
EndProject
Project("{FAE04EC0-301F-11D3-BF4B-00C04F79EFBC}") = "SaveState.Infrastructure.Tests", "tests\SaveState.Infrastructure.Tests\SaveState.Infrastructure.Tests.csproj", "{C4363CE2-5C7F-4124-BD82-46FD89512750}"
EndProject
Project("{FAE04EC0-301F-11D3-BF4B-00C04F79EFBC}") = "SaveState.Tests.Fakes", "tests\SaveState.Tests.Fakes\SaveState.Tests.Fakes.csproj", "{ABD47991-237D-4976-9A93-F282689901F8}"
EndProject
Project("{FAE04EC0-301F-11D3-BF4B-00C04F79EFBC}") = "SaveState.Presentation.Tests", "tests\SaveState.Presentation.Tests\SaveState.Presentation.Tests.csproj", "{D6A5C120-2AA4-4576-902A-33B52FA15328}"
EndProject
Project("{FAE04EC0-301F-11D3-BF4B-00C04F79EFBC}") = "SaveState.Presentation.UITests", "tests\SaveState.Presentation.UITests\SaveState.Presentation.UITests.csproj", "{C785C005-2A52-4D84-AAFF-0C9D5D8EC793}"
EndProject
Project("{FAE04EC0-301F-11D3-BF4B-00C04F79EFBC}") = "SaveState.LoadTests", "tests\SaveState.LoadTests\SaveState.LoadTests.csproj", "{FC153848-68F4-4794-8DD3-459267615312}"
EndProject
Project("{FAE04EC0-301F-11D3-BF4B-00C04F79EFBC}") = "SaveState.Configuration.Tests", "tests\SaveState.Configuration.Tests\SaveState.Configuration.Tests.csproj", "{902E1C40-5C79-4035-92AC-57DB7DDCC7E4}"
EndProject
Project("{FAE04EC0-301F-11D3-BF4B-00C04F79EFBC}") = "SaveState.Accessibility.Tests", "tests\SaveState.Accessibility.Tests\SaveState.Accessibility.Tests.csproj", "{30C996D6-60BA-4399-96AA-73541265E4DB}"
EndProject
Project("{FAE04EC0-301F-11D3-BF4B-00C04F79EFBC}") = "SaveState.CrossPlatform.Tests", "tests\SaveState.CrossPlatform.Tests\SaveState.CrossPlatform.Tests.csproj", "{852AE5F7-EE98-47FB-AFF6-D88809ED0675}"
EndProject
Project("{FAE04EC0-301F-11D3-BF4B-00C04F79EFBC}") = "SaveState.Monitoring.Tests", "tests\SaveState.Monitoring.Tests\SaveState.Monitoring.Tests.csproj", "{10F5C27C-8845-4A5C-9295-120A52F0B214}"
EndProject
Project("{FAE04EC0-301F-11D3-BF4B-00C04F79EFBC}") = "SaveState.Sdk", "src\SaveState.Sdk\SaveState.Sdk.csproj", "{732A99BD-8251-4CBC-AA0B-B6EA838EBA84}"
EndProject
Global
	GlobalSection(SolutionConfigurationPlatforms) = preSolution
		Debug|Any CPU = Debug|Any CPU
		Debug|x64 = Debug|x64
		Debug|x86 = Debug|x86
		Release|Any CPU = Release|Any CPU
		Release|x64 = Release|x64
		Release|x86 = Release|x86
	EndGlobalSection
	GlobalSection(ProjectConfigurationPlatforms) = postSolution
		{E7FD0F2D-A4AF-4293-BBD9-C95D4AF3E7FA}.Debug|Any CPU.ActiveCfg = Debug|Any CPU
		{E7FD0F2D-A4AF-4293-BBD9-C95D4AF3E7FA}.Debug|Any CPU.Build.0 = Debug|Any CPU
		{E7FD0F2D-A4AF-4293-BBD9-C95D4AF3E7FA}.Debug|x64.ActiveCfg = Debug|Any CPU
		{E7FD0F2D-A4AF-4293-BBD9-C95D4AF3E7FA}.Debug|x64.Build.0 = Debug|Any CPU
		{E7FD0F2D-A4AF-4293-BBD9-C95D4AF3E7FA}.Debug|x86.ActiveCfg = Debug|Any CPU
		{E7FD0F2D-A4AF-4293-BBD9-C95D4AF3E7FA}.Debug|x86.Build.0 = Debug|Any CPU
		{E7FD0F2D-A4AF-4293-BBD9-C95D4AF3E7FA}.Release|Any CPU.ActiveCfg = Release|Any CPU
		{E7FD0F2D-A4AF-4293-BBD9-C95D4AF3E7FA}.Release|Any CPU.Build.0 = Release|Any CPU
		{E7FD0F2D-A4AF-4293-BBD9-C95D4AF3E7FA}.Release|x64.ActiveCfg = Release|Any CPU
		{E7FD0F2D-A4AF-4293-BBD9-C95D4AF3E7FA}.Release|x64.Build.0 = Release|Any CPU
		{E7FD0F2D-A4AF-4293-BBD9-C95D4AF3E7FA}.Release|x86.ActiveCfg = Release|Any CPU
		{E7FD0F2D-A4AF-4293-BBD9-C95D4AF3E7FA}.Release|x86.Build.0 = Release|Any CPU
		{D7B42C9C-A9A3-4B95-83B1-DB36A8104F83}.Debug|Any CPU.ActiveCfg = Debug|Any CPU
		{D7B42C9C-A9A3-4B95-83B1-DB36A8104F83}.Debug|Any CPU.Build.0 = Debug|Any CPU
		{D7B42C9C-A9A3-4B95-83B1-DB36A8104F83}.Debug|x64.ActiveCfg = Debug|Any CPU
		{D7B42C9C-A9A3-4B95-83B1-DB36A8104F83}.Debug|x64.Build.0 = Debug|Any CPU
		{D7B42C9C-A9A3-4B95-83B1-DB36A8104F83}.Debug|x86.ActiveCfg = Debug|Any CPU
		{D7B42C9C-A9A3-4B95-83B1-DB36A8104F83}.Debug|x86.Build.0 = Debug|Any CPU
		{D7B42C9C-A9A3-4B95-83B1-DB36A8104F83}.Release|Any CPU.ActiveCfg = Release|Any CPU
		{D7B42C9C-A9A3-4B95-83B1-DB36A8104F83}.Release|Any CPU.Build.0 = Release|Any CPU
		{D7B42C9C-A9A3-4B95-83B1-DB36A8104F83}.Release|x64.ActiveCfg = Release|Any CPU
		{D7B42C9C-A9A3-4B95-83B1-DB36A8104F83}.Release|x64.Build.0 = Release|Any CPU
		{D7B42C9C-A9A3-4B95-83B1-DB36A8104F83}.Release|x86.ActiveCfg = Release|Any CPU
		{D7B42C9C-A9A3-4B95-83B1-DB36A8104F83}.Release|x86.Build.0 = Release|Any CPU
		{1F24A2BF-723E-49FF-8FB9-7C27DF934BC3}.Debug|Any CPU.ActiveCfg = Debug|Any CPU
		{1F24A2BF-723E-49FF-8FB9-7C27DF934BC3}.Debug|Any CPU.Build.0 = Debug|Any CPU
		{1F24A2BF-723E-49FF-8FB9-7C27DF934BC3}.Debug|x64.ActiveCfg = Debug|Any CPU
		{1F24A2BF-723E-49FF-8FB9-7C27DF934BC3}.Debug|x64.Build.0 = Debug|Any CPU
		{1F24A2BF-723E-49FF-8FB9-7C27DF934BC3}.Debug|x86.ActiveCfg = Debug|Any CPU
		{1F24A2BF-723E-49FF-8FB9-7C27DF934BC3}.Debug|x86.Build.0 = Debug|Any CPU
		{1F24A2BF-723E-49FF-8FB9-7C27DF934BC3}.Release|Any CPU.ActiveCfg = Release|Any CPU
		{1F24A2BF-723E-49FF-8FB9-7C27DF934BC3}.Release|Any CPU.Build.0 = Release|Any CPU
		{1F24A2BF-723E-49FF-8FB9-7C27DF934BC3}.Release|x64.ActiveCfg = Release|Any CPU
		{1F24A2BF-723E-49FF-8FB9-7C27DF934BC3}.Release|x64.Build.0 = Release|Any CPU
		{1F24A2BF-723E-49FF-8FB9-7C27DF934BC3}.Release|x86.ActiveCfg = Release|Any CPU
		{1F24A2BF-723E-49FF-8FB9-7C27DF934BC3}.Release|x86.Build.0 = Release|Any CPU
		{2CBF533F-B0DC-432B-812D-F54C5F67FDA0}.Debug|Any CPU.ActiveCfg = Debug|Any CPU
		{2CBF533F-B0DC-432B-812D-F54C5F67FDA0}.Debug|Any CPU.Build.0 = Debug|Any CPU
		{2CBF533F-B0DC-432B-812D-F54C5F67FDA0}.Debug|x64.ActiveCfg = Debug|Any CPU
		{2CBF533F-B0DC-432B-812D-F54C5F67FDA0}.Debug|x64.Build.0 = Debug|Any CPU
		{2CBF533F-B0DC-432B-812D-F54C5F67FDA0}.Debug|x86.ActiveCfg = Debug|Any CPU
		{2CBF533F-B0DC-432B-812D-F54C5F67FDA0}.Debug|x86.Build.0 = Debug|Any CPU
		{2CBF533F-B0DC-432B-812D-F54C5F67FDA0}.Release|Any CPU.ActiveCfg = Release|Any CPU
		{2CBF533F-B0DC-432B-812D-F54C5F67FDA0}.Release|Any CPU.Build.0 = Release|Any CPU
		{2CBF533F-B0DC-432B-812D-F54C5F67FDA0}.Release|x64.ActiveCfg = Release|Any CPU
		{2CBF533F-B0DC-432B-812D-F54C5F67FDA0}.Release|x64.Build.0 = Release|Any CPU
		{2CBF533F-B0DC-432B-812D-F54C5F67FDA0}.Release|x86.ActiveCfg = Release|Any CPU
		{2CBF533F-B0DC-432B-812D-F54C5F67FDA0}.Release|x86.Build.0 = Release|Any CPU
		{255EDA0C-12C5-4D23-A8CB-8CC9DC024BB9}.Debug|Any CPU.ActiveCfg = Debug|Any CPU
		{255EDA0C-12C5-4D23-A8CB-8CC9DC024BB9}.Debug|Any CPU.Build.0 = Debug|Any CPU
		{255EDA0C-12C5-4D23-A8CB-8CC9DC024BB9}.Debug|x64.ActiveCfg = Debug|Any CPU
		{255EDA0C-12C5-4D23-A8CB-8CC9DC024BB9}.Debug|x64.Build.0 = Debug|Any CPU
		{255EDA0C-12C5-4D23-A8CB-8CC9DC024BB9}.Debug|x86.ActiveCfg = Debug|Any CPU
		{255EDA0C-12C5-4D23-A8CB-8CC9DC024BB9}.Debug|x86.Build.0 = Debug|Any CPU
		{255EDA0C-12C5-4D23-A8CB-8CC9DC024BB9}.Release|Any CPU.ActiveCfg = Release|Any CPU
		{255EDA0C-12C5-4D23-A8CB-8CC9DC024BB9}.Release|Any CPU.Build.0 = Release|Any CPU
		{255EDA0C-12C5-4D23-A8CB-8CC9DC024BB9}.Release|x64.ActiveCfg = Release|Any CPU
		{255EDA0C-12C5-4D23-A8CB-8CC9DC024BB9}.Release|x64.Build.0 = Release|Any CPU
		{255EDA0C-12C5-4D23-A8CB-8CC9DC024BB9}.Release|x86.ActiveCfg = Release|Any CPU
		{255EDA0C-12C5-4D23-A8CB-8CC9DC024BB9}.Release|x86.Build.0 = Release|Any CPU
		{3CE9F647-FB1C-4725-AB9B-8C7F6DE932C8}.Debug|Any CPU.ActiveCfg = Debug|Any CPU
		{3CE9F647-FB1C-4725-AB9B-8C7F6DE932C8}.Debug|Any CPU.Build.0 = Debug|Any CPU
		{3CE9F647-FB1C-4725-AB9B-8C7F6DE932C8}.Debug|x64.ActiveCfg = Debug|Any CPU
		{3CE9F647-FB1C-4725-AB9B-8C7F6DE932C8}.Debug|x64.Build.0 = Debug|Any CPU
		{3CE9F647-FB1C-4725-AB9B-8C7F6DE932C8}.Debug|x86.ActiveCfg = Debug|Any CPU
		{3CE9F647-FB1C-4725-AB9B-8C7F6DE932C8}.Debug|x86.Build.0 = Debug|Any CPU
		{3CE9F647-FB1C-4725-AB9B-8C7F6DE932C8}.Release|Any CPU.ActiveCfg = Release|Any CPU
		{3CE9F647-FB1C-4725-AB9B-8C7F6DE932C8}.Release|Any CPU.Build.0 = Release|Any CPU
		{3CE9F647-FB1C-4725-AB9B-8C7F6DE932C8}.Release|x64.ActiveCfg = Release|Any CPU
		{3CE9F647-FB1C-4725-AB9B-8C7F6DE932C8}.Release|x64.Build.0 = Release|Any CPU
		{3CE9F647-FB1C-4725-AB9B-8C7F6DE932C8}.Release|x86.ActiveCfg = Release|Any CPU
		{3CE9F647-FB1C-4725-AB9B-8C7F6DE932C8}.Release|x86.Build.0 = Release|Any CPU
		{16F17D5E-46BF-4A79-AF18-545DBD3EE272}.Debug|Any CPU.ActiveCfg = Debug|Any CPU
		{16F17D5E-46BF-4A79-AF18-545DBD3EE272}.Debug|Any CPU.Build.0 = Debug|Any CPU
		{16F17D5E-46BF-4A79-AF18-545DBD3EE272}.Debug|x64.ActiveCfg = Debug|Any CPU
		{16F17D5E-46BF-4A79-AF18-545DBD3EE272}.Debug|x64.Build.0 = Debug|Any CPU
		{16F17D5E-46BF-4A79-AF18-545DBD3EE272}.Debug|x86.ActiveCfg = Debug|Any CPU
		{16F17D5E-46BF-4A79-AF18-545DBD3EE272}.Debug|x86.Build.0 = Debug|Any CPU
		{16F17D5E-46BF-4A79-AF18-545DBD3EE272}.Release|Any CPU.ActiveCfg = Release|Any CPU
		{16F17D5E-46BF-4A79-AF18-545DBD3EE272}.Release|Any CPU.Build.0 = Release|Any CPU
		{16F17D5E-46BF-4A79-AF18-545DBD3EE272}.Release|x64.ActiveCfg = Release|Any CPU
		{16F17D5E-46BF-4A79-AF18-545DBD3EE272}.Release|x64.Build.0 = Release|Any CPU
		{16F17D5E-46BF-4A79-AF18-545DBD3EE272}.Release|x86.ActiveCfg = Release|Any CPU
		{16F17D5E-46BF-4A79-AF18-545DBD3EE272}.Release|x86.Build.0 = Release|Any CPU
		{E7DF775D-BA30-4A7E-8239-216E491CBC07}.Debug|Any CPU.ActiveCfg = Debug|Any CPU
		{E7DF775D-BA30-4A7E-8239-216E491CBC07}.Debug|Any CPU.Build.0 = Debug|Any CPU
		{E7DF775D-BA30-4A7E-8239-216E491CBC07}.Debug|x64.ActiveCfg = Debug|Any CPU
		{E7DF775D-BA30-4A7E-8239-216E491CBC07}.Debug|x64.Build.0 = Debug|Any CPU
		{E7DF775D-BA30-4A7E-8239-216E491CBC07}.Debug|x86.ActiveCfg = Debug|Any CPU
		{E7DF775D-BA30-4A7E-8239-216E491CBC07}.Debug|x86.Build.0 = Debug|Any CPU
		{E7DF775D-BA30-4A7E-8239-216E491CBC07}.Release|Any CPU.ActiveCfg = Release|Any CPU
		{E7DF775D-BA30-4A7E-8239-216E491CBC07}.Release|Any CPU.Build.0 = Release|Any CPU
		{E7DF775D-BA30-4A7E-8239-216E491CBC07}.Release|x64.ActiveCfg = Release|Any CPU
		{E7DF775D-BA30-4A7E-8239-216E491CBC07}.Release|x64.Build.0 = Release|Any CPU
		{E7DF775D-BA30-4A7E-8239-216E491CBC07}.Release|x86.ActiveCfg = Release|Any CPU
		{E7DF775D-BA30-4A7E-8239-216E491CBC07}.Release|x86.Build.0 = Release|Any CPU
		{399DD99E-F5BF-41BB-BEF5-A6A4401CF00C}.Debug|Any CPU.ActiveCfg = Debug|Any CPU
		{399DD99E-F5BF-41BB-BEF5-A6A4401CF00C}.Debug|Any CPU.Build.0 = Debug|Any CPU
		{399DD99E-F5BF-41BB-BEF5-A6A4401CF00C}.Debug|x64.ActiveCfg = Debug|Any CPU
		{399DD99E-F5BF-41BB-BEF5-A6A4401CF00C}.Debug|x64.Build.0 = Debug|Any CPU
		{399DD99E-F5BF-41BB-BEF5-A6A4401CF00C}.Debug|x86.ActiveCfg = Debug|Any CPU
		{399DD99E-F5BF-41BB-BEF5-A6A4401CF00C}.Debug|x86.Build.0 = Debug|Any CPU
		{399DD99E-F5BF-41BB-BEF5-A6A4401CF00C}.Release|Any CPU.ActiveCfg = Release|Any CPU
		{399DD99E-F5BF-41BB-BEF5-A6A4401CF00C}.Release|Any CPU.Build.0 = Release|Any CPU
		{399DD99E-F5BF-41BB-BEF5-A6A4401CF00C}.Release|x64.ActiveCfg = Release|Any CPU
		{399DD99E-F5BF-41BB-BEF5-A6A4401CF00C}.Release|x64.Build.0 = Release|Any CPU
		{399DD99E-F5BF-41BB-BEF5-A6A4401CF00C}.Release|x86.ActiveCfg = Release|Any CPU
		{399DD99E-F5BF-41BB-BEF5-A6A4401CF00C}.Release|x86.Build.0 = Release|Any CPU
		{C4363CE2-5C7F-4124-BD82-46FD89512750}.Debug|Any CPU.ActiveCfg = Debug|Any CPU
		{C4363CE2-5C7F-4124-BD82-46FD89512750}.Debug|Any CPU.Build.0 = Debug|Any CPU
		{C4363CE2-5C7F-4124-BD82-46FD89512750}.Debug|x64.ActiveCfg = Debug|Any CPU
		{C4363CE2-5C7F-4124-BD82-46FD89512750}.Debug|x64.Build.0 = Debug|Any CPU
		{C4363CE2-5C7F-4124-BD82-46FD89512750}.Debug|x86.ActiveCfg = Debug|Any CPU
		{C4363CE2-5C7F-4124-BD82-46FD89512750}.Debug|x86.Build.0 = Debug|Any CPU
		{C4363CE2-5C7F-4124-BD82-46FD89512750}.Release|Any CPU.ActiveCfg = Release|Any CPU
		{C4363CE2-5C7F-4124-BD82-46FD89512750}.Release|Any CPU.Build.0 = Release|Any CPU
		{C4363CE2-5C7F-4124-BD82-46FD89512750}.Release|x64.ActiveCfg = Release|Any CPU
		{C4363CE2-5C7F-4124-BD82-46FD89512750}.Release|x64.Build.0 = Release|Any CPU
		{C4363CE2-5C7F-4124-BD82-46FD89512750}.Release|x86.ActiveCfg = Release|Any CPU
		{C4363CE2-5C7F-4124-BD82-46FD89512750}.Release|x86.Build.0 = Release|Any CPU
		{ABD47991-237D-4976-9A93-F282689901F8}.Debug|Any CPU.ActiveCfg = Debug|Any CPU
		{ABD47991-237D-4976-9A93-F282689901F8}.Debug|Any CPU.Build.0 = Debug|Any CPU
		{ABD47991-237D-4976-9A93-F282689901F8}.Debug|x64.ActiveCfg = Debug|Any CPU
		{ABD47991-237D-4976-9A93-F282689901F8}.Debug|x64.Build.0 = Debug|Any CPU
		{ABD47991-237D-4976-9A93-F282689901F8}.Debug|x86.ActiveCfg = Debug|Any CPU
		{ABD47991-237D-4976-9A93-F282689901F8}.Debug|x86.Build.0 = Debug|Any CPU
		{ABD47991-237D-4976-9A93-F282689901F8}.Release|Any CPU.ActiveCfg = Release|Any CPU
		{ABD47991-237D-4976-9A93-F282689901F8}.Release|Any CPU.Build.0 = Release|Any CPU
		{ABD47991-237D-4976-9A93-F282689901F8}.Release|x64.ActiveCfg = Release|Any CPU
		{ABD47991-237D-4976-9A93-F282689901F8}.Release|x64.Build.0 = Release|Any CPU
		{ABD47991-237D-4976-9A93-F282689901F8}.Release|x86.ActiveCfg = Release|Any CPU
		{ABD47991-237D-4976-9A93-F282689901F8}.Release|x86.Build.0 = Release|Any CPU
		{D6A5C120-2AA4-4576-902A-33B52FA15328}.Debug|Any CPU.ActiveCfg = Debug|Any CPU
		{D6A5C120-2AA4-4576-902A-33B52FA15328}.Debug|Any CPU.Build.0 = Debug|Any CPU
		{D6A5C120-2AA4-4576-902A-33B52FA15328}.Debug|x64.ActiveCfg = Debug|Any CPU
		{D6A5C120-2AA4-4576-902A-33B52FA15328}.Debug|x64.Build.0 = Debug|Any CPU
		{D6A5C120-2AA4-4576-902A-33B52FA15328}.Debug|x86.ActiveCfg = Debug|Any CPU
		{D6A5C120-2AA4-4576-902A-33B52FA15328}.Debug|x86.Build.0 = Debug|Any CPU
		{D6A5C120-2AA4-4576-902A-33B52FA15328}.Release|Any CPU.ActiveCfg = Release|Any CPU
		{D6A5C120-2AA4-4576-902A-33B52FA15328}.Release|Any CPU.Build.0 = Release|Any CPU
		{D6A5C120-2AA4-4576-902A-33B52FA15328}.Release|x64.ActiveCfg = Release|Any CPU
		{D6A5C120-2AA4-4576-902A-33B52FA15328}.Release|x64.Build.0 = Release|Any CPU
		{D6A5C120-2AA4-4576-902A-33B52FA15328}.Release|x86.ActiveCfg = Release|Any CPU
		{D6A5C120-2AA4-4576-902A-33B52FA15328}.Release|x86.Build.0 = Release|Any CPU
		{C785C005-2A52-4D84-AAFF-0C9D5D8EC793}.Debug|Any CPU.ActiveCfg = Debug|Any CPU
		{C785C005-2A52-4D84-AAFF-0C9D5D8EC793}.Debug|Any CPU.Build.0 = Debug|Any CPU
		{C785C005-2A52-4D84-AAFF-0C9D5D8EC793}.Debug|x64.ActiveCfg = Debug|Any CPU
		{C785C005-2A52-4D84-AAFF-0C9D5D8EC793}.Debug|x64.Build.0 = Debug|Any CPU
		{C785C005-2A52-4D84-AAFF-0C9D5D8EC793}.Debug|x86.ActiveCfg = Debug|Any CPU
		{C785C005-2A52-4D84-AAFF-0C9D5D8EC793}.Debug|x86.Build.0 = Debug|Any CPU
		{C785C005-2A52-4D84-AAFF-0C9D5D8EC793}.Release|Any CPU.ActiveCfg = Release|Any CPU
		{C785C005-2A52-4D84-AAFF-0C9D5D8EC793}.Release|Any CPU.Build.0 = Release|Any CPU
		{C785C005-2A52-4D84-AAFF-0C9D5D8EC793}.Release|x64.ActiveCfg = Release|Any CPU
		{C785C005-2A52-4D84-AAFF-0C9D5D8EC793}.Release|x64.Build.0 = Release|Any CPU
		{C785C005-2A52-4D84-AAFF-0C9D5D8EC793}.Release|x86.ActiveCfg = Release|Any CPU
		{C785C005-2A52-4D84-AAFF-0C9D5D8EC793}.Release|x86.Build.0 = Release|Any CPU
		{FC153848-68F4-4794-8DD3-459267615312}.Debug|Any CPU.ActiveCfg = Debug|Any CPU
		{FC153848-68F4-4794-8DD3-459267615312}.Debug|Any CPU.Build.0 = Debug|Any CPU
		{FC153848-68F4-4794-8DD3-459267615312}.Debug|x64.ActiveCfg = Debug|Any CPU
		{FC153848-68F4-4794-8DD3-459267615312}.Debug|x64.Build.0 = Debug|Any CPU
		{FC153848-68F4-4794-8DD3-459267615312}.Debug|x86.ActiveCfg = Debug|Any CPU
		{FC153848-68F4-4794-8DD3-459267615312}.Debug|x86.Build.0 = Debug|Any CPU
		{FC153848-68F4-4794-8DD3-459267615312}.Release|Any CPU.ActiveCfg = Release|Any CPU
		{FC153848-68F4-4794-8DD3-459267615312}.Release|Any CPU.Build.0 = Release|Any CPU
		{FC153848-68F4-4794-8DD3-459267615312}.Release|x64.ActiveCfg = Release|Any CPU
		{FC153848-68F4-4794-8DD3-459267615312}.Release|x64.Build.0 = Release|Any CPU
		{FC153848-68F4-4794-8DD3-459267615312}.Release|x86.ActiveCfg = Release|Any CPU
		{FC153848-68F4-4794-8DD3-459267615312}.Release|x86.Build.0 = Release|Any CPU
		{902E1C40-5C79-4035-92AC-57DB7DDCC7E4}.Debug|Any CPU.ActiveCfg = Debug|Any CPU
		{902E1C40-5C79-4035-92AC-57DB7DDCC7E4}.Debug|Any CPU.Build.0 = Debug|Any CPU
		{902E1C40-5C79-4035-92AC-57DB7DDCC7E4}.Debug|x64.ActiveCfg = Debug|Any CPU
		{902E1C40-5C79-4035-92AC-57DB7DDCC7E4}.Debug|x64.Build.0 = Debug|Any CPU
		{902E1C40-5C79-4035-92AC-57DB7DDCC7E4}.Debug|x86.ActiveCfg = Debug|Any CPU
		{902E1C40-5C79-4035-92AC-57DB7DDCC7E4}.Debug|x86.Build.0 = Debug|Any CPU
		{902E1C40-5C79-4035-92AC-57DB7DDCC7E4}.Release|Any CPU.ActiveCfg = Release|Any CPU
		{902E1C40-5C79-4035-92AC-57DB7DDCC7E4}.Release|Any CPU.Build.0 = Release|Any CPU
		{902E1C40-5C79-4035-92AC-57DB7DDCC7E4}.Release|x64.ActiveCfg = Release|Any CPU
		{902E1C40-5C79-4035-92AC-57DB7DDCC7E4}.Release|x64.Build.0 = Release|Any CPU
		{902E1C40-5C79-4035-92AC-57DB7DDCC7E4}.Release|x86.ActiveCfg = Release|Any CPU
		{902E1C40-5C79-4035-92AC-57DB7DDCC7E4}.Release|x86.Build.0 = Release|Any CPU
		{30C996D6-60BA-4399-96AA-73541265E4DB}.Debug|Any CPU.ActiveCfg = Debug|Any CPU
		{30C996D6-60BA-4399-96AA-73541265E4DB}.Debug|Any CPU.Build.0 = Debug|Any CPU
		{30C996D6-60BA-4399-96AA-73541265E4DB}.Debug|x64.ActiveCfg = Debug|Any CPU
		{30C996D6-60BA-4399-96AA-73541265E4DB}.Debug|x64.Build.0 = Debug|Any CPU
		{30C996D6-60BA-4399-96AA-73541265E4DB}.Debug|x86.ActiveCfg = Debug|Any CPU
		{30C996D6-60BA-4399-96AA-73541265E4DB}.Debug|x86.Build.0 = Debug|Any CPU
		{30C996D6-60BA-4399-96AA-73541265E4DB}.Release|Any CPU.ActiveCfg = Release|Any CPU
		{30C996D6-60BA-4399-96AA-73541265E4DB}.Release|Any CPU.Build.0 = Release|Any CPU
		{30C996D6-60BA-4399-96AA-73541265E4DB}.Release|x64.ActiveCfg = Release|Any CPU
		{30C996D6-60BA-4399-96AA-73541265E4DB}.Release|x64.Build.0 = Release|Any CPU
		{30C996D6-60BA-4399-96AA-73541265E4DB}.Release|x86.ActiveCfg = Release|Any CPU
		{30C996D6-60BA-4399-96AA-73541265E4DB}.Release|x86.Build.0 = Release|Any CPU
		{852AE5F7-EE98-47FB-AFF6-D88809ED0675}.Debug|Any CPU.ActiveCfg = Debug|Any CPU
		{852AE5F7-EE98-47FB-AFF6-D88809ED0675}.Debug|Any CPU.Build.0 = Debug|Any CPU
		{852AE5F7-EE98-47FB-AFF6-D88809ED0675}.Debug|x64.ActiveCfg = Debug|Any CPU
		{852AE5F7-EE98-47FB-AFF6-D88809ED0675}.Debug|x64.Build.0 = Debug|Any CPU
		{852AE5F7-EE98-47FB-AFF6-D88809ED0675}.Debug|x86.ActiveCfg = Debug|Any CPU
		{852AE5F7-EE98-47FB-AFF6-D88809ED0675}.Debug|x86.Build.0 = Debug|Any CPU
		{852AE5F7-EE98-47FB-AFF6-D88809ED0675}.Release|Any CPU.ActiveCfg = Release|Any CPU
		{852AE5F7-EE98-47FB-AFF6-D88809ED0675}.Release|Any CPU.Build.0 = Release|Any CPU
		{852AE5F7-EE98-47FB-AFF6-D88809ED0675}.Release|x64.ActiveCfg = Release|Any CPU
		{852AE5F7-EE98-47FB-AFF6-D88809ED0675}.Release|x64.Build.0 = Release|Any CPU
		{852AE5F7-EE98-47FB-AFF6-D88809ED0675}.Release|x86.ActiveCfg = Release|Any CPU
		{852AE5F7-EE98-47FB-AFF6-D88809ED0675}.Release|x86.Build.0 = Release|Any CPU
		{10F5C27C-8845-4A5C-9295-120A52F0B214}.Debug|Any CPU.ActiveCfg = Debug|Any CPU
		{10F5C27C-8845-4A5C-9295-120A52F0B214}.Debug|Any CPU.Build.0 = Debug|Any CPU
		{10F5C27C-8845-4A5C-9295-120A52F0B214}.Debug|x64.ActiveCfg = Debug|Any CPU
		{10F5C27C-8845-4A5C-9295-120A52F0B214}.Debug|x64.Build.0 = Debug|Any CPU
		{10F5C27C-8845-4A5C-9295-120A52F0B214}.Debug|x86.ActiveCfg = Debug|Any CPU
		{10F5C27C-8845-4A5C-9295-120A52F0B214}.Debug|x86.Build.0 = Debug|Any CPU
		{10F5C27C-8845-4A5C-9295-120A52F0B214}.Release|Any CPU.ActiveCfg = Release|Any CPU
		{10F5C27C-8845-4A5C-9295-120A52F0B214}.Release|Any CPU.Build.0 = Release|Any CPU
		{10F5C27C-8845-4A5C-9295-120A52F0B214}.Release|x64.ActiveCfg = Release|Any CPU
		{10F5C27C-8845-4A5C-9295-120A52F0B214}.Release|x64.Build.0 = Release|Any CPU
		{10F5C27C-8845-4A5C-9295-120A52F0B214}.Release|x86.ActiveCfg = Release|Any CPU
		{10F5C27C-8845-4A5C-9295-120A52F0B214}.Release|x86.Build.0 = Release|Any CPU
		{732A99BD-8251-4CBC-AA0B-B6EA838EBA84}.Debug|Any CPU.ActiveCfg = Debug|Any CPU
		{732A99BD-8251-4CBC-AA0B-B6EA838EBA84}.Debug|Any CPU.Build.0 = Debug|Any CPU
		{732A99BD-8251-4CBC-AA0B-B6EA838EBA84}.Debug|x64.ActiveCfg = Debug|Any CPU
		{732A99BD-8251-4CBC-AA0B-B6EA838EBA84}.Debug|x64.Build.0 = Debug|Any CPU
		{732A99BD-8251-4CBC-AA0B-B6EA838EBA84}.Debug|x86.ActiveCfg = Debug|Any CPU
		{732A99BD-8251-4CBC-AA0B-B6EA838EBA84}.Debug|x86.Build.0 = Debug|Any CPU
		{732A99BD-8251-4CBC-AA0B-B6EA838EBA84}.Release|Any CPU.ActiveCfg = Release|Any CPU
		{732A99BD-8251-4CBC-AA0B-B6EA838EBA84}.Release|Any CPU.Build.0 = Release|Any CPU
		{732A99BD-8251-4CBC-AA0B-B6EA838EBA84}.Release|x64.ActiveCfg = Release|Any CPU
		{732A99BD-8251-4CBC-AA0B-B6EA838EBA84}.Release|x64.Build.0 = Release|Any CPU
		{732A99BD-8251-4CBC-AA0B-B6EA838EBA84}.Release|x86.ActiveCfg = Release|Any CPU
		{732A99BD-8251-4CBC-AA0B-B6EA838EBA84}.Release|x86.Build.0 = Release|Any CPU
	EndGlobalSection
	GlobalSection(SolutionProperties) = preSolution
		HideSolutionNode = FALSE
	EndGlobalSection
	GlobalSection(NestedProjects) = preSolution
		{E7FD0F2D-A4AF-4293-BBD9-C95D4AF3E7FA} = {827E0CD3-B72D-47B6-A68D-7590B98EB39B}
		{D7B42C9C-A9A3-4B95-83B1-DB36A8104F83} = {827E0CD3-B72D-47B6-A68D-7590B98EB39B}
		{1F24A2BF-723E-49FF-8FB9-7C27DF934BC3} = {827E0CD3-B72D-47B6-A68D-7590B98EB39B}
		{2CBF533F-B0DC-432B-812D-F54C5F67FDA0} = {827E0CD3-B72D-47B6-A68D-7590B98EB39B}
		{255EDA0C-12C5-4D23-A8CB-8CC9DC024BB9} = {0AB3BF05-4346-4AA6-1389-037BE0695223}
		{3CE9F647-FB1C-4725-AB9B-8C7F6DE932C8} = {0AB3BF05-4346-4AA6-1389-037BE0695223}
		{16F17D5E-46BF-4A79-AF18-545DBD3EE272} = {0AB3BF05-4346-4AA6-1389-037BE0695223}
		{E7DF775D-BA30-4A7E-8239-216E491CBC07} = {0AB3BF05-4346-4AA6-1389-037BE0695223}
		{399DD99E-F5BF-41BB-BEF5-A6A4401CF00C} = {07C2787E-EAC7-C090-1BA3-A61EC2A24D84}
		{C4363CE2-5C7F-4124-BD82-46FD89512750} = {0AB3BF05-4346-4AA6-1389-037BE0695223}
		{ABD47991-237D-4976-9A93-F282689901F8} = {0AB3BF05-4346-4AA6-1389-037BE0695223}
		{D6A5C120-2AA4-4576-902A-33B52FA15328} = {0AB3BF05-4346-4AA6-1389-037BE0695223}
		{C785C005-2A52-4D84-AAFF-0C9D5D8EC793} = {0AB3BF05-4346-4AA6-1389-037BE0695223}
		{FC153848-68F4-4794-8DD3-459267615312} = {0AB3BF05-4346-4AA6-1389-037BE0695223}
		{902E1C40-5C79-4035-92AC-57DB7DDCC7E4} = {0AB3BF05-4346-4AA6-1389-037BE0695223}
		{30C996D6-60BA-4399-96AA-73541265E4DB} = {0AB3BF05-4346-4AA6-1389-037BE0695223}
		{852AE5F7-EE98-47FB-AFF6-D88809ED0675} = {0AB3BF05-4346-4AA6-1389-037BE0695223}
		{10F5C27C-8845-4A5C-9295-120A52F0B214} = {0AB3BF05-4346-4AA6-1389-037BE0695223}
		{732A99BD-8251-4CBC-AA0B-B6EA838EBA84} = {827E0CD3-B72D-47B6-A68D-7590B98EB39B}
	EndGlobalSection
EndGlobal
